{
  "format_version": "1.2",
  "terraform_version": "1.5.7",
  "variables": {
    "account": {
      "value": "633800640196"
    },
    "amis": {
      "value": {
        "us-east-1": "ami-05fa00d4c63e32376",
        "us-east-2": "ami-0568773882d492fc8"
      }
    },
    "autoscale_desired": {
      "value": "2"
    },
    "autoscale_max": {
      "value": "2"
    },
    "autoscale_min": {
      "value": "2"
    },
    "availability_zones": {
      "value": [
        "us-east-2a",
        "us-east-2b",
        "us-east-2c"
      ]
    },
    "aws_key": {
      "value": "ASIAZHELWI3CBQATRZHM"
    },
    "aws_secret": {
      "value": "sX8OLBypjmD9ApnM0FftMW8rKFiKMSFDuZV7NYqr"
    },
    "ec2_instance_name": {
      "value": "terraform-lab"
    },
    "health_check_path": {
      "value": "/"
    },
    "instance_type": {
      "value": "t2.micro"
    },
    "private_subnet_1_cidr": {
      "value": "10.0.3.0/24"
    },
    "private_subnet_2_cidr": {
      "value": "10.0.4.0/24"
    },
    "public_subnet_1_cidr": {
      "value": "10.0.1.0/24"
    },
    "public_subnet_2_cidr": {
      "value": "10.0.2.0/24"
    },
    "region": {
      "value": "us-east-2"
    },
    "ssh_pubkey_file": {
      "value": "~/.ssh/aws/aws_key.pub"
    },
    "vpc_cidr": {
      "value": "10.0.0.0/16"
    }
  },
  "planned_values": {
    "outputs": {
      "alb_dns": {
        "sensitive": false
      },
      "alb_zone": {
        "sensitive": false
      }
    },
    "root_module": {
      "resources": [
        {
          "address": "aws_alb_listener.ec2-alb-http-listener",
          "mode": "managed",
          "type": "aws_alb_listener",
          "name": "ec2-alb-http-listener",
          "provider_name": "registry.terraform.io/hashicorp/aws",
          "schema_version": 0,
          "values": {
            "alpn_policy": null,
            "certificate_arn": null,
            "default_action": [
              {
                "authenticate_cognito": [],
                "authenticate_oidc": [],
                "fixed_response": [],
                "forward": [],
                "redirect": [],
                "type": "forward"
              }
            ],
            "port": 80,
            "protocol": "HTTP",
            "tags": null,
            "timeouts": null
          },
          "sensitive_values": {
            "default_action": [
              {
                "authenticate_cognito": [],
                "authenticate_oidc": [],
                "fixed_response": [],
                "forward": [],
                "redirect": []
              }
            ],
            "mutual_authentication": [],
            "tags_all": {}
          }
        },
        {
          "address": "aws_alb_target_group.default-target-group",
          "mode": "managed",
          "type": "aws_alb_target_group",
          "name": "default-target-group",
          "provider_name": "registry.terraform.io/hashicorp/aws",
          "schema_version": 0,
          "values": {
            "deregistration_delay": "300",
            "health_check": [
              {
                "enabled": true,
                "healthy_threshold": 5,
                "interval": 60,
                "matcher": "200",
                "path": "/",
                "port": "traffic-port",
                "protocol": "HTTP",
                "timeout": 2,
                "unhealthy_threshold": 2
              }
            ],
            "lambda_multi_value_headers_enabled": false,
            "name": "terraform-lab-tg",
            "port": 80,
            "protocol": "HTTP",
            "proxy_protocol_v2": false,
            "slow_start": 0,
            "tags": null,
            "target_type": "instance",
            "vpc_id": "vpc-071096b5a46adb53f"
          },
          "sensitive_values": {
            "health_check": [
              {}
            ],
            "load_balancer_arns": [],
            "stickiness": [],
            "tags_all": {},
            "target_failover": [],
            "target_group_health": [],
            "target_health_state": []
          }
        },
        {
          "address": "aws_autoscaling_attachment.asg_attachment_bar",
          "mode": "managed",
          "type": "aws_autoscaling_attachment",
          "name": "asg_attachment_bar",
          "provider_name": "registry.terraform.io/hashicorp/aws",
          "schema_version": 0,
          "values": {
            "elb": null
          },
          "sensitive_values": {}
        },
        {
          "address": "aws_autoscaling_group.ec2-cluster",
          "mode": "managed",
          "type": "aws_autoscaling_group",
          "name": "ec2-cluster",
          "provider_name": "registry.terraform.io/hashicorp/aws",
          "schema_version": 1,
          "values": {
            "capacity_rebalance": null,
            "context": null,
            "default_instance_warmup": null,
            "desired_capacity": 2,
            "desired_capacity_type": null,
            "enabled_metrics": null,
            "force_delete": false,
            "force_delete_warm_pool": false,
            "health_check_grace_period": 300,
            "health_check_type": "EC2",
            "ignore_failed_scaling_activities": false,
            "initial_lifecycle_hook": [],
            "instance_maintenance_policy": [],
            "instance_refresh": [],
            "max_instance_lifetime": null,
            "max_size": 2,
            "metrics_granularity": "1Minute",
            "min_elb_capacity": null,
            "min_size": 2,
            "name": "terraform-lab_auto_scaling_group",
            "placement_group": null,
            "protect_from_scale_in": false,
            "suspended_processes": null,
            "tag": [],
            "termination_policies": null,
            "timeouts": null,
            "wait_for_capacity_timeout": "10m",
            "wait_for_elb_capacity": null,
            "warm_pool": []
          },
          "sensitive_values": {
            "availability_zones": [],
            "initial_lifecycle_hook": [],
            "instance_maintenance_policy": [],
            "instance_refresh": [],
            "launch_template": [],
            "load_balancers": [],
            "mixed_instances_policy": [],
            "tag": [],
            "target_group_arns": [],
            "traffic_source": [],
            "vpc_zone_identifier": [],
            "warm_pool": []
          }
        },
        {
          "address": "aws_eip.nat_gateway",
          "mode": "managed",
          "type": "aws_eip",
          "name": "nat_gateway",
          "provider_name": "registry.terraform.io/hashicorp/aws",
          "schema_version": 0,
          "values": {
            "address": null,
            "associate_with_private_ip": "10.0.0.5",
            "customer_owned_ipv4_pool": null,
            "domain": "vpc",
            "tags": null,
            "timeouts": null
          },
          "sensitive_values": {
            "tags_all": {}
          }
        },
        {
          "address": "aws_iam_instance_profile.session-manager",
          "mode": "managed",
          "type": "aws_iam_instance_profile",
          "name": "session-manager",
          "provider_name": "registry.terraform.io/hashicorp/aws",
          "schema_version": 0,
          "values": {
            "name": "session-manager",
            "path": "/",
            "role": "session-manager",
            "tags": null
          },
          "sensitive_values": {
            "tags_all": {}
          }
        },
        {
          "address": "aws_iam_policy.session-manager",
          "mode": "managed",
          "type": "aws_iam_policy",
          "name": "session-manager",
          "provider_name": "registry.terraform.io/hashicorp/aws",
          "schema_version": 0,
          "values": {
            "description": "session-manager",
            "name": "session-manager",
            "path": "/",
            "policy": "{\"Statement\":[{\"Action\":\"ec2:*\",\"Effect\":\"Allow\",\"Resource\":\"*\"},{\"Action\":\"elasticloadbalancing:*\",\"Effect\":\"Allow\",\"Resource\":\"*\"},{\"Action\":\"cloudwatch:*\",\"Effect\":\"Allow\",\"Resource\":\"*\"},{\"Action\":\"autoscaling:*\",\"Effect\":\"Allow\",\"Resource\":\"*\"},{\"Action\":\"iam:CreateServiceLinkedRole\",\"Condition\":{\"StringEquals\":{\"iam:AWSServiceName\":[\"autoscaling.amazonaws.com\",\"ec2scheduled.amazonaws.com\",\"elasticloadbalancing.amazonaws.com\",\"spot.amazonaws.com\",\"spotfleet.amazonaws.com\",\"transitgateway.amazonaws.com\"]}},\"Effect\":\"Allow\",\"Resource\":\"*\"}],\"Version\":\"2012-10-17\"}",
            "tags": null
          },
          "sensitive_values": {
            "tags_all": {}
          }
        },
        {
          "address": "aws_iam_role.session-manager",
          "mode": "managed",
          "type": "aws_iam_role",
          "name": "session-manager",
          "provider_name": "registry.terraform.io/hashicorp/aws",
          "schema_version": 0,
          "values": {
            "assume_role_policy": "{\"Statement\":[{\"Action\":\"sts:AssumeRole\",\"Effect\":\"Allow\",\"Principal\":{\"Service\":\"ec2.amazonaws.com\"}}],\"Version\":\"2012-10-17\"}",
            "description": null,
            "force_detach_policies": false,
            "max_session_duration": 3600,
            "name": "session-manager",
            "path": "/",
            "permissions_boundary": null,
            "tags": {
              "Name": "session-manager"
            },
            "tags_all": {
              "Name": "session-manager"
            }
          },
          "sensitive_values": {
            "inline_policy": [],
            "managed_policy_arns": [],
            "tags": {},
            "tags_all": {}
          }
        },
        {
          "address": "aws_instance.bastion",
          "mode": "managed",
          "type": "aws_instance",
          "name": "bastion",
          "provider_name": "registry.terraform.io/hashicorp/aws",
          "schema_version": 1,
          "values": {
            "ami": "ami-0568773882d492fc8",
            "associate_public_ip_address": true,
            "credit_specification": [],
            "get_password_data": false,
            "hibernation": null,
            "instance_type": "t2.micro",
            "key_name": "terraform-lab_key_pair",
            "launch_template": [],
            "security_groups": [
              "sg-097c5e722c0dcf4b9"
            ],
            "source_dest_check": true,
            "tags": {
              "Name": "Bastion"
            },
            "tags_all": {
              "Name": "Bastion"
            },
            "timeouts": null,
            "user_data_replace_on_change": true,
            "volume_tags": null
          },
          "sensitive_values": {
            "capacity_reservation_specification": [],
            "cpu_options": [],
            "credit_specification": [],
            "ebs_block_device": [],
            "enclave_options": [],
            "ephemeral_block_device": [],
            "instance_market_options": [],
            "ipv6_addresses": [],
            "launch_template": [],
            "maintenance_options": [],
            "metadata_options": [],
            "network_interface": [],
            "private_dns_name_options": [],
            "root_block_device": [],
            "secondary_private_ips": [],
            "security_groups": [
              false
            ],
            "tags": {},
            "tags_all": {},
            "vpc_security_group_ids": []
          }
        },
        {
          "address": "aws_internet_gateway.terraform-lab-igw",
          "mode": "managed",
          "type": "aws_internet_gateway",
          "name": "terraform-lab-igw",
          "provider_name": "registry.terraform.io/hashicorp/aws",
          "schema_version": 0,
          "values": {
            "tags": {
              "Name": "terraform-lab-igw"
            },
            "tags_all": {
              "Name": "terraform-lab-igw"
            },
            "timeouts": null,
            "vpc_id": "vpc-071096b5a46adb53f"
          },
          "sensitive_values": {
            "tags": {},
            "tags_all": {}
          }
        },
        {
          "address": "aws_key_pair.terraform-lab",
          "mode": "managed",
          "type": "aws_key_pair",
          "name": "terraform-lab",
          "provider_name": "registry.terraform.io/hashicorp/aws",
          "schema_version": 1,
          "values": {
            "key_name": "terraform-lab_key_pair",
            "public_key": "ssh-rsa AAAAB3NzaC1yc2EAAAADAQABAAACAQC0/xGzPohhw8khG8IvMMnSjMT5WnVEWs6GjU/heza1NyR2O8xYvztuHlZVEXzLie3jdgDHD8qKBIjpw4WsGIJyujW5AY2OXDHpgC0GWeeDz5M1jTl6w9rLNQrukr0v/lMCXTyeOE3xNkQRZOpr4nRF1nBG0VjCpQNl+PmhvjmXQ1JNfnXn4d3aJlKPqwhJVJOXgvxj6kMiVc7B5PyjrmdEt7ZT0KNmrYkKQ6bldrEe3sDQGlTdsUSXDk/8Xe30aYCJZm+SZHHUX+SKD4a0SYJd3zTkhlNncK8VJh20gUxWxCuMg6ySQGqfVqhE5KxbOwU7DSuFv3N7L1PodfcUbRbEAUWHhk1s9OZdgA4aF8MSfnhAcDshFrY/OnGeDX2F3O4YpDhb1x48b7jQNAtMEh53XapI3kVVrkhy0WDLzJcZAhXAgP4TF7OgdsswSNpdqudOQS/d6PABLhAJaSrmkwxhKTeJHp3yUNC9ZClElHMagQRcVzxHbDYqOjEU08hHvwIjzPhctiTayHtmDO+KH7ppHNfIfPagIlKQ0nTv8mdl1YUwOZ8a1i1jQcjhcJjKvlyNYYDyPwLE9JdiptUH/v1Z/S/RnRY+IdU2l7tsKZ45IbDs9D7RvtmBPMfA1wR/BJh6Jb6ra3PQ+7/Fp+Aj5QTcrg1Xp1f2y9sfqgqy3kakaw== your_email@example.com",
            "tags": null
          },
          "sensitive_values": {
            "tags_all": {}
          }
        },
        {
          "address": "aws_launch_configuration.ec2",
          "mode": "managed",
          "type": "aws_launch_configuration",
          "name": "ec2",
          "provider_name": "registry.terraform.io/hashicorp/aws",
          "schema_version": 0,
          "values": {
            "associate_public_ip_address": false,
            "enable_monitoring": true,
            "ephemeral_block_device": [],
            "image_id": "ami-0568773882d492fc8",
            "instance_type": "t2.micro",
            "key_name": "terraform-lab_key_pair",
            "name_prefix": "terraform-lab-instances-lc",
            "placement_tenancy": null,
            "security_groups": [
              "sg-097c5e722c0dcf4b9"
            ],
            "spot_price": null,
            "user_data": "c7b7dac9983832a1dfcecaa248d5fcf4e4df923b",
            "user_data_base64": null
          },
          "sensitive_values": {
            "ebs_block_device": [],
            "ephemeral_block_device": [],
            "metadata_options": [],
            "root_block_device": [],
            "security_groups": [
              false
            ]
          }
        },
        {
          "address": "aws_lb.development",
          "mode": "managed",
          "type": "aws_lb",
          "name": "development",
          "provider_name": "registry.terraform.io/hashicorp/aws",
          "schema_version": 0,
          "values": {
            "access_logs": [],
            "client_keep_alive": 3600,
            "connection_logs": [],
            "customer_owned_ipv4_pool": null,
            "desync_mitigation_mode": "defensive",
            "dns_record_client_routing_policy": null,
            "drop_invalid_header_fields": false,
            "enable_cross_zone_load_balancing": null,
            "enable_deletion_protection": false,
            "enable_http2": true,
            "enable_tls_version_and_cipher_suite_headers": false,
            "enable_waf_fail_open": false,
            "enable_xff_client_port": false,
            "idle_timeout": 60,
            "internal": false,
            "load_balancer_type": "application",
            "name": "terraform-lab-alb",
            "preserve_host_header": false,
            "security_groups": [
              "sg-03d62a43eaf3b37fd"
            ],
            "tags": null,
            "timeouts": null,
            "xff_header_processing_mode": "append"
          },
          "sensitive_values": {
            "access_logs": [],
            "connection_logs": [],
            "security_groups": [
              false
            ],
            "subnet_mapping": [],
            "subnets": [],
            "tags_all": {}
          }
        },
        {
          "address": "aws_nat_gateway.terraform-lab-ngw",
          "mode": "managed",
          "type": "aws_nat_gateway",
          "name": "terraform-lab-ngw",
          "provider_name": "registry.terraform.io/hashicorp/aws",
          "schema_version": 0,
          "values": {
            "connectivity_type": "public",
            "secondary_allocation_ids": null,
            "tags": {
              "Name": "terraform-lab-ngw"
            },
            "tags_all": {
              "Name": "terraform-lab-ngw"
            },
            "timeouts": null
          },
          "sensitive_values": {
            "secondary_private_ip_addresses": [],
            "tags": {},
            "tags_all": {}
          }
        },
        {
          "address": "aws_route.nat-ngw-route",
          "mode": "managed",
          "type": "aws_route",
          "name": "nat-ngw-route",
          "provider_name": "registry.terraform.io/hashicorp/aws",
          "schema_version": 0,
          "values": {
            "carrier_gateway_id": null,
            "core_network_arn": null,
            "destination_cidr_block": "0.0.0.0/0",
            "destination_ipv6_cidr_block": null,
            "destination_prefix_list_id": null,
            "egress_only_gateway_id": null,
            "gateway_id": null,
            "local_gateway_id": null,
            "timeouts": null,
            "transit_gateway_id": null,
            "vpc_endpoint_id": null,
            "vpc_peering_connection_id": null
          },
          "sensitive_values": {}
        },
        {
          "address": "aws_route.public-internet-igw-route",
          "mode": "managed",
          "type": "aws_route",
          "name": "public-internet-igw-route",
          "provider_name": "registry.terraform.io/hashicorp/aws",
          "schema_version": 0,
          "values": {
            "carrier_gateway_id": null,
            "core_network_arn": null,
            "destination_cidr_block": "0.0.0.0/0",
            "destination_ipv6_cidr_block": null,
            "destination_prefix_list_id": null,
            "egress_only_gateway_id": null,
            "local_gateway_id": null,
            "nat_gateway_id": null,
            "timeouts": null,
            "transit_gateway_id": null,
            "vpc_endpoint_id": null,
            "vpc_peering_connection_id": null
          },
          "sensitive_values": {}
        },
        {
          "address": "aws_route_table.private-route-table",
          "mode": "managed",
          "type": "aws_route_table",
          "name": "private-route-table",
          "provider_name": "registry.terraform.io/hashicorp/aws",
          "schema_version": 0,
          "values": {
            "tags": {
              "Name": "private-terraform-lab-route-table"
            },
            "tags_all": {
              "Name": "private-terraform-lab-route-table"
            },
            "timeouts": null,
            "vpc_id": "vpc-071096b5a46adb53f"
          },
          "sensitive_values": {
            "propagating_vgws": [],
            "route": [],
            "tags": {},
            "tags_all": {}
          }
        },
        {
          "address": "aws_route_table.public-route-table",
          "mode": "managed",
          "type": "aws_route_table",
          "name": "public-route-table",
          "provider_name": "registry.terraform.io/hashicorp/aws",
          "schema_version": 0,
          "values": {
            "tags": {
              "Name": "public-terraform-lab-route-table"
            },
            "tags_all": {
              "Name": "public-terraform-lab-route-table"
            },
            "timeouts": null,
            "vpc_id": "vpc-071096b5a46adb53f"
          },
          "sensitive_values": {
            "propagating_vgws": [],
            "route": [],
            "tags": {},
            "tags_all": {}
          }
        },
        {
          "address": "aws_route_table_association.private-route-1-association",
          "mode": "managed",
          "type": "aws_route_table_association",
          "name": "private-route-1-association",
          "provider_name": "registry.terraform.io/hashicorp/aws",
          "schema_version": 0,
          "values": {
            "gateway_id": null,
            "subnet_id": "subnet-04f9bb269fd864edf",
            "timeouts": null
          },
          "sensitive_values": {}
        },
        {
          "address": "aws_route_table_association.private-route-2-association",
          "mode": "managed",
          "type": "aws_route_table_association",
          "name": "private-route-2-association",
          "provider_name": "registry.terraform.io/hashicorp/aws",
          "schema_version": 0,
          "values": {
            "gateway_id": null,
            "timeouts": null
          },
          "sensitive_values": {}
        },
        {
          "address": "aws_route_table_association.public-route-1-association",
          "mode": "managed",
          "type": "aws_route_table_association",
          "name": "public-route-1-association",
          "provider_name": "registry.terraform.io/hashicorp/aws",
          "schema_version": 0,
          "values": {
            "gateway_id": null,
            "timeouts": null
          },
          "sensitive_values": {}
        },
        {
          "address": "aws_route_table_association.public-route-2-association",
          "mode": "managed",
          "type": "aws_route_table_association",
          "name": "public-route-2-association",
          "provider_name": "registry.terraform.io/hashicorp/aws",
          "schema_version": 0,
          "values": {
            "gateway_id": null,
            "timeouts": null
          },
          "sensitive_values": {}
        },
        {
          "address": "aws_security_group.ec2",
          "mode": "managed",
          "type": "aws_security_group",
          "name": "ec2",
          "provider_name": "registry.terraform.io/hashicorp/aws",
          "schema_version": 1,
          "values": {
            "arn": "arn:aws:ec2:us-east-2:633800640196:security-group/sg-097c5e722c0dcf4b9",
            "description": "Allows inbound access from the ALB only",
            "egress": [
              {
                "cidr_blocks": [
                  "0.0.0.0/0"
                ],
                "description": "",
                "from_port": 0,
                "ipv6_cidr_blocks": [],
                "prefix_list_ids": [],
                "protocol": "-1",
                "security_groups": [],
                "self": false,
                "to_port": 0
              }
            ],
            "id": "sg-097c5e722c0dcf4b9",
            "ingress": [
              {
                "cidr_blocks": [
                  "0.0.0.0/0"
                ],
                "description": "",
                "from_port": 22,
                "ipv6_cidr_blocks": [],
                "prefix_list_ids": [],
                "protocol": "tcp",
                "security_groups": [],
                "self": false,
                "to_port": 22
              },
              {
                "cidr_blocks": [],
                "description": "",
                "from_port": 0,
                "ipv6_cidr_blocks": [],
                "prefix_list_ids": [],
                "protocol": "-1",
                "security_groups": [
                  "sg-03d62a43eaf3b37fd"
                ],
                "self": false,
                "to_port": 0
              }
            ],
            "name": "ec2_security_group",
            "name_prefix": "",
            "owner_id": "633800640196",
            "revoke_rules_on_delete": false,
            "tags": {},
            "tags_all": {},
            "timeouts": null,
            "vpc_id": "vpc-071096b5a46adb53f"
          },
          "sensitive_values": {
            "egress": [
              {
                "cidr_blocks": [
                  false
                ],
                "ipv6_cidr_blocks": [],
                "prefix_list_ids": [],
                "security_groups": []
              }
            ],
            "ingress": [
              {
                "cidr_blocks": [
                  false
                ],
                "ipv6_cidr_blocks": [],
                "prefix_list_ids": [],
                "security_groups": []
              },
              {
                "cidr_blocks": [],
                "ipv6_cidr_blocks": [],
                "prefix_list_ids": [],
                "security_groups": [
                  false
                ]
              }
            ],
            "tags": {},
            "tags_all": {}
          }
        },
        {
          "address": "aws_security_group.load-balancer",
          "mode": "managed",
          "type": "aws_security_group",
          "name": "load-balancer",
          "provider_name": "registry.terraform.io/hashicorp/aws",
          "schema_version": 1,
          "values": {
            "arn": "arn:aws:ec2:us-east-2:633800640196:security-group/sg-03d62a43eaf3b37fd",
            "description": "Controls access to the ALB",
            "egress": [
              {
                "cidr_blocks": [
                  "0.0.0.0/0"
                ],
                "description": "",
                "from_port": 0,
                "ipv6_cidr_blocks": [],
                "prefix_list_ids": [],
                "protocol": "-1",
                "security_groups": [],
                "self": false,
                "to_port": 0
              }
            ],
            "id": "sg-03d62a43eaf3b37fd",
            "ingress": [
              {
                "cidr_blocks": [
                  "0.0.0.0/0"
                ],
                "description": "",
                "from_port": 80,
                "ipv6_cidr_blocks": [],
                "prefix_list_ids": [],
                "protocol": "tcp",
                "security_groups": [],
                "self": false,
                "to_port": 80
              }
            ],
            "name": "load_balancer_security_group",
            "name_prefix": "",
            "owner_id": "633800640196",
            "revoke_rules_on_delete": false,
            "tags": {},
            "tags_all": {},
            "timeouts": null,
            "vpc_id": "vpc-071096b5a46adb53f"
          },
          "sensitive_values": {
            "egress": [
              {
                "cidr_blocks": [
                  false
                ],
                "ipv6_cidr_blocks": [],
                "prefix_list_ids": [],
                "security_groups": []
              }
            ],
            "ingress": [
              {
                "cidr_blocks": [
                  false
                ],
                "ipv6_cidr_blocks": [],
                "prefix_list_ids": [],
                "security_groups": []
              }
            ],
            "tags": {},
            "tags_all": {}
          }
        },
        {
          "address": "aws_subnet.private-subnet-1",
          "mode": "managed",
          "type": "aws_subnet",
          "name": "private-subnet-1",
          "provider_name": "registry.terraform.io/hashicorp/aws",
          "schema_version": 1,
          "values": {
            "arn": "arn:aws:ec2:us-east-2:633800640196:subnet/subnet-04f9bb269fd864edf",
            "assign_ipv6_address_on_creation": false,
            "availability_zone": "us-east-2a",
            "availability_zone_id": "use2-az1",
            "cidr_block": "10.0.3.0/24",
            "customer_owned_ipv4_pool": "",
            "enable_dns64": false,
            "enable_lni_at_device_index": 0,
            "enable_resource_name_dns_a_record_on_launch": false,
            "enable_resource_name_dns_aaaa_record_on_launch": false,
            "id": "subnet-04f9bb269fd864edf",
            "ipv6_cidr_block": "",
            "ipv6_cidr_block_association_id": "",
            "ipv6_native": false,
            "map_customer_owned_ip_on_launch": false,
            "map_public_ip_on_launch": false,
            "outpost_arn": "",
            "owner_id": "633800640196",
            "private_dns_hostname_type_on_launch": "ip-name",
            "tags": {
              "Name": "private-terraform-lab-subnet-1"
            },
            "tags_all": {
              "Name": "private-terraform-lab-subnet-1"
            },
            "timeouts": null,
            "vpc_id": "vpc-071096b5a46adb53f"
          },
          "sensitive_values": {
            "tags": {},
            "tags_all": {}
          }
        },
        {
          "address": "aws_subnet.private-subnet-2",
          "mode": "managed",
          "type": "aws_subnet",
          "name": "private-subnet-2",
          "provider_name": "registry.terraform.io/hashicorp/aws",
          "schema_version": 1,
          "values": {
            "assign_ipv6_address_on_creation": false,
            "availability_zone": "us-east-2b",
            "cidr_block": "10.0.4.0/24",
            "customer_owned_ipv4_pool": null,
            "enable_dns64": false,
            "enable_lni_at_device_index": null,
            "enable_resource_name_dns_a_record_on_launch": false,
            "enable_resource_name_dns_aaaa_record_on_launch": false,
            "ipv6_cidr_block": null,
            "ipv6_native": false,
            "map_customer_owned_ip_on_launch": null,
            "map_public_ip_on_launch": false,
            "outpost_arn": null,
            "tags": {
              "Name": "private-terraform-lab-subnet-2"
            },
            "tags_all": {
              "Name": "private-terraform-lab-subnet-2"
            },
            "timeouts": null,
            "vpc_id": "vpc-071096b5a46adb53f"
          },
          "sensitive_values": {
            "tags": {},
            "tags_all": {}
          }
        },
        {
          "address": "aws_subnet.public-subnet-1",
          "mode": "managed",
          "type": "aws_subnet",
          "name": "public-subnet-1",
          "provider_name": "registry.terraform.io/hashicorp/aws",
          "schema_version": 1,
          "values": {
            "assign_ipv6_address_on_creation": false,
            "availability_zone": "us-east-2a",
            "cidr_block": "10.0.1.0/24",
            "customer_owned_ipv4_pool": null,
            "enable_dns64": false,
            "enable_lni_at_device_index": null,
            "enable_resource_name_dns_a_record_on_launch": false,
            "enable_resource_name_dns_aaaa_record_on_launch": false,
            "ipv6_cidr_block": null,
            "ipv6_native": false,
            "map_customer_owned_ip_on_launch": null,
            "map_public_ip_on_launch": false,
            "outpost_arn": null,
            "tags": {
              "Name": "public-terraform-lab-subnet-1"
            },
            "tags_all": {
              "Name": "public-terraform-lab-subnet-1"
            },
            "timeouts": null,
            "vpc_id": "vpc-071096b5a46adb53f"
          },
          "sensitive_values": {
            "tags": {},
            "tags_all": {}
          }
        },
        {
          "address": "aws_subnet.public-subnet-2",
          "mode": "managed",
          "type": "aws_subnet",
          "name": "public-subnet-2",
          "provider_name": "registry.terraform.io/hashicorp/aws",
          "schema_version": 1,
          "values": {
            "assign_ipv6_address_on_creation": false,
            "availability_zone": "us-east-2b",
            "cidr_block": "10.0.2.0/24",
            "customer_owned_ipv4_pool": null,
            "enable_dns64": false,
            "enable_lni_at_device_index": null,
            "enable_resource_name_dns_a_record_on_launch": false,
            "enable_resource_name_dns_aaaa_record_on_launch": false,
            "ipv6_cidr_block": null,
            "ipv6_native": false,
            "map_customer_owned_ip_on_launch": null,
            "map_public_ip_on_launch": false,
            "outpost_arn": null,
            "tags": {
              "Name": "public-terraform-lab-subnet-2"
            },
            "tags_all": {
              "Name": "public-terraform-lab-subnet-2"
            },
            "timeouts": null,
            "vpc_id": "vpc-071096b5a46adb53f"
          },
          "sensitive_values": {
            "tags": {},
            "tags_all": {}
          }
        },
        {
          "address": "aws_vpc.terraform-lab-vpc",
          "mode": "managed",
          "type": "aws_vpc",
          "name": "terraform-lab-vpc",
          "provider_name": "registry.terraform.io/hashicorp/aws",
          "schema_version": 1,
          "values": {
            "arn": "arn:aws:ec2:us-east-2:633800640196:vpc/vpc-071096b5a46adb53f",
            "assign_generated_ipv6_cidr_block": false,
            "cidr_block": "10.0.0.0/16",
            "default_network_acl_id": "acl-0cf034a071db23f3f",
            "default_route_table_id": "rtb-03bd4132e0b40be89",
            "default_security_group_id": "sg-0df22232c18efc12a",
            "dhcp_options_id": "dopt-0ceb8b66f947a9a79",
            "enable_dns_hostnames": true,
            "enable_dns_support": true,
            "enable_network_address_usage_metrics": false,
            "id": "vpc-071096b5a46adb53f",
            "instance_tenancy": "default",
            "ipv4_ipam_pool_id": null,
            "ipv4_netmask_length": null,
            "ipv6_association_id": "",
            "ipv6_cidr_block": "",
            "ipv6_cidr_block_network_border_group": "",
            "ipv6_ipam_pool_id": "",
            "ipv6_netmask_length": 0,
            "main_route_table_id": "rtb-03bd4132e0b40be89",
            "owner_id": "633800640196",
            "tags": {
              "Name": "terraform-lab-vpc"
            },
            "tags_all": {
              "Name": "terraform-lab-vpc"
            }
          },
          "sensitive_values": {
            "tags": {},
            "tags_all": {}
          }
        }
      ]
    }
  },
  "resource_changes": [
    {
      "address": "aws_alb_listener.ec2-alb-http-listener",
      "mode": "managed",
      "type": "aws_alb_listener",
      "name": "ec2-alb-http-listener",
      "provider_name": "registry.terraform.io/hashicorp/aws",
      "change": {
        "actions": [
          "create"
        ],
        "before": null,
        "after": {
          "alpn_policy": null,
          "certificate_arn": null,
          "default_action": [
            {
              "authenticate_cognito": [],
              "authenticate_oidc": [],
              "fixed_response": [],
              "forward": [],
              "redirect": [],
              "type": "forward"
            }
          ],
          "port": 80,
          "protocol": "HTTP",
          "tags": null,
          "timeouts": null
        },
        "after_unknown": {
          "arn": true,
          "default_action": [
            {
              "authenticate_cognito": [],
              "authenticate_oidc": [],
              "fixed_response": [],
              "forward": [],
              "order": true,
              "redirect": [],
              "target_group_arn": true
            }
          ],
          "id": true,
          "load_balancer_arn": true,
          "mutual_authentication": true,
          "ssl_policy": true,
          "tags_all": true
        },
        "before_sensitive": false,
        "after_sensitive": {
          "default_action": [
            {
              "authenticate_cognito": [],
              "authenticate_oidc": [],
              "fixed_response": [],
              "forward": [],
              "redirect": []
            }
          ],
          "mutual_authentication": [],
          "tags_all": {}
        }
      }
    },
    {
      "address": "aws_alb_target_group.default-target-group",
      "mode": "managed",
      "type": "aws_alb_target_group",
      "name": "default-target-group",
      "provider_name": "registry.terraform.io/hashicorp/aws",
      "change": {
        "actions": [
          "create"
        ],
        "before": null,
        "after": {
          "deregistration_delay": "300",
          "health_check": [
            {
              "enabled": true,
              "healthy_threshold": 5,
              "interval": 60,
              "matcher": "200",
              "path": "/",
              "port": "traffic-port",
              "protocol": "HTTP",
              "timeout": 2,
              "unhealthy_threshold": 2
            }
          ],
          "lambda_multi_value_headers_enabled": false,
          "name": "terraform-lab-tg",
          "port": 80,
          "protocol": "HTTP",
          "proxy_protocol_v2": false,
          "slow_start": 0,
          "tags": null,
          "target_type": "instance",
          "vpc_id": "vpc-071096b5a46adb53f"
        },
        "after_unknown": {
          "arn": true,
          "arn_suffix": true,
          "connection_termination": true,
          "health_check": [
            {}
          ],
          "id": true,
          "ip_address_type": true,
          "load_balancer_arns": true,
          "load_balancing_algorithm_type": true,
          "load_balancing_anomaly_mitigation": true,
          "load_balancing_cross_zone_enabled": true,
          "name_prefix": true,
          "preserve_client_ip": true,
          "protocol_version": true,
          "stickiness": true,
          "tags_all": true,
          "target_failover": true,
          "target_group_health": true,
          "target_health_state": true
        },
        "before_sensitive": false,
        "after_sensitive": {
          "health_check": [
            {}
          ],
          "load_balancer_arns": [],
          "stickiness": [],
          "tags_all": {},
          "target_failover": [],
          "target_group_health": [],
          "target_health_state": []
        }
      }
    },
    {
      "address": "aws_autoscaling_attachment.asg_attachment_bar",
      "mode": "managed",
      "type": "aws_autoscaling_attachment",
      "name": "asg_attachment_bar",
      "provider_name": "registry.terraform.io/hashicorp/aws",
      "change": {
        "actions": [
          "create"
        ],
        "before": null,
        "after": {
          "elb": null
        },
        "after_unknown": {
          "autoscaling_group_name": true,
          "id": true,
          "lb_target_group_arn": true
        },
        "before_sensitive": false,
        "after_sensitive": {}
      }
    },
    {
      "address": "aws_autoscaling_group.ec2-cluster",
      "mode": "managed",
      "type": "aws_autoscaling_group",
      "name": "ec2-cluster",
      "provider_name": "registry.terraform.io/hashicorp/aws",
      "change": {
        "actions": [
          "create"
        ],
        "before": null,
        "after": {
          "capacity_rebalance": null,
          "context": null,
          "default_instance_warmup": null,
          "desired_capacity": 2,
          "desired_capacity_type": null,
          "enabled_metrics": null,
          "force_delete": false,
          "force_delete_warm_pool": false,
          "health_check_grace_period": 300,
          "health_check_type": "EC2",
          "ignore_failed_scaling_activities": false,
          "initial_lifecycle_hook": [],
          "instance_maintenance_policy": [],
          "instance_refresh": [],
          "max_instance_lifetime": null,
          "max_size": 2,
          "metrics_granularity": "1Minute",
          "min_elb_capacity": null,
          "min_size": 2,
          "name": "terraform-lab_auto_scaling_group",
          "placement_group": null,
          "protect_from_scale_in": false,
          "suspended_processes": null,
          "tag": [],
          "termination_policies": null,
          "timeouts": null,
          "wait_for_capacity_timeout": "10m",
          "wait_for_elb_capacity": null,
          "warm_pool": []
        },
        "after_unknown": {
          "arn": true,
          "availability_zones": true,
          "default_cooldown": true,
          "id": true,
          "initial_lifecycle_hook": [],
          "instance_maintenance_policy": [],
          "instance_refresh": [],
          "launch_configuration": true,
          "launch_template": true,
          "load_balancers": true,
          "mixed_instances_policy": true,
          "name_prefix": true,
          "predicted_capacity": true,
          "service_linked_role_arn": true,
          "tag": [],
          "target_group_arns": true,
          "traffic_source": true,
          "vpc_zone_identifier": true,
          "warm_pool": [],
          "warm_pool_size": true
        },
        "before_sensitive": false,
        "after_sensitive": {
          "availability_zones": [],
          "initial_lifecycle_hook": [],
          "instance_maintenance_policy": [],
          "instance_refresh": [],
          "launch_template": [],
          "load_balancers": [],
          "mixed_instances_policy": [],
          "tag": [],
          "target_group_arns": [],
          "traffic_source": [],
          "vpc_zone_identifier": [],
          "warm_pool": []
        }
      }
    },
    {
      "address": "aws_eip.nat_gateway",
      "mode": "managed",
      "type": "aws_eip",
      "name": "nat_gateway",
      "provider_name": "registry.terraform.io/hashicorp/aws",
      "change": {
        "actions": [
          "create"
        ],
        "before": null,
        "after": {
          "address": null,
          "associate_with_private_ip": "10.0.0.5",
          "customer_owned_ipv4_pool": null,
          "domain": "vpc",
          "tags": null,
          "timeouts": null
        },
        "after_unknown": {
          "allocation_id": true,
          "arn": true,
          "association_id": true,
          "carrier_ip": true,
          "customer_owned_ip": true,
          "id": true,
          "instance": true,
          "network_border_group": true,
          "network_interface": true,
          "private_dns": true,
          "private_ip": true,
          "ptr_record": true,
          "public_dns": true,
          "public_ip": true,
          "public_ipv4_pool": true,
          "tags_all": true,
          "vpc": true
        },
        "before_sensitive": false,
        "after_sensitive": {
          "tags_all": {}
        }
      }
    },
    {
      "address": "aws_iam_instance_profile.session-manager",
      "mode": "managed",
      "type": "aws_iam_instance_profile",
      "name": "session-manager",
      "provider_name": "registry.terraform.io/hashicorp/aws",
      "change": {
        "actions": [
          "create"
        ],
        "before": null,
        "after": {
          "name": "session-manager",
          "path": "/",
          "role": "session-manager",
          "tags": null
        },
        "after_unknown": {
          "arn": true,
          "create_date": true,
          "id": true,
          "name_prefix": true,
          "tags_all": true,
          "unique_id": true
        },
        "before_sensitive": false,
        "after_sensitive": {
          "tags_all": {}
        }
      }
    },
    {
      "address": "aws_iam_policy.session-manager",
      "mode": "managed",
      "type": "aws_iam_policy",
      "name": "session-manager",
      "provider_name": "registry.terraform.io/hashicorp/aws",
      "change": {
        "actions": [
          "create"
        ],
        "before": null,
        "after": {
          "description": "session-manager",
          "name": "session-manager",
          "path": "/",
          "policy": "{\"Statement\":[{\"Action\":\"ec2:*\",\"Effect\":\"Allow\",\"Resource\":\"*\"},{\"Action\":\"elasticloadbalancing:*\",\"Effect\":\"Allow\",\"Resource\":\"*\"},{\"Action\":\"cloudwatch:*\",\"Effect\":\"Allow\",\"Resource\":\"*\"},{\"Action\":\"autoscaling:*\",\"Effect\":\"Allow\",\"Resource\":\"*\"},{\"Action\":\"iam:CreateServiceLinkedRole\",\"Condition\":{\"StringEquals\":{\"iam:AWSServiceName\":[\"autoscaling.amazonaws.com\",\"ec2scheduled.amazonaws.com\",\"elasticloadbalancing.amazonaws.com\",\"spot.amazonaws.com\",\"spotfleet.amazonaws.com\",\"transitgateway.amazonaws.com\"]}},\"Effect\":\"Allow\",\"Resource\":\"*\"}],\"Version\":\"2012-10-17\"}",
          "tags": null
        },
        "after_unknown": {
          "arn": true,
          "attachment_count": true,
          "id": true,
          "name_prefix": true,
          "policy_id": true,
          "tags_all": true
        },
        "before_sensitive": false,
        "after_sensitive": {
          "tags_all": {}
        }
      }
    },
    {
      "address": "aws_iam_role.session-manager",
      "mode": "managed",
      "type": "aws_iam_role",
      "name": "session-manager",
      "provider_name": "registry.terraform.io/hashicorp/aws",
      "change": {
        "actions": [
          "create"
        ],
        "before": null,
        "after": {
          "assume_role_policy": "{\"Statement\":[{\"Action\":\"sts:AssumeRole\",\"Effect\":\"Allow\",\"Principal\":{\"Service\":\"ec2.amazonaws.com\"}}],\"Version\":\"2012-10-17\"}",
          "description": null,
          "force_detach_policies": false,
          "max_session_duration": 3600,
          "name": "session-manager",
          "path": "/",
          "permissions_boundary": null,
          "tags": {
            "Name": "session-manager"
          },
          "tags_all": {
            "Name": "session-manager"
          }
        },
        "after_unknown": {
          "arn": true,
          "create_date": true,
          "id": true,
          "inline_policy": true,
          "managed_policy_arns": true,
          "name_prefix": true,
          "tags": {},
          "tags_all": {},
          "unique_id": true
        },
        "before_sensitive": false,
        "after_sensitive": {
          "inline_policy": [],
          "managed_policy_arns": [],
          "tags": {},
          "tags_all": {}
        }
      }
    },
    {
      "address": "aws_instance.bastion",
      "mode": "managed",
      "type": "aws_instance",
      "name": "bastion",
      "provider_name": "registry.terraform.io/hashicorp/aws",
      "change": {
        "actions": [
          "create"
        ],
        "before": null,
        "after": {
          "ami": "ami-0568773882d492fc8",
          "associate_public_ip_address": true,
          "credit_specification": [],
          "get_password_data": false,
          "hibernation": null,
          "instance_type": "t2.micro",
          "key_name": "terraform-lab_key_pair",
          "launch_template": [],
          "security_groups": [
            "sg-097c5e722c0dcf4b9"
          ],
          "source_dest_check": true,
          "tags": {
            "Name": "Bastion"
          },
          "tags_all": {
            "Name": "Bastion"
          },
          "timeouts": null,
          "user_data_replace_on_change": true,
          "volume_tags": null
        },
        "after_unknown": {
          "arn": true,
          "availability_zone": true,
          "capacity_reservation_specification": true,
          "cpu_core_count": true,
          "cpu_options": true,
          "cpu_threads_per_core": true,
          "credit_specification": [],
          "disable_api_stop": true,
          "disable_api_termination": true,
          "ebs_block_device": true,
          "ebs_optimized": true,
          "enclave_options": true,
          "ephemeral_block_device": true,
          "host_id": true,
          "host_resource_group_arn": true,
          "iam_instance_profile": true,
          "id": true,
          "instance_initiated_shutdown_behavior": true,
          "instance_lifecycle": true,
          "instance_market_options": true,
          "instance_state": true,
          "ipv6_address_count": true,
          "ipv6_addresses": true,
          "launch_template": [],
          "maintenance_options": true,
          "metadata_options": true,
          "monitoring": true,
          "network_interface": true,
          "outpost_arn": true,
          "password_data": true,
          "placement_group": true,
          "placement_partition_number": true,
          "primary_network_interface_id": true,
          "private_dns": true,
          "private_dns_name_options": true,
          "private_ip": true,
          "public_dns": true,
          "public_ip": true,
          "root_block_device": true,
          "secondary_private_ips": true,
          "security_groups": [
            false
          ],
          "spot_instance_request_id": true,
          "subnet_id": true,
          "tags": {},
          "tags_all": {},
          "tenancy": true,
          "user_data": true,
          "user_data_base64": true,
          "vpc_security_group_ids": true
        },
        "before_sensitive": false,
        "after_sensitive": {
          "capacity_reservation_specification": [],
          "cpu_options": [],
          "credit_specification": [],
          "ebs_block_device": [],
          "enclave_options": [],
          "ephemeral_block_device": [],
          "instance_market_options": [],
          "ipv6_addresses": [],
          "launch_template": [],
          "maintenance_options": [],
          "metadata_options": [],
          "network_interface": [],
          "private_dns_name_options": [],
          "root_block_device": [],
          "secondary_private_ips": [],
          "security_groups": [
            false
          ],
          "tags": {},
          "tags_all": {},
          "vpc_security_group_ids": []
        }
      }
    },
    {
      "address": "aws_internet_gateway.terraform-lab-igw",
      "mode": "managed",
      "type": "aws_internet_gateway",
      "name": "terraform-lab-igw",
      "provider_name": "registry.terraform.io/hashicorp/aws",
      "change": {
        "actions": [
          "create"
        ],
        "before": null,
        "after": {
          "tags": {
            "Name": "terraform-lab-igw"
          },
          "tags_all": {
            "Name": "terraform-lab-igw"
          },
          "timeouts": null,
          "vpc_id": "vpc-071096b5a46adb53f"
        },
        "after_unknown": {
          "arn": true,
          "id": true,
          "owner_id": true,
          "tags": {},
          "tags_all": {}
        },
        "before_sensitive": false,
        "after_sensitive": {
          "tags": {},
          "tags_all": {}
        }
      }
    },
    {
      "address": "aws_key_pair.terraform-lab",
      "mode": "managed",
      "type": "aws_key_pair",
      "name": "terraform-lab",
      "provider_name": "registry.terraform.io/hashicorp/aws",
      "change": {
        "actions": [
          "create"
        ],
        "before": null,
        "after": {
          "key_name": "terraform-lab_key_pair",
          "public_key": "ssh-rsa AAAAB3NzaC1yc2EAAAADAQABAAACAQC0/xGzPohhw8khG8IvMMnSjMT5WnVEWs6GjU/heza1NyR2O8xYvztuHlZVEXzLie3jdgDHD8qKBIjpw4WsGIJyujW5AY2OXDHpgC0GWeeDz5M1jTl6w9rLNQrukr0v/lMCXTyeOE3xNkQRZOpr4nRF1nBG0VjCpQNl+PmhvjmXQ1JNfnXn4d3aJlKPqwhJVJOXgvxj6kMiVc7B5PyjrmdEt7ZT0KNmrYkKQ6bldrEe3sDQGlTdsUSXDk/8Xe30aYCJZm+SZHHUX+SKD4a0SYJd3zTkhlNncK8VJh20gUxWxCuMg6ySQGqfVqhE5KxbOwU7DSuFv3N7L1PodfcUbRbEAUWHhk1s9OZdgA4aF8MSfnhAcDshFrY/OnGeDX2F3O4YpDhb1x48b7jQNAtMEh53XapI3kVVrkhy0WDLzJcZAhXAgP4TF7OgdsswSNpdqudOQS/d6PABLhAJaSrmkwxhKTeJHp3yUNC9ZClElHMagQRcVzxHbDYqOjEU08hHvwIjzPhctiTayHtmDO+KH7ppHNfIfPagIlKQ0nTv8mdl1YUwOZ8a1i1jQcjhcJjKvlyNYYDyPwLE9JdiptUH/v1Z/S/RnRY+IdU2l7tsKZ45IbDs9D7RvtmBPMfA1wR/BJh6Jb6ra3PQ+7/Fp+Aj5QTcrg1Xp1f2y9sfqgqy3kakaw== your_email@example.com",
          "tags": null
        },
        "after_unknown": {
          "arn": true,
          "fingerprint": true,
          "id": true,
          "key_name_prefix": true,
          "key_pair_id": true,
          "key_type": true,
          "tags_all": true
        },
        "before_sensitive": false,
        "after_sensitive": {
          "tags_all": {}
        }
      }
    },
    {
      "address": "aws_launch_configuration.ec2",
      "mode": "managed",
      "type": "aws_launch_configuration",
      "name": "ec2",
      "provider_name": "registry.terraform.io/hashicorp/aws",
      "change": {
        "actions": [
          "create"
        ],
        "before": null,
        "after": {
          "associate_public_ip_address": false,
          "enable_monitoring": true,
          "ephemeral_block_device": [],
          "image_id": "ami-0568773882d492fc8",
          "instance_type": "t2.micro",
          "key_name": "terraform-lab_key_pair",
          "name_prefix": "terraform-lab-instances-lc",
          "placement_tenancy": null,
          "security_groups": [
            "sg-097c5e722c0dcf4b9"
          ],
          "spot_price": null,
          "user_data": "c7b7dac9983832a1dfcecaa248d5fcf4e4df923b",
          "user_data_base64": null
        },
        "after_unknown": {
          "arn": true,
          "ebs_block_device": true,
          "ebs_optimized": true,
          "ephemeral_block_device": [],
          "iam_instance_profile": true,
          "id": true,
          "metadata_options": true,
          "name": true,
          "root_block_device": true,
          "security_groups": [
            false
          ]
        },
        "before_sensitive": false,
        "after_sensitive": {
          "ebs_block_device": [],
          "ephemeral_block_device": [],
          "metadata_options": [],
          "root_block_device": [],
          "security_groups": [
            false
          ]
        }
      }
    },
    {
      "address": "aws_lb.development",
      "mode": "managed",
      "type": "aws_lb",
      "name": "development",
      "provider_name": "registry.terraform.io/hashicorp/aws",
      "change": {
        "actions": [
          "create"
        ],
        "before": null,
        "after": {
          "access_logs": [],
          "client_keep_alive": 3600,
          "connection_logs": [],
          "customer_owned_ipv4_pool": null,
          "desync_mitigation_mode": "defensive",
          "dns_record_client_routing_policy": null,
          "drop_invalid_header_fields": false,
          "enable_cross_zone_load_balancing": null,
          "enable_deletion_protection": false,
          "enable_http2": true,
          "enable_tls_version_and_cipher_suite_headers": false,
          "enable_waf_fail_open": false,
          "enable_xff_client_port": false,
          "idle_timeout": 60,
          "internal": false,
          "load_balancer_type": "application",
          "name": "terraform-lab-alb",
          "preserve_host_header": false,
          "security_groups": [
            "sg-03d62a43eaf3b37fd"
          ],
          "tags": null,
          "timeouts": null,
          "xff_header_processing_mode": "append"
        },
        "after_unknown": {
          "access_logs": [],
          "arn": true,
          "arn_suffix": true,
          "connection_logs": [],
          "dns_name": true,
          "enforce_security_group_inbound_rules_on_private_link_traffic": true,
          "id": true,
          "ip_address_type": true,
          "name_prefix": true,
          "security_groups": [
            false
          ],
          "subnet_mapping": true,
          "subnets": true,
          "tags_all": true,
          "vpc_id": true,
          "zone_id": true
        },
        "before_sensitive": false,
        "after_sensitive": {
          "access_logs": [],
          "connection_logs": [],
          "security_groups": [
            false
          ],
          "subnet_mapping": [],
          "subnets": [],
          "tags_all": {}
        }
      }
    },
    {
      "address": "aws_nat_gateway.terraform-lab-ngw",
      "mode": "managed",
      "type": "aws_nat_gateway",
      "name": "terraform-lab-ngw",
      "provider_name": "registry.terraform.io/hashicorp/aws",
      "change": {
        "actions": [
          "create"
        ],
        "before": null,
        "after": {
          "connectivity_type": "public",
          "secondary_allocation_ids": null,
          "tags": {
            "Name": "terraform-lab-ngw"
          },
          "tags_all": {
            "Name": "terraform-lab-ngw"
          },
          "timeouts": null
        },
        "after_unknown": {
          "allocation_id": true,
          "association_id": true,
          "id": true,
          "network_interface_id": true,
          "private_ip": true,
          "public_ip": true,
          "secondary_private_ip_address_count": true,
          "secondary_private_ip_addresses": true,
          "subnet_id": true,
          "tags": {},
          "tags_all": {}
        },
        "before_sensitive": false,
        "after_sensitive": {
          "secondary_private_ip_addresses": [],
          "tags": {},
          "tags_all": {}
        }
      }
    },
    {
      "address": "aws_route.nat-ngw-route",
      "mode": "managed",
      "type": "aws_route",
      "name": "nat-ngw-route",
      "provider_name": "registry.terraform.io/hashicorp/aws",
      "change": {
        "actions": [
          "create"
        ],
        "before": null,
        "after": {
          "carrier_gateway_id": null,
          "core_network_arn": null,
          "destination_cidr_block": "0.0.0.0/0",
          "destination_ipv6_cidr_block": null,
          "destination_prefix_list_id": null,
          "egress_only_gateway_id": null,
          "gateway_id": null,
          "local_gateway_id": null,
          "timeouts": null,
          "transit_gateway_id": null,
          "vpc_endpoint_id": null,
          "vpc_peering_connection_id": null
        },
        "after_unknown": {
          "id": true,
          "instance_id": true,
          "instance_owner_id": true,
          "nat_gateway_id": true,
          "network_interface_id": true,
          "origin": true,
          "route_table_id": true,
          "state": true
        },
        "before_sensitive": false,
        "after_sensitive": {}
      }
    },
    {
      "address": "aws_route.public-internet-igw-route",
      "mode": "managed",
      "type": "aws_route",
      "name": "public-internet-igw-route",
      "provider_name": "registry.terraform.io/hashicorp/aws",
      "change": {
        "actions": [
          "create"
        ],
        "before": null,
        "after": {
          "carrier_gateway_id": null,
          "core_network_arn": null,
          "destination_cidr_block": "0.0.0.0/0",
          "destination_ipv6_cidr_block": null,
          "destination_prefix_list_id": null,
          "egress_only_gateway_id": null,
          "local_gateway_id": null,
          "nat_gateway_id": null,
          "timeouts": null,
          "transit_gateway_id": null,
          "vpc_endpoint_id": null,
          "vpc_peering_connection_id": null
        },
        "after_unknown": {
          "gateway_id": true,
          "id": true,
          "instance_id": true,
          "instance_owner_id": true,
          "network_interface_id": true,
          "origin": true,
          "route_table_id": true,
          "state": true
        },
        "before_sensitive": false,
        "after_sensitive": {}
      }
    },
    {
      "address": "aws_route_table.private-route-table",
      "mode": "managed",
      "type": "aws_route_table",
      "name": "private-route-table",
      "provider_name": "registry.terraform.io/hashicorp/aws",
      "change": {
        "actions": [
          "create"
        ],
        "before": null,
        "after": {
          "tags": {
            "Name": "private-terraform-lab-route-table"
          },
          "tags_all": {
            "Name": "private-terraform-lab-route-table"
          },
          "timeouts": null,
          "vpc_id": "vpc-071096b5a46adb53f"
        },
        "after_unknown": {
          "arn": true,
          "id": true,
          "owner_id": true,
          "propagating_vgws": true,
          "route": true,
          "tags": {},
          "tags_all": {}
        },
        "before_sensitive": false,
        "after_sensitive": {
          "propagating_vgws": [],
          "route": [],
          "tags": {},
          "tags_all": {}
        }
      }
    },
    {
      "address": "aws_route_table.public-route-table",
      "mode": "managed",
      "type": "aws_route_table",
      "name": "public-route-table",
      "provider_name": "registry.terraform.io/hashicorp/aws",
      "change": {
        "actions": [
          "create"
        ],
        "before": null,
        "after": {
          "tags": {
            "Name": "public-terraform-lab-route-table"
          },
          "tags_all": {
            "Name": "public-terraform-lab-route-table"
          },
          "timeouts": null,
          "vpc_id": "vpc-071096b5a46adb53f"
        },
        "after_unknown": {
          "arn": true,
          "id": true,
          "owner_id": true,
          "propagating_vgws": true,
          "route": true,
          "tags": {},
          "tags_all": {}
        },
        "before_sensitive": false,
        "after_sensitive": {
          "propagating_vgws": [],
          "route": [],
          "tags": {},
          "tags_all": {}
        }
      }
    },
    {
      "address": "aws_route_table_association.private-route-1-association",
      "mode": "managed",
      "type": "aws_route_table_association",
      "name": "private-route-1-association",
      "provider_name": "registry.terraform.io/hashicorp/aws",
      "change": {
        "actions": [
          "create"
        ],
        "before": null,
        "after": {
          "gateway_id": null,
          "subnet_id": "subnet-04f9bb269fd864edf",
          "timeouts": null
        },
        "after_unknown": {
          "id": true,
          "route_table_id": true
        },
        "before_sensitive": false,
        "after_sensitive": {}
      }
    },
    {
      "address": "aws_route_table_association.private-route-2-association",
      "mode": "managed",
      "type": "aws_route_table_association",
      "name": "private-route-2-association",
      "provider_name": "registry.terraform.io/hashicorp/aws",
      "change": {
        "actions": [
          "create"
        ],
        "before": null,
        "after": {
          "gateway_id": null,
          "timeouts": null
        },
        "after_unknown": {
          "id": true,
          "route_table_id": true,
          "subnet_id": true
        },
        "before_sensitive": false,
        "after_sensitive": {}
      }
    },
    {
      "address": "aws_route_table_association.public-route-1-association",
      "mode": "managed",
      "type": "aws_route_table_association",
      "name": "public-route-1-association",
      "provider_name": "registry.terraform.io/hashicorp/aws",
      "change": {
        "actions": [
          "create"
        ],
        "before": null,
        "after": {
          "gateway_id": null,
          "timeouts": null
        },
        "after_unknown": {
          "id": true,
          "route_table_id": true,
          "subnet_id": true
        },
        "before_sensitive": false,
        "after_sensitive": {}
      }
    },
    {
      "address": "aws_route_table_association.public-route-2-association",
      "mode": "managed",
      "type": "aws_route_table_association",
      "name": "public-route-2-association",
      "provider_name": "registry.terraform.io/hashicorp/aws",
      "change": {
        "actions": [
          "create"
        ],
        "before": null,
        "after": {
          "gateway_id": null,
          "timeouts": null
        },
        "after_unknown": {
          "id": true,
          "route_table_id": true,
          "subnet_id": true
        },
        "before_sensitive": false,
        "after_sensitive": {}
      }
    },
    {
      "address": "aws_security_group.ec2",
      "mode": "managed",
      "type": "aws_security_group",
      "name": "ec2",
      "provider_name": "registry.terraform.io/hashicorp/aws",
      "change": {
        "actions": [
          "no-op"
        ],
        "before": {
          "arn": "arn:aws:ec2:us-east-2:633800640196:security-group/sg-097c5e722c0dcf4b9",
          "description": "Allows inbound access from the ALB only",
          "egress": [
            {
              "cidr_blocks": [
                "0.0.0.0/0"
              ],
              "description": "",
              "from_port": 0,
              "ipv6_cidr_blocks": [],
              "prefix_list_ids": [],
              "protocol": "-1",
              "security_groups": [],
              "self": false,
              "to_port": 0
            }
          ],
          "id": "sg-097c5e722c0dcf4b9",
          "ingress": [
            {
              "cidr_blocks": [
                "0.0.0.0/0"
              ],
              "description": "",
              "from_port": 22,
              "ipv6_cidr_blocks": [],
              "prefix_list_ids": [],
              "protocol": "tcp",
              "security_groups": [],
              "self": false,
              "to_port": 22
            },
            {
              "cidr_blocks": [],
              "description": "",
              "from_port": 0,
              "ipv6_cidr_blocks": [],
              "prefix_list_ids": [],
              "protocol": "-1",
              "security_groups": [
                "sg-03d62a43eaf3b37fd"
              ],
              "self": false,
              "to_port": 0
            }
          ],
          "name": "ec2_security_group",
          "name_prefix": "",
          "owner_id": "633800640196",
          "revoke_rules_on_delete": false,
          "tags": {},
          "tags_all": {},
          "timeouts": null,
          "vpc_id": "vpc-071096b5a46adb53f"
        },
        "after": {
          "arn": "arn:aws:ec2:us-east-2:633800640196:security-group/sg-097c5e722c0dcf4b9",
          "description": "Allows inbound access from the ALB only",
          "egress": [
            {
              "cidr_blocks": [
                "0.0.0.0/0"
              ],
              "description": "",
              "from_port": 0,
              "ipv6_cidr_blocks": [],
              "prefix_list_ids": [],
              "protocol": "-1",
              "security_groups": [],
              "self": false,
              "to_port": 0
            }
          ],
          "id": "sg-097c5e722c0dcf4b9",
          "ingress": [
            {
              "cidr_blocks": [
                "0.0.0.0/0"
              ],
              "description": "",
              "from_port": 22,
              "ipv6_cidr_blocks": [],
              "prefix_list_ids": [],
              "protocol": "tcp",
              "security_groups": [],
              "self": false,
              "to_port": 22
            },
            {
              "cidr_blocks": [],
              "description": "",
              "from_port": 0,
              "ipv6_cidr_blocks": [],
              "prefix_list_ids": [],
              "protocol": "-1",
              "security_groups": [
                "sg-03d62a43eaf3b37fd"
              ],
              "self": false,
              "to_port": 0
            }
          ],
          "name": "ec2_security_group",
          "name_prefix": "",
          "owner_id": "633800640196",
          "revoke_rules_on_delete": false,
          "tags": {},
          "tags_all": {},
          "timeouts": null,
          "vpc_id": "vpc-071096b5a46adb53f"
        },
        "after_unknown": {},
        "before_sensitive": {
          "egress": [
            {
              "cidr_blocks": [
                false
              ],
              "ipv6_cidr_blocks": [],
              "prefix_list_ids": [],
              "security_groups": []
            }
          ],
          "ingress": [
            {
              "cidr_blocks": [
                false
              ],
              "ipv6_cidr_blocks": [],
              "prefix_list_ids": [],
              "security_groups": []
            },
            {
              "cidr_blocks": [],
              "ipv6_cidr_blocks": [],
              "prefix_list_ids": [],
              "security_groups": [
                false
              ]
            }
          ],
          "tags": {},
          "tags_all": {}
        },
        "after_sensitive": {
          "egress": [
            {
              "cidr_blocks": [
                false
              ],
              "ipv6_cidr_blocks": [],
              "prefix_list_ids": [],
              "security_groups": []
            }
          ],
          "ingress": [
            {
              "cidr_blocks": [
                false
              ],
              "ipv6_cidr_blocks": [],
              "prefix_list_ids": [],
              "security_groups": []
            },
            {
              "cidr_blocks": [],
              "ipv6_cidr_blocks": [],
              "prefix_list_ids": [],
              "security_groups": [
                false
              ]
            }
          ],
          "tags": {},
          "tags_all": {}
        }
      }
    },
    {
      "address": "aws_security_group.load-balancer",
      "mode": "managed",
      "type": "aws_security_group",
      "name": "load-balancer",
      "provider_name": "registry.terraform.io/hashicorp/aws",
      "change": {
        "actions": [
          "no-op"
        ],
        "before": {
          "arn": "arn:aws:ec2:us-east-2:633800640196:security-group/sg-03d62a43eaf3b37fd",
          "description": "Controls access to the ALB",
          "egress": [
            {
              "cidr_blocks": [
                "0.0.0.0/0"
              ],
              "description": "",
              "from_port": 0,
              "ipv6_cidr_blocks": [],
              "prefix_list_ids": [],
              "protocol": "-1",
              "security_groups": [],
              "self": false,
              "to_port": 0
            }
          ],
          "id": "sg-03d62a43eaf3b37fd",
          "ingress": [
            {
              "cidr_blocks": [
                "0.0.0.0/0"
              ],
              "description": "",
              "from_port": 80,
              "ipv6_cidr_blocks": [],
              "prefix_list_ids": [],
              "protocol": "tcp",
              "security_groups": [],
              "self": false,
              "to_port": 80
            }
          ],
          "name": "load_balancer_security_group",
          "name_prefix": "",
          "owner_id": "633800640196",
          "revoke_rules_on_delete": false,
          "tags": {},
          "tags_all": {},
          "timeouts": null,
          "vpc_id": "vpc-071096b5a46adb53f"
        },
        "after": {
          "arn": "arn:aws:ec2:us-east-2:633800640196:security-group/sg-03d62a43eaf3b37fd",
          "description": "Controls access to the ALB",
          "egress": [
            {
              "cidr_blocks": [
                "0.0.0.0/0"
              ],
              "description": "",
              "from_port": 0,
              "ipv6_cidr_blocks": [],
              "prefix_list_ids": [],
              "protocol": "-1",
              "security_groups": [],
              "self": false,
              "to_port": 0
            }
          ],
          "id": "sg-03d62a43eaf3b37fd",
          "ingress": [
            {
              "cidr_blocks": [
                "0.0.0.0/0"
              ],
              "description": "",
              "from_port": 80,
              "ipv6_cidr_blocks": [],
              "prefix_list_ids": [],
              "protocol": "tcp",
              "security_groups": [],
              "self": false,
              "to_port": 80
            }
          ],
          "name": "load_balancer_security_group",
          "name_prefix": "",
          "owner_id": "633800640196",
          "revoke_rules_on_delete": false,
          "tags": {},
          "tags_all": {},
          "timeouts": null,
          "vpc_id": "vpc-071096b5a46adb53f"
        },
        "after_unknown": {},
        "before_sensitive": {
          "egress": [
            {
              "cidr_blocks": [
                false
              ],
              "ipv6_cidr_blocks": [],
              "prefix_list_ids": [],
              "security_groups": []
            }
          ],
          "ingress": [
            {
              "cidr_blocks": [
                false
              ],
              "ipv6_cidr_blocks": [],
              "prefix_list_ids": [],
              "security_groups": []
            }
          ],
          "tags": {},
          "tags_all": {}
        },
        "after_sensitive": {
          "egress": [
            {
              "cidr_blocks": [
                false
              ],
              "ipv6_cidr_blocks": [],
              "prefix_list_ids": [],
              "security_groups": []
            }
          ],
          "ingress": [
            {
              "cidr_blocks": [
                false
              ],
              "ipv6_cidr_blocks": [],
              "prefix_list_ids": [],
              "security_groups": []
            }
          ],
          "tags": {},
          "tags_all": {}
        }
      }
    },
    {
      "address": "aws_subnet.private-subnet-1",
      "mode": "managed",
      "type": "aws_subnet",
      "name": "private-subnet-1",
      "provider_name": "registry.terraform.io/hashicorp/aws",
      "change": {
        "actions": [
          "no-op"
        ],
        "before": {
          "arn": "arn:aws:ec2:us-east-2:633800640196:subnet/subnet-04f9bb269fd864edf",
          "assign_ipv6_address_on_creation": false,
          "availability_zone": "us-east-2a",
          "availability_zone_id": "use2-az1",
          "cidr_block": "10.0.3.0/24",
          "customer_owned_ipv4_pool": "",
          "enable_dns64": false,
          "enable_lni_at_device_index": 0,
          "enable_resource_name_dns_a_record_on_launch": false,
          "enable_resource_name_dns_aaaa_record_on_launch": false,
          "id": "subnet-04f9bb269fd864edf",
          "ipv6_cidr_block": "",
          "ipv6_cidr_block_association_id": "",
          "ipv6_native": false,
          "map_customer_owned_ip_on_launch": false,
          "map_public_ip_on_launch": false,
          "outpost_arn": "",
          "owner_id": "633800640196",
          "private_dns_hostname_type_on_launch": "ip-name",
          "tags": {
            "Name": "private-terraform-lab-subnet-1"
          },
          "tags_all": {
            "Name": "private-terraform-lab-subnet-1"
          },
          "timeouts": null,
          "vpc_id": "vpc-071096b5a46adb53f"
        },
        "after": {
          "arn": "arn:aws:ec2:us-east-2:633800640196:subnet/subnet-04f9bb269fd864edf",
          "assign_ipv6_address_on_creation": false,
          "availability_zone": "us-east-2a",
          "availability_zone_id": "use2-az1",
          "cidr_block": "10.0.3.0/24",
          "customer_owned_ipv4_pool": "",
          "enable_dns64": false,
          "enable_lni_at_device_index": 0,
          "enable_resource_name_dns_a_record_on_launch": false,
          "enable_resource_name_dns_aaaa_record_on_launch": false,
          "id": "subnet-04f9bb269fd864edf",
          "ipv6_cidr_block": "",
          "ipv6_cidr_block_association_id": "",
          "ipv6_native": false,
          "map_customer_owned_ip_on_launch": false,
          "map_public_ip_on_launch": false,
          "outpost_arn": "",
          "owner_id": "633800640196",
          "private_dns_hostname_type_on_launch": "ip-name",
          "tags": {
            "Name": "private-terraform-lab-subnet-1"
          },
          "tags_all": {
            "Name": "private-terraform-lab-subnet-1"
          },
          "timeouts": null,
          "vpc_id": "vpc-071096b5a46adb53f"
        },
        "after_unknown": {},
        "before_sensitive": {
          "tags": {},
          "tags_all": {}
        },
        "after_sensitive": {
          "tags": {},
          "tags_all": {}
        }
      }
    },
    {
      "address": "aws_subnet.private-subnet-2",
      "mode": "managed",
      "type": "aws_subnet",
      "name": "private-subnet-2",
      "provider_name": "registry.terraform.io/hashicorp/aws",
      "change": {
        "actions": [
          "create"
        ],
        "before": null,
        "after": {
          "assign_ipv6_address_on_creation": false,
          "availability_zone": "us-east-2b",
          "cidr_block": "10.0.4.0/24",
          "customer_owned_ipv4_pool": null,
          "enable_dns64": false,
          "enable_lni_at_device_index": null,
          "enable_resource_name_dns_a_record_on_launch": false,
          "enable_resource_name_dns_aaaa_record_on_launch": false,
          "ipv6_cidr_block": null,
          "ipv6_native": false,
          "map_customer_owned_ip_on_launch": null,
          "map_public_ip_on_launch": false,
          "outpost_arn": null,
          "tags": {
            "Name": "private-terraform-lab-subnet-2"
          },
          "tags_all": {
            "Name": "private-terraform-lab-subnet-2"
          },
          "timeouts": null,
          "vpc_id": "vpc-071096b5a46adb53f"
        },
        "after_unknown": {
          "arn": true,
          "availability_zone_id": true,
          "id": true,
          "ipv6_cidr_block_association_id": true,
          "owner_id": true,
          "private_dns_hostname_type_on_launch": true,
          "tags": {},
          "tags_all": {}
        },
        "before_sensitive": false,
        "after_sensitive": {
          "tags": {},
          "tags_all": {}
        }
      }
    },
    {
      "address": "aws_subnet.public-subnet-1",
      "mode": "managed",
      "type": "aws_subnet",
      "name": "public-subnet-1",
      "provider_name": "registry.terraform.io/hashicorp/aws",
      "change": {
        "actions": [
          "create"
        ],
        "before": null,
        "after": {
          "assign_ipv6_address_on_creation": false,
          "availability_zone": "us-east-2a",
          "cidr_block": "10.0.1.0/24",
          "customer_owned_ipv4_pool": null,
          "enable_dns64": false,
          "enable_lni_at_device_index": null,
          "enable_resource_name_dns_a_record_on_launch": false,
          "enable_resource_name_dns_aaaa_record_on_launch": false,
          "ipv6_cidr_block": null,
          "ipv6_native": false,
          "map_customer_owned_ip_on_launch": null,
          "map_public_ip_on_launch": false,
          "outpost_arn": null,
          "tags": {
            "Name": "public-terraform-lab-subnet-1"
          },
          "tags_all": {
            "Name": "public-terraform-lab-subnet-1"
          },
          "timeouts": null,
          "vpc_id": "vpc-071096b5a46adb53f"
        },
        "after_unknown": {
          "arn": true,
          "availability_zone_id": true,
          "id": true,
          "ipv6_cidr_block_association_id": true,
          "owner_id": true,
          "private_dns_hostname_type_on_launch": true,
          "tags": {},
          "tags_all": {}
        },
        "before_sensitive": false,
        "after_sensitive": {
          "tags": {},
          "tags_all": {}
        }
      }
    },
    {
      "address": "aws_subnet.public-subnet-2",
      "mode": "managed",
      "type": "aws_subnet",
      "name": "public-subnet-2",
      "provider_name": "registry.terraform.io/hashicorp/aws",
      "change": {
        "actions": [
          "create"
        ],
        "before": null,
        "after": {
          "assign_ipv6_address_on_creation": false,
          "availability_zone": "us-east-2b",
          "cidr_block": "10.0.2.0/24",
          "customer_owned_ipv4_pool": null,
          "enable_dns64": false,
          "enable_lni_at_device_index": null,
          "enable_resource_name_dns_a_record_on_launch": false,
          "enable_resource_name_dns_aaaa_record_on_launch": false,
          "ipv6_cidr_block": null,
          "ipv6_native": false,
          "map_customer_owned_ip_on_launch": null,
          "map_public_ip_on_launch": false,
          "outpost_arn": null,
          "tags": {
            "Name": "public-terraform-lab-subnet-2"
          },
          "tags_all": {
            "Name": "public-terraform-lab-subnet-2"
          },
          "timeouts": null,
          "vpc_id": "vpc-071096b5a46adb53f"
        },
        "after_unknown": {
          "arn": true,
          "availability_zone_id": true,
          "id": true,
          "ipv6_cidr_block_association_id": true,
          "owner_id": true,
          "private_dns_hostname_type_on_launch": true,
          "tags": {},
          "tags_all": {}
        },
        "before_sensitive": false,
        "after_sensitive": {
          "tags": {},
          "tags_all": {}
        }
      }
    },
    {
      "address": "aws_vpc.terraform-lab-vpc",
      "mode": "managed",
      "type": "aws_vpc",
      "name": "terraform-lab-vpc",
      "provider_name": "registry.terraform.io/hashicorp/aws",
      "change": {
        "actions": [
          "no-op"
        ],
        "before": {
          "arn": "arn:aws:ec2:us-east-2:633800640196:vpc/vpc-071096b5a46adb53f",
          "assign_generated_ipv6_cidr_block": false,
          "cidr_block": "10.0.0.0/16",
          "default_network_acl_id": "acl-0cf034a071db23f3f",
          "default_route_table_id": "rtb-03bd4132e0b40be89",
          "default_security_group_id": "sg-0df22232c18efc12a",
          "dhcp_options_id": "dopt-0ceb8b66f947a9a79",
          "enable_dns_hostnames": true,
          "enable_dns_support": true,
          "enable_network_address_usage_metrics": false,
          "id": "vpc-071096b5a46adb53f",
          "instance_tenancy": "default",
          "ipv4_ipam_pool_id": null,
          "ipv4_netmask_length": null,
          "ipv6_association_id": "",
          "ipv6_cidr_block": "",
          "ipv6_cidr_block_network_border_group": "",
          "ipv6_ipam_pool_id": "",
          "ipv6_netmask_length": 0,
          "main_route_table_id": "rtb-03bd4132e0b40be89",
          "owner_id": "633800640196",
          "tags": {
            "Name": "terraform-lab-vpc"
          },
          "tags_all": {
            "Name": "terraform-lab-vpc"
          }
        },
        "after": {
          "arn": "arn:aws:ec2:us-east-2:633800640196:vpc/vpc-071096b5a46adb53f",
          "assign_generated_ipv6_cidr_block": false,
          "cidr_block": "10.0.0.0/16",
          "default_network_acl_id": "acl-0cf034a071db23f3f",
          "default_route_table_id": "rtb-03bd4132e0b40be89",
          "default_security_group_id": "sg-0df22232c18efc12a",
          "dhcp_options_id": "dopt-0ceb8b66f947a9a79",
          "enable_dns_hostnames": true,
          "enable_dns_support": true,
          "enable_network_address_usage_metrics": false,
          "id": "vpc-071096b5a46adb53f",
          "instance_tenancy": "default",
          "ipv4_ipam_pool_id": null,
          "ipv4_netmask_length": null,
          "ipv6_association_id": "",
          "ipv6_cidr_block": "",
          "ipv6_cidr_block_network_border_group": "",
          "ipv6_ipam_pool_id": "",
          "ipv6_netmask_length": 0,
          "main_route_table_id": "rtb-03bd4132e0b40be89",
          "owner_id": "633800640196",
          "tags": {
            "Name": "terraform-lab-vpc"
          },
          "tags_all": {
            "Name": "terraform-lab-vpc"
          }
        },
        "after_unknown": {},
        "before_sensitive": {
          "tags": {},
          "tags_all": {}
        },
        "after_sensitive": {
          "tags": {},
          "tags_all": {}
        }
      }
    }
  ],
  "output_changes": {
    "alb_dns": {
      "actions": [
        "create"
      ],
      "before": null,
      "after_unknown": true,
      "before_sensitive": false,
      "after_sensitive": false
    },
    "alb_zone": {
      "actions": [
        "create"
      ],
      "before": null,
      "after_unknown": true,
      "before_sensitive": false,
      "after_sensitive": false
    }
  },
  "prior_state": {
    "format_version": "1.0",
    "terraform_version": "1.5.7",
    "values": {
      "root_module": {
        "resources": [
          {
            "address": "data.aws_iam_policy_document.ec2",
            "mode": "data",
            "type": "aws_iam_policy_document",
            "name": "ec2",
            "provider_name": "registry.terraform.io/hashicorp/aws",
            "schema_version": 0,
            "values": {
              "id": "2851119427",
              "json": "{\n  \"Version\": \"2012-10-17\",\n  \"Statement\": [\n    {\n      \"Effect\": \"Allow\",\n      \"Action\": \"sts:AssumeRole\",\n      \"Principal\": {\n        \"Service\": \"ec2.amazonaws.com\"\n      }\n    }\n  ]\n}",
              "minified_json": "{\"Version\":\"2012-10-17\",\"Statement\":[{\"Effect\":\"Allow\",\"Action\":\"sts:AssumeRole\",\"Principal\":{\"Service\":\"ec2.amazonaws.com\"}}]}",
              "override_json": null,
              "override_policy_documents": null,
              "policy_id": null,
              "source_json": null,
              "source_policy_documents": null,
              "statement": [
                {
                  "actions": [
                    "sts:AssumeRole"
                  ],
                  "condition": [],
                  "effect": "Allow",
                  "not_actions": [],
                  "not_principals": [],
                  "not_resources": [],
                  "principals": [
                    {
                      "identifiers": [
                        "ec2.amazonaws.com"
                      ],
                      "type": "Service"
                    }
                  ],
                  "resources": [],
                  "sid": ""
                }
              ],
              "version": "2012-10-17"
            },
            "sensitive_values": {
              "statement": [
                {
                  "actions": [
                    false
                  ],
                  "condition": [],
                  "not_actions": [],
                  "not_principals": [],
                  "not_resources": [],
                  "principals": [
                    {
                      "identifiers": [
                        false
                      ]
                    }
                  ],
                  "resources": []
                }
              ]
            }
          },
          {
            "address": "aws_security_group.ec2",
            "mode": "managed",
            "type": "aws_security_group",
            "name": "ec2",
            "provider_name": "registry.terraform.io/hashicorp/aws",
            "schema_version": 1,
            "values": {
              "arn": "arn:aws:ec2:us-east-2:633800640196:security-group/sg-097c5e722c0dcf4b9",
              "description": "Allows inbound access from the ALB only",
              "egress": [
                {
                  "cidr_blocks": [
                    "0.0.0.0/0"
                  ],
                  "description": "",
                  "from_port": 0,
                  "ipv6_cidr_blocks": [],
                  "prefix_list_ids": [],
                  "protocol": "-1",
                  "security_groups": [],
                  "self": false,
                  "to_port": 0
                }
              ],
              "id": "sg-097c5e722c0dcf4b9",
              "ingress": [
                {
                  "cidr_blocks": [
                    "0.0.0.0/0"
                  ],
                  "description": "",
                  "from_port": 22,
                  "ipv6_cidr_blocks": [],
                  "prefix_list_ids": [],
                  "protocol": "tcp",
                  "security_groups": [],
                  "self": false,
                  "to_port": 22
                },
                {
                  "cidr_blocks": [],
                  "description": "",
                  "from_port": 0,
                  "ipv6_cidr_blocks": [],
                  "prefix_list_ids": [],
                  "protocol": "-1",
                  "security_groups": [
                    "sg-03d62a43eaf3b37fd"
                  ],
                  "self": false,
                  "to_port": 0
                }
              ],
              "name": "ec2_security_group",
              "name_prefix": "",
              "owner_id": "633800640196",
              "revoke_rules_on_delete": false,
              "tags": {},
              "tags_all": {},
              "timeouts": null,
              "vpc_id": "vpc-071096b5a46adb53f"
            },
            "sensitive_values": {
              "egress": [
                {
                  "cidr_blocks": [
                    false
                  ],
                  "ipv6_cidr_blocks": [],
                  "prefix_list_ids": [],
                  "security_groups": []
                }
              ],
              "ingress": [
                {
                  "cidr_blocks": [
                    false
                  ],
                  "ipv6_cidr_blocks": [],
                  "prefix_list_ids": [],
                  "security_groups": []
                },
                {
                  "cidr_blocks": [],
                  "ipv6_cidr_blocks": [],
                  "prefix_list_ids": [],
                  "security_groups": [
                    false
                  ]
                }
              ],
              "tags": {},
              "tags_all": {}
            },
            "depends_on": [
              "aws_security_group.load-balancer",
              "aws_vpc.terraform-lab-vpc"
            ]
          },
          {
            "address": "aws_security_group.load-balancer",
            "mode": "managed",
            "type": "aws_security_group",
            "name": "load-balancer",
            "provider_name": "registry.terraform.io/hashicorp/aws",
            "schema_version": 1,
            "values": {
              "arn": "arn:aws:ec2:us-east-2:633800640196:security-group/sg-03d62a43eaf3b37fd",
              "description": "Controls access to the ALB",
              "egress": [
                {
                  "cidr_blocks": [
                    "0.0.0.0/0"
                  ],
                  "description": "",
                  "from_port": 0,
                  "ipv6_cidr_blocks": [],
                  "prefix_list_ids": [],
                  "protocol": "-1",
                  "security_groups": [],
                  "self": false,
                  "to_port": 0
                }
              ],
              "id": "sg-03d62a43eaf3b37fd",
              "ingress": [
                {
                  "cidr_blocks": [
                    "0.0.0.0/0"
                  ],
                  "description": "",
                  "from_port": 80,
                  "ipv6_cidr_blocks": [],
                  "prefix_list_ids": [],
                  "protocol": "tcp",
                  "security_groups": [],
                  "self": false,
                  "to_port": 80
                }
              ],
              "name": "load_balancer_security_group",
              "name_prefix": "",
              "owner_id": "633800640196",
              "revoke_rules_on_delete": false,
              "tags": {},
              "tags_all": {},
              "timeouts": null,
              "vpc_id": "vpc-071096b5a46adb53f"
            },
            "sensitive_values": {
              "egress": [
                {
                  "cidr_blocks": [
                    false
                  ],
                  "ipv6_cidr_blocks": [],
                  "prefix_list_ids": [],
                  "security_groups": []
                }
              ],
              "ingress": [
                {
                  "cidr_blocks": [
                    false
                  ],
                  "ipv6_cidr_blocks": [],
                  "prefix_list_ids": [],
                  "security_groups": []
                }
              ],
              "tags": {},
              "tags_all": {}
            },
            "depends_on": [
              "aws_vpc.terraform-lab-vpc"
            ]
          },
          {
            "address": "aws_subnet.private-subnet-1",
            "mode": "managed",
            "type": "aws_subnet",
            "name": "private-subnet-1",
            "provider_name": "registry.terraform.io/hashicorp/aws",
            "schema_version": 1,
            "values": {
              "arn": "arn:aws:ec2:us-east-2:633800640196:subnet/subnet-04f9bb269fd864edf",
              "assign_ipv6_address_on_creation": false,
              "availability_zone": "us-east-2a",
              "availability_zone_id": "use2-az1",
              "cidr_block": "10.0.3.0/24",
              "customer_owned_ipv4_pool": "",
              "enable_dns64": false,
              "enable_lni_at_device_index": 0,
              "enable_resource_name_dns_a_record_on_launch": false,
              "enable_resource_name_dns_aaaa_record_on_launch": false,
              "id": "subnet-04f9bb269fd864edf",
              "ipv6_cidr_block": "",
              "ipv6_cidr_block_association_id": "",
              "ipv6_native": false,
              "map_customer_owned_ip_on_launch": false,
              "map_public_ip_on_launch": false,
              "outpost_arn": "",
              "owner_id": "633800640196",
              "private_dns_hostname_type_on_launch": "ip-name",
              "tags": {
                "Name": "private-terraform-lab-subnet-1"
              },
              "tags_all": {
                "Name": "private-terraform-lab-subnet-1"
              },
              "timeouts": null,
              "vpc_id": "vpc-071096b5a46adb53f"
            },
            "sensitive_values": {
              "tags": {},
              "tags_all": {}
            },
            "depends_on": [
              "aws_vpc.terraform-lab-vpc"
            ]
          },
          {
            "address": "aws_vpc.terraform-lab-vpc",
            "mode": "managed",
            "type": "aws_vpc",
            "name": "terraform-lab-vpc",
            "provider_name": "registry.terraform.io/hashicorp/aws",
            "schema_version": 1,
            "values": {
              "arn": "arn:aws:ec2:us-east-2:633800640196:vpc/vpc-071096b5a46adb53f",
              "assign_generated_ipv6_cidr_block": false,
              "cidr_block": "10.0.0.0/16",
              "default_network_acl_id": "acl-0cf034a071db23f3f",
              "default_route_table_id": "rtb-03bd4132e0b40be89",
              "default_security_group_id": "sg-0df22232c18efc12a",
              "dhcp_options_id": "dopt-0ceb8b66f947a9a79",
              "enable_dns_hostnames": true,
              "enable_dns_support": true,
              "enable_network_address_usage_metrics": false,
              "id": "vpc-071096b5a46adb53f",
              "instance_tenancy": "default",
              "ipv4_ipam_pool_id": null,
              "ipv4_netmask_length": null,
              "ipv6_association_id": "",
              "ipv6_cidr_block": "",
              "ipv6_cidr_block_network_border_group": "",
              "ipv6_ipam_pool_id": "",
              "ipv6_netmask_length": 0,
              "main_route_table_id": "rtb-03bd4132e0b40be89",
              "owner_id": "633800640196",
              "tags": {
                "Name": "terraform-lab-vpc"
              },
              "tags_all": {
                "Name": "terraform-lab-vpc"
              }
            },
            "sensitive_values": {
              "tags": {},
              "tags_all": {}
            }
          }
        ]
      }
    }
  },
  "configuration": {
    "provider_config": {
      "aws": {
        "name": "aws",
        "full_name": "registry.terraform.io/hashicorp/aws",
        "version_constraint": "5.65.0",
        "expressions": {
          "region": {
            "references": [
              "var.region"
            ]
          },
          "shared_credentials_files": {
            "constant_value": [
              "$HOME/.aws/credentials"
            ]
          }
        }
      }
    },
    "root_module": {
      "outputs": {
        "alb_dns": {
          "expression": {
            "references": [
              "aws_lb.development.dns_name",
              "aws_lb.development"
            ]
          }
        },
        "alb_zone": {
          "expression": {
            "references": [
              "aws_lb.development.zone_id",
              "aws_lb.development"
            ]
          }
        }
      },
      "resources": [
        {
          "address": "aws_alb_listener.ec2-alb-http-listener",
          "mode": "managed",
          "type": "aws_alb_listener",
          "name": "ec2-alb-http-listener",
          "provider_config_key": "aws",
          "expressions": {
            "default_action": [
              {
                "target_group_arn": {
                  "references": [
                    "aws_alb_target_group.default-target-group.arn",
                    "aws_alb_target_group.default-target-group"
                  ]
                },
                "type": {
                  "constant_value": "forward"
                }
              }
            ],
            "load_balancer_arn": {
              "references": [
                "aws_lb.development.id",
                "aws_lb.development"
              ]
            },
            "port": {
              "constant_value": "80"
            },
            "protocol": {
              "constant_value": "HTTP"
            }
          },
          "schema_version": 0,
          "depends_on": [
            "aws_alb_target_group.default-target-group"
          ]
        },
        {
          "address": "aws_alb_target_group.default-target-group",
          "mode": "managed",
          "type": "aws_alb_target_group",
          "name": "default-target-group",
          "provider_config_key": "aws",
          "expressions": {
            "health_check": [
              {
                "healthy_threshold": {
                  "constant_value": 5
                },
                "interval": {
                  "constant_value": 60
                },
                "matcher": {
                  "constant_value": "200"
                },
                "path": {
                  "references": [
                    "var.health_check_path"
                  ]
                },
                "port": {
                  "constant_value": "traffic-port"
                },
                "timeout": {
                  "constant_value": 2
                },
                "unhealthy_threshold": {
                  "constant_value": 2
                }
              }
            ],
            "name": {
              "references": [
                "var.ec2_instance_name"
              ]
            },
            "port": {
              "constant_value": 80
            },
            "protocol": {
              "constant_value": "HTTP"
            },
            "vpc_id": {
              "references": [
                "aws_vpc.terraform-lab-vpc.id",
                "aws_vpc.terraform-lab-vpc"
              ]
            }
          },
          "schema_version": 0
        },
        {
          "address": "aws_autoscaling_attachment.asg_attachment_bar",
          "mode": "managed",
          "type": "aws_autoscaling_attachment",
          "name": "asg_attachment_bar",
          "provider_config_key": "aws",
          "expressions": {
            "autoscaling_group_name": {
              "references": [
                "aws_autoscaling_group.ec2-cluster.id",
                "aws_autoscaling_group.ec2-cluster"
              ]
            },
            "lb_target_group_arn": {
              "references": [
                "aws_alb_target_group.default-target-group.arn",
                "aws_alb_target_group.default-target-group"
              ]
            }
          },
          "schema_version": 0
        },
        {
          "address": "aws_autoscaling_group.ec2-cluster",
          "mode": "managed",
          "type": "aws_autoscaling_group",
          "name": "ec2-cluster",
          "provider_config_key": "aws",
          "expressions": {
            "desired_capacity": {
              "references": [
                "var.autoscale_desired"
              ]
            },
            "health_check_type": {
              "constant_value": "EC2"
            },
            "launch_configuration": {
              "references": [
                "aws_launch_configuration.ec2.name",
                "aws_launch_configuration.ec2"
              ]
            },
            "max_size": {
              "references": [
                "var.autoscale_max"
              ]
            },
            "min_size": {
              "references": [
                "var.autoscale_min"
              ]
            },
            "name": {
              "references": [
                "var.ec2_instance_name"
              ]
            },
            "target_group_arns": {
              "references": [
                "aws_alb_target_group.default-target-group.arn",
                "aws_alb_target_group.default-target-group"
              ]
            },
            "vpc_zone_identifier": {
              "references": [
                "aws_subnet.private-subnet-1.id",
                "aws_subnet.private-subnet-1",
                "aws_subnet.private-subnet-2.id",
                "aws_subnet.private-subnet-2"
              ]
            }
          },
          "schema_version": 1
        },
        {
          "address": "aws_eip.nat_gateway",
          "mode": "managed",
          "type": "aws_eip",
          "name": "nat_gateway",
          "provider_config_key": "aws",
          "expressions": {
            "associate_with_private_ip": {
              "constant_value": "10.0.0.5"
            },
            "domain": {
              "constant_value": "vpc"
            }
          },
          "schema_version": 0,
          "depends_on": [
            "aws_internet_gateway.terraform-lab-igw"
          ]
        },
        {
          "address": "aws_iam_instance_profile.session-manager",
          "mode": "managed",
          "type": "aws_iam_instance_profile",
          "name": "session-manager",
          "provider_config_key": "aws",
          "expressions": {
            "name": {
              "constant_value": "session-manager"
            },
            "role": {
              "references": [
                "aws_iam_role.session-manager.name",
                "aws_iam_role.session-manager"
              ]
            }
          },
          "schema_version": 0
        },
        {
          "address": "aws_iam_policy.session-manager",
          "mode": "managed",
          "type": "aws_iam_policy",
          "name": "session-manager",
          "provider_config_key": "aws",
          "expressions": {
            "description": {
              "constant_value": "session-manager"
            },
            "name": {
              "constant_value": "session-manager"
            },
            "policy": {}
          },
          "schema_version": 0
        },
        {
          "address": "aws_iam_role.session-manager",
          "mode": "managed",
          "type": "aws_iam_role",
          "name": "session-manager",
          "provider_config_key": "aws",
          "expressions": {
            "assume_role_policy": {
              "references": [
                "data.aws_iam_policy_document.ec2.json",
                "data.aws_iam_policy_document.ec2"
              ]
            },
            "name": {
              "constant_value": "session-manager"
            },
            "tags": {
              "constant_value": {
                "Name": "session-manager"
              }
            }
          },
          "schema_version": 0
        },
        {
          "address": "aws_instance.bastion",
          "mode": "managed",
          "type": "aws_instance",
          "name": "bastion",
          "provider_config_key": "aws",
          "expressions": {
            "ami": {
              "references": [
                "var.amis",
                "var.region"
              ]
            },
            "associate_public_ip_address": {
              "constant_value": true
            },
            "iam_instance_profile": {
              "references": [
                "aws_iam_instance_profile.session-manager.id",
                "aws_iam_instance_profile.session-manager"
              ]
            },
            "instance_type": {
              "references": [
                "var.instance_type"
              ]
            },
            "key_name": {
              "references": [
                "aws_key_pair.terraform-lab.key_name",
                "aws_key_pair.terraform-lab"
              ]
            },
            "security_groups": {
              "references": [
                "aws_security_group.ec2.id",
                "aws_security_group.ec2"
              ]
            },
            "subnet_id": {
              "references": [
                "aws_subnet.public-subnet-1.id",
                "aws_subnet.public-subnet-1"
              ]
            },
            "tags": {
              "constant_value": {
                "Name": "Bastion"
              }
            },
            "user_data_replace_on_change": {
              "constant_value": true
            }
          },
          "schema_version": 1
        },
        {
          "address": "aws_internet_gateway.terraform-lab-igw",
          "mode": "managed",
          "type": "aws_internet_gateway",
          "name": "terraform-lab-igw",
          "provider_config_key": "aws",
          "expressions": {
            "tags": {
              "constant_value": {
                "Name": "terraform-lab-igw"
              }
            },
            "vpc_id": {
              "references": [
                "aws_vpc.terraform-lab-vpc.id",
                "aws_vpc.terraform-lab-vpc"
              ]
            }
          },
          "schema_version": 0
        },
        {
          "address": "aws_key_pair.terraform-lab",
          "mode": "managed",
          "type": "aws_key_pair",
          "name": "terraform-lab",
          "provider_config_key": "aws",
          "expressions": {
            "key_name": {
              "references": [
                "var.ec2_instance_name"
              ]
            },
            "public_key": {
              "references": [
                "var.ssh_pubkey_file"
              ]
            }
          },
          "schema_version": 1
        },
        {
          "address": "aws_launch_configuration.ec2",
          "mode": "managed",
          "type": "aws_launch_configuration",
          "name": "ec2",
          "provider_config_key": "aws",
          "expressions": {
            "associate_public_ip_address": {
              "constant_value": false
            },
            "iam_instance_profile": {
              "references": [
                "aws_iam_instance_profile.session-manager.id",
                "aws_iam_instance_profile.session-manager"
              ]
            },
            "image_id": {
              "references": [
                "var.amis",
                "var.region"
              ]
            },
            "instance_type": {
              "references": [
                "var.instance_type"
              ]
            },
            "key_name": {
              "references": [
                "aws_key_pair.terraform-lab.key_name",
                "aws_key_pair.terraform-lab"
              ]
            },
            "name_prefix": {
              "references": [
                "var.ec2_instance_name"
              ]
            },
            "security_groups": {
              "references": [
                "aws_security_group.ec2.id",
                "aws_security_group.ec2"
              ]
            },
            "user_data": {
              "references": [
                "path.module"
              ]
            }
          },
          "schema_version": 0,
          "depends_on": [
            "aws_nat_gateway.terraform-lab-ngw"
          ]
        },
        {
          "address": "aws_lb.development",
          "mode": "managed",
          "type": "aws_lb",
          "name": "development",
          "provider_config_key": "aws",
          "expressions": {
            "internal": {
              "constant_value": false
            },
            "load_balancer_type": {
              "constant_value": "application"
            },
            "name": {
              "references": [
                "var.ec2_instance_name"
              ]
            },
            "security_groups": {
              "references": [
                "aws_security_group.load-balancer.id",
                "aws_security_group.load-balancer"
              ]
            },
            "subnets": {
              "references": [
                "aws_subnet.public-subnet-1.id",
                "aws_subnet.public-subnet-1",
                "aws_subnet.public-subnet-2.id",
                "aws_subnet.public-subnet-2"
              ]
            }
          },
          "schema_version": 0
        },
        {
          "address": "aws_nat_gateway.terraform-lab-ngw",
          "mode": "managed",
          "type": "aws_nat_gateway",
          "name": "terraform-lab-ngw",
          "provider_config_key": "aws",
          "expressions": {
            "allocation_id": {
              "references": [
                "aws_eip.nat_gateway.id",
                "aws_eip.nat_gateway"
              ]
            },
            "subnet_id": {
              "references": [
                "aws_subnet.public-subnet-1.id",
                "aws_subnet.public-subnet-1"
              ]
            },
            "tags": {
              "constant_value": {
                "Name": "terraform-lab-ngw"
              }
            }
          },
          "schema_version": 0,
          "depends_on": [
            "aws_eip.nat_gateway"
          ]
        },
        {
          "address": "aws_route.nat-ngw-route",
          "mode": "managed",
          "type": "aws_route",
          "name": "nat-ngw-route",
          "provider_config_key": "aws",
          "expressions": {
            "destination_cidr_block": {
              "constant_value": "0.0.0.0/0"
            },
            "nat_gateway_id": {
              "references": [
                "aws_nat_gateway.terraform-lab-ngw.id",
                "aws_nat_gateway.terraform-lab-ngw"
              ]
            },
            "route_table_id": {
              "references": [
                "aws_route_table.private-route-table.id",
                "aws_route_table.private-route-table"
              ]
            }
          },
          "schema_version": 0
        },
        {
          "address": "aws_route.public-internet-igw-route",
          "mode": "managed",
          "type": "aws_route",
          "name": "public-internet-igw-route",
          "provider_config_key": "aws",
          "expressions": {
            "destination_cidr_block": {
              "constant_value": "0.0.0.0/0"
            },
            "gateway_id": {
              "references": [
                "aws_internet_gateway.terraform-lab-igw.id",
                "aws_internet_gateway.terraform-lab-igw"
              ]
            },
            "route_table_id": {
              "references": [
                "aws_route_table.public-route-table.id",
                "aws_route_table.public-route-table"
              ]
            }
          },
          "schema_version": 0
        },
        {
          "address": "aws_route_table.private-route-table",
          "mode": "managed",
          "type": "aws_route_table",
          "name": "private-route-table",
          "provider_config_key": "aws",
          "expressions": {
            "tags": {
              "constant_value": {
                "Name": "private-terraform-lab-route-table"
              }
            },
            "vpc_id": {
              "references": [
                "aws_vpc.terraform-lab-vpc.id",
                "aws_vpc.terraform-lab-vpc"
              ]
            }
          },
          "schema_version": 0
        },
        {
          "address": "aws_route_table.public-route-table",
          "mode": "managed",
          "type": "aws_route_table",
          "name": "public-route-table",
          "provider_config_key": "aws",
          "expressions": {
            "tags": {
              "constant_value": {
                "Name": "public-terraform-lab-route-table"
              }
            },
            "vpc_id": {
              "references": [
                "aws_vpc.terraform-lab-vpc.id",
                "aws_vpc.terraform-lab-vpc"
              ]
            }
          },
          "schema_version": 0
        },
        {
          "address": "aws_route_table_association.private-route-1-association",
          "mode": "managed",
          "type": "aws_route_table_association",
          "name": "private-route-1-association",
          "provider_config_key": "aws",
          "expressions": {
            "route_table_id": {
              "references": [
                "aws_route_table.private-route-table.id",
                "aws_route_table.private-route-table"
              ]
            },
            "subnet_id": {
              "references": [
                "aws_subnet.private-subnet-1.id",
                "aws_subnet.private-subnet-1"
              ]
            }
          },
          "schema_version": 0
        },
        {
          "address": "aws_route_table_association.private-route-2-association",
          "mode": "managed",
          "type": "aws_route_table_association",
          "name": "private-route-2-association",
          "provider_config_key": "aws",
          "expressions": {
            "route_table_id": {
              "references": [
                "aws_route_table.private-route-table.id",
                "aws_route_table.private-route-table"
              ]
            },
            "subnet_id": {
              "references": [
                "aws_subnet.private-subnet-2.id",
                "aws_subnet.private-subnet-2"
              ]
            }
          },
          "schema_version": 0
        },
        {
          "address": "aws_route_table_association.public-route-1-association",
          "mode": "managed",
          "type": "aws_route_table_association",
          "name": "public-route-1-association",
          "provider_config_key": "aws",
          "expressions": {
            "route_table_id": {
              "references": [
                "aws_route_table.public-route-table.id",
                "aws_route_table.public-route-table"
              ]
            },
            "subnet_id": {
              "references": [
                "aws_subnet.public-subnet-1.id",
                "aws_subnet.public-subnet-1"
              ]
            }
          },
          "schema_version": 0
        },
        {
          "address": "aws_route_table_association.public-route-2-association",
          "mode": "managed",
          "type": "aws_route_table_association",
          "name": "public-route-2-association",
          "provider_config_key": "aws",
          "expressions": {
            "route_table_id": {
              "references": [
                "aws_route_table.public-route-table.id",
                "aws_route_table.public-route-table"
              ]
            },
            "subnet_id": {
              "references": [
                "aws_subnet.public-subnet-2.id",
                "aws_subnet.public-subnet-2"
              ]
            }
          },
          "schema_version": 0
        },
        {
          "address": "aws_security_group.ec2",
          "mode": "managed",
          "type": "aws_security_group",
          "name": "ec2",
          "provider_config_key": "aws",
          "expressions": {
            "description": {
              "constant_value": "Allows inbound access from the ALB only"
            },
            "egress": {
              "constant_value": [
                {
                  "cidr_blocks": [
                    "0.0.0.0/0"
                  ],
                  "description": null,
                  "from_port": 0,
                  "ipv6_cidr_blocks": null,
                  "prefix_list_ids": null,
                  "protocol": "-1",
                  "security_groups": null,
                  "self": null,
                  "to_port": 0
                }
              ]
            },
            "ingress": {
              "references": [
                "aws_security_group.load-balancer.id",
                "aws_security_group.load-balancer"
              ]
            },
            "name": {
              "constant_value": "ec2_security_group"
            },
            "vpc_id": {
              "references": [
                "aws_vpc.terraform-lab-vpc.id",
                "aws_vpc.terraform-lab-vpc"
              ]
            }
          },
          "schema_version": 1
        },
        {
          "address": "aws_security_group.load-balancer",
          "mode": "managed",
          "type": "aws_security_group",
          "name": "load-balancer",
          "provider_config_key": "aws",
          "expressions": {
            "description": {
              "constant_value": "Controls access to the ALB"
            },
            "egress": {
              "constant_value": [
                {
                  "cidr_blocks": [
                    "0.0.0.0/0"
                  ],
                  "description": null,
                  "from_port": 0,
                  "ipv6_cidr_blocks": null,
                  "prefix_list_ids": null,
                  "protocol": "-1",
                  "security_groups": null,
                  "self": null,
                  "to_port": 0
                }
              ]
            },
            "ingress": {
              "constant_value": [
                {
                  "cidr_blocks": [
                    "0.0.0.0/0"
                  ],
                  "description": null,
                  "from_port": 80,
                  "ipv6_cidr_blocks": null,
                  "prefix_list_ids": null,
                  "protocol": "tcp",
                  "security_groups": null,
                  "self": null,
                  "to_port": 80
                }
              ]
            },
            "name": {
              "constant_value": "load_balancer_security_group"
            },
            "vpc_id": {
              "references": [
                "aws_vpc.terraform-lab-vpc.id",
                "aws_vpc.terraform-lab-vpc"
              ]
            }
          },
          "schema_version": 1
        },
        {
          "address": "aws_subnet.private-subnet-1",
          "mode": "managed",
          "type": "aws_subnet",
          "name": "private-subnet-1",
          "provider_config_key": "aws",
          "expressions": {
            "availability_zone": {
              "references": [
                "var.availability_zones[0]",
                "var.availability_zones"
              ]
            },
            "cidr_block": {
              "references": [
                "var.private_subnet_1_cidr"
              ]
            },
            "tags": {
              "constant_value": {
                "Name": "private-terraform-lab-subnet-1"
              }
            },
            "vpc_id": {
              "references": [
                "aws_vpc.terraform-lab-vpc.id",
                "aws_vpc.terraform-lab-vpc"
              ]
            }
          },
          "schema_version": 1
        },
        {
          "address": "aws_subnet.private-subnet-2",
          "mode": "managed",
          "type": "aws_subnet",
          "name": "private-subnet-2",
          "provider_config_key": "aws",
          "expressions": {
            "availability_zone": {
              "references": [
                "var.availability_zones[1]",
                "var.availability_zones"
              ]
            },
            "cidr_block": {
              "references": [
                "var.private_subnet_2_cidr"
              ]
            },
            "tags": {
              "constant_value": {
                "Name": "private-terraform-lab-subnet-2"
              }
            },
            "vpc_id": {
              "references": [
                "aws_vpc.terraform-lab-vpc.id",
                "aws_vpc.terraform-lab-vpc"
              ]
            }
          },
          "schema_version": 1
        },
        {
          "address": "aws_subnet.public-subnet-1",
          "mode": "managed",
          "type": "aws_subnet",
          "name": "public-subnet-1",
          "provider_config_key": "aws",
          "expressions": {
            "availability_zone": {
              "references": [
                "var.availability_zones[0]",
                "var.availability_zones"
              ]
            },
            "cidr_block": {
              "references": [
                "var.public_subnet_1_cidr"
              ]
            },
            "tags": {
              "constant_value": {
                "Name": "public-terraform-lab-subnet-1"
              }
            },
            "vpc_id": {
              "references": [
                "aws_vpc.terraform-lab-vpc.id",
                "aws_vpc.terraform-lab-vpc"
              ]
            }
          },
          "schema_version": 1
        },
        {
          "address": "aws_subnet.public-subnet-2",
          "mode": "managed",
          "type": "aws_subnet",
          "name": "public-subnet-2",
          "provider_config_key": "aws",
          "expressions": {
            "availability_zone": {
              "references": [
                "var.availability_zones[1]",
                "var.availability_zones"
              ]
            },
            "cidr_block": {
              "references": [
                "var.public_subnet_2_cidr"
              ]
            },
            "tags": {
              "constant_value": {
                "Name": "public-terraform-lab-subnet-2"
              }
            },
            "vpc_id": {
              "references": [
                "aws_vpc.terraform-lab-vpc.id",
                "aws_vpc.terraform-lab-vpc"
              ]
            }
          },
          "schema_version": 1
        },
        {
          "address": "aws_vpc.terraform-lab-vpc",
          "mode": "managed",
          "type": "aws_vpc",
          "name": "terraform-lab-vpc",
          "provider_config_key": "aws",
          "expressions": {
            "cidr_block": {
              "references": [
                "var.vpc_cidr"
              ]
            },
            "enable_dns_hostnames": {
              "constant_value": true
            },
            "enable_dns_support": {
              "constant_value": true
            },
            "tags": {
              "constant_value": {
                "Name": "terraform-lab-vpc"
              }
            }
          },
          "schema_version": 1
        },
        {
          "address": "data.aws_iam_policy_document.ec2",
          "mode": "data",
          "type": "aws_iam_policy_document",
          "name": "ec2",
          "provider_config_key": "aws",
          "expressions": {
            "statement": [
              {
                "actions": {
                  "constant_value": [
                    "sts:AssumeRole"
                  ]
                },
                "principals": [
                  {
                    "identifiers": {
                      "constant_value": [
                        "ec2.amazonaws.com"
                      ]
                    },
                    "type": {
                      "constant_value": "Service"
                    }
                  }
                ]
              }
            ]
          },
          "schema_version": 0
        }
      ],
      "variables": {
        "account": {
          "default": "633800640196",
          "description": "The AWS Account Number (10 digit) to create resources in."
        },
        "amis": {
          "default": {
            "us-east-1": "ami-05fa00d4c63e32376",
            "us-east-2": "ami-0568773882d492fc8"
          },
          "description": "Which AMI to spawn."
        },
        "autoscale_desired": {
          "default": "2",
          "description": "Desired autoscale (number of EC2)"
        },
        "autoscale_max": {
          "default": "2",
          "description": "Maximum autoscale (number of EC2)"
        },
        "autoscale_min": {
          "default": "2",
          "description": "Minimum autoscale (number of EC2)"
        },
        "availability_zones": {
          "default": [
            "us-east-2a",
            "us-east-2b",
            "us-east-2c"
          ],
          "description": "Availability zones"
        },
        "aws_key": {},
        "aws_secret": {},
        "ec2_instance_name": {
          "default": "terraform-lab",
          "description": "Name of the EC2 instance"
        },
        "health_check_path": {
          "default": "/",
          "description": "Health check path for the default target group"
        },
        "instance_type": {
          "default": "t2.micro"
        },
        "private_subnet_1_cidr": {
          "default": "10.0.3.0/24",
          "description": "CIDR Block for Private Subnet 1"
        },
        "private_subnet_2_cidr": {
          "default": "10.0.4.0/24",
          "description": "CIDR Block for Public Subnet 2"
        },
        "public_subnet_1_cidr": {
          "default": "10.0.1.0/24",
          "description": "CIDR Block for Public Subnet 1"
        },
        "public_subnet_2_cidr": {
          "default": "10.0.2.0/24",
          "description": "CIDR Block for Public Subnet 2"
        },
        "region": {
          "default": "us-east-2",
          "description": "The AWS region to create resources in."
        },
        "ssh_pubkey_file": {
          "default": "~/.ssh/aws/aws_key.pub",
          "description": "Path to an SSH public key"
        },
        "vpc_cidr": {
          "default": "10.0.0.0/16",
          "description": "CIDR Block for VPC"
        }
      }
    }
  },
  "relevant_attributes": [
    {
      "resource": "aws_launch_configuration.ec2",
      "attribute": [
        "name"
      ]
    },
    {
      "resource": "data.aws_iam_policy_document.ec2",
      "attribute": [
        "json"
      ]
    },
    {
      "resource": "aws_nat_gateway.terraform-lab-ngw",
      "attribute": [
        "id"
      ]
    },
    {
      "resource": "aws_alb_target_group.default-target-group",
      "attribute": [
        "arn"
      ]
    },
    {
      "resource": "aws_key_pair.terraform-lab",
      "attribute": [
        "key_name"
      ]
    },
    {
      "resource": "aws_lb.development",
      "attribute": [
        "zone_id"
      ]
    },
    {
      "resource": "aws_lb.development",
      "attribute": [
        "dns_name"
      ]
    },
    {
      "resource": "aws_eip.nat_gateway",
      "attribute": [
        "id"
      ]
    },
    {
      "resource": "aws_route_table.private-route-table",
      "attribute": [
        "id"
      ]
    },
    {
      "resource": "aws_route_table.public-route-table",
      "attribute": [
        "id"
      ]
    },
    {
      "resource": "aws_subnet.private-subnet-1",
      "attribute": [
        "id"
      ]
    },
    {
      "resource": "aws_security_group.load-balancer",
      "attribute": [
        "id"
      ]
    },
    {
      "resource": "aws_iam_instance_profile.session-manager",
      "attribute": [
        "id"
      ]
    },
    {
      "resource": "aws_security_group.ec2",
      "attribute": [
        "id"
      ]
    },
    {
      "resource": "aws_autoscaling_group.ec2-cluster",
      "attribute": [
        "id"
      ]
    },
    {
      "resource": "aws_subnet.private-subnet-2",
      "attribute": [
        "id"
      ]
    },
    {
      "resource": "aws_vpc.terraform-lab-vpc",
      "attribute": [
        "id"
      ]
    },
    {
      "resource": "aws_internet_gateway.terraform-lab-igw",
      "attribute": [
        "id"
      ]
    },
    {
      "resource": "aws_subnet.public-subnet-2",
      "attribute": [
        "id"
      ]
    },
    {
      "resource": "aws_subnet.public-subnet-1",
      "attribute": [
        "id"
      ]
    },
    {
      "resource": "aws_lb.development",
      "attribute": [
        "id"
      ]
    },
    {
      "resource": "aws_iam_role.session-manager",
      "attribute": [
        "name"
      ]
    }
  ],
  "timestamp": "2024-08-30T16:36:23Z"
}
