{
  "format_version": "1.2",
  "terraform_version": "1.5.7",
  "variables": {
    "account": {
      "value": "633800640196"
    },
    "amis": {
      "value": {
        "us-east-1": "ami-05fa00d4c63e32376",
        "us-east-2": "ami-0568773882d492fc8"
      }
    },
    "autoscale_desired": {
      "value": "2"
    },
    "autoscale_max": {
      "value": "2"
    },
    "autoscale_min": {
      "value": "2"
    },
    "availability_zones": {
      "value": [
        "us-east-2a",
        "us-east-2b",
        "us-east-2c"
      ]
    },
    "aws_key": {
      "value": "ASIAZHELWI3CELL56M4W"
    },
    "aws_secret": {
      "value": "ZI1j4X3BkPVdHTYOwBgoIL5CAoCPbMkPvo6FVPvk"
    },
    "ec2_instance_name": {
      "value": "terraform-lab"
    },
    "health_check_path": {
      "value": "/"
    },
    "instance_type": {
      "value": "t2.micro"
    },
    "private_subnet_1_cidr": {
      "value": "10.0.3.0/24"
    },
    "private_subnet_2_cidr": {
      "value": "10.0.4.0/24"
    },
    "public_subnet_1_cidr": {
      "value": "10.0.1.0/24"
    },
    "public_subnet_2_cidr": {
      "value": "10.0.2.0/24"
    },
    "region": {
      "value": "us-east-2"
    },
    "ssh_pubkey_file": {
      "value": "~/.ssh/aws/aws_key.pub"
    },
    "vpc_cidr": {
      "value": "10.0.0.0/16"
    }
  },
  "planned_values": {
    "outputs": {
      "alb_dns": {
        "sensitive": false,
        "type": "string",
        "value": "terraform-lab-alb-1965413173.us-east-2.elb.amazonaws.com"
      },
      "alb_zone": {
        "sensitive": false,
        "type": "string",
        "value": "Z3AADJGX6KTTL2"
      }
    },
    "root_module": {
      "resources": [
        {
          "address": "aws_alb_listener.ec2-alb-http-listener",
          "mode": "managed",
          "type": "aws_alb_listener",
          "name": "ec2-alb-http-listener",
          "provider_name": "registry.terraform.io/hashicorp/aws",
          "schema_version": 0,
          "values": {
            "alpn_policy": null,
            "arn": "arn:aws:elasticloadbalancing:us-east-2:633800640196:listener/app/terraform-lab-alb/86a214b3282b67ad/818e3791927a93a5",
            "certificate_arn": null,
            "default_action": [
              {
                "authenticate_cognito": [],
                "authenticate_oidc": [],
                "fixed_response": [],
                "forward": [],
                "order": 1,
                "redirect": [],
                "target_group_arn": "arn:aws:elasticloadbalancing:us-east-2:633800640196:targetgroup/terraform-lab-tg/ffb60b001fc40c10",
                "type": "forward"
              }
            ],
            "id": "arn:aws:elasticloadbalancing:us-east-2:633800640196:listener/app/terraform-lab-alb/86a214b3282b67ad/818e3791927a93a5",
            "load_balancer_arn": "arn:aws:elasticloadbalancing:us-east-2:633800640196:loadbalancer/app/terraform-lab-alb/86a214b3282b67ad",
            "mutual_authentication": [],
            "port": 80,
            "protocol": "HTTP",
            "ssl_policy": "",
            "tags": {},
            "tags_all": {},
            "timeouts": null
          },
          "sensitive_values": {
            "default_action": [
              {
                "authenticate_cognito": [],
                "authenticate_oidc": [],
                "fixed_response": [],
                "forward": [],
                "redirect": []
              }
            ],
            "mutual_authentication": [],
            "tags": {},
            "tags_all": {}
          }
        },
        {
          "address": "aws_alb_target_group.default-target-group",
          "mode": "managed",
          "type": "aws_alb_target_group",
          "name": "default-target-group",
          "provider_name": "registry.terraform.io/hashicorp/aws",
          "schema_version": 0,
          "values": {
            "arn": "arn:aws:elasticloadbalancing:us-east-2:633800640196:targetgroup/terraform-lab-tg/ffb60b001fc40c10",
            "arn_suffix": "targetgroup/terraform-lab-tg/ffb60b001fc40c10",
            "connection_termination": null,
            "deregistration_delay": "300",
            "health_check": [
              {
                "enabled": true,
                "healthy_threshold": 5,
                "interval": 60,
                "matcher": "200",
                "path": "/",
                "port": "traffic-port",
                "protocol": "HTTP",
                "timeout": 2,
                "unhealthy_threshold": 2
              }
            ],
            "id": "arn:aws:elasticloadbalancing:us-east-2:633800640196:targetgroup/terraform-lab-tg/ffb60b001fc40c10",
            "ip_address_type": "ipv4",
            "lambda_multi_value_headers_enabled": false,
            "load_balancer_arns": [
              "arn:aws:elasticloadbalancing:us-east-2:633800640196:loadbalancer/app/terraform-lab-alb/86a214b3282b67ad"
            ],
            "load_balancing_algorithm_type": "round_robin",
            "load_balancing_anomaly_mitigation": "off",
            "load_balancing_cross_zone_enabled": "use_load_balancer_configuration",
            "name": "terraform-lab-tg",
            "name_prefix": "",
            "port": 80,
            "preserve_client_ip": null,
            "protocol": "HTTP",
            "protocol_version": "HTTP1",
            "proxy_protocol_v2": false,
            "slow_start": 0,
            "stickiness": [
              {
                "cookie_duration": 86400,
                "cookie_name": "",
                "enabled": false,
                "type": "lb_cookie"
              }
            ],
            "tags": {},
            "tags_all": {},
            "target_failover": [
              {
                "on_deregistration": null,
                "on_unhealthy": null
              }
            ],
            "target_group_health": [
              {
                "dns_failover": [
                  {
                    "minimum_healthy_targets_count": "1",
                    "minimum_healthy_targets_percentage": "off"
                  }
                ],
                "unhealthy_state_routing": [
                  {
                    "minimum_healthy_targets_count": 1,
                    "minimum_healthy_targets_percentage": "off"
                  }
                ]
              }
            ],
            "target_health_state": [
              {
                "enable_unhealthy_connection_termination": null,
                "unhealthy_draining_interval": null
              }
            ],
            "target_type": "instance",
            "vpc_id": "vpc-071096b5a46adb53f"
          },
          "sensitive_values": {
            "health_check": [
              {}
            ],
            "load_balancer_arns": [
              false
            ],
            "stickiness": [
              {}
            ],
            "tags": {},
            "tags_all": {},
            "target_failover": [
              {}
            ],
            "target_group_health": [
              {
                "dns_failover": [
                  {}
                ],
                "unhealthy_state_routing": [
                  {}
                ]
              }
            ],
            "target_health_state": [
              {}
            ]
          }
        },
        {
          "address": "aws_autoscaling_attachment.asg_attachment_bar",
          "mode": "managed",
          "type": "aws_autoscaling_attachment",
          "name": "asg_attachment_bar",
          "provider_name": "registry.terraform.io/hashicorp/aws",
          "schema_version": 0,
          "values": {
            "autoscaling_group_name": "terraform-lab_auto_scaling_group",
            "elb": null,
            "id": "terraform-lab_auto_scaling_group-20240830171521511800000006",
            "lb_target_group_arn": "arn:aws:elasticloadbalancing:us-east-2:633800640196:targetgroup/terraform-lab-tg/ffb60b001fc40c10"
          },
          "sensitive_values": {}
        },
        {
          "address": "aws_autoscaling_group.ec2-cluster",
          "mode": "managed",
          "type": "aws_autoscaling_group",
          "name": "ec2-cluster",
          "provider_name": "registry.terraform.io/hashicorp/aws",
          "schema_version": 1,
          "values": {
            "arn": "arn:aws:autoscaling:us-east-2:633800640196:autoScalingGroup:4c57be5d-b057-4907-bf44-7d6321d052fb:autoScalingGroupName/terraform-lab_auto_scaling_group",
            "availability_zones": [
              "us-east-2a",
              "us-east-2b"
            ],
            "capacity_rebalance": false,
            "context": "",
            "default_cooldown": 300,
            "default_instance_warmup": 0,
            "desired_capacity": 2,
            "desired_capacity_type": "",
            "enabled_metrics": [],
            "force_delete": false,
            "force_delete_warm_pool": false,
            "health_check_grace_period": 300,
            "health_check_type": "EC2",
            "id": "terraform-lab_auto_scaling_group",
            "ignore_failed_scaling_activities": false,
            "initial_lifecycle_hook": [],
            "instance_maintenance_policy": [],
            "instance_refresh": [],
            "launch_configuration": "terraform-lab-instances-lc20240830171438711700000005",
            "launch_template": [],
            "load_balancers": [],
            "max_instance_lifetime": 0,
            "max_size": 2,
            "metrics_granularity": "1Minute",
            "min_elb_capacity": null,
            "min_size": 2,
            "mixed_instances_policy": [],
            "name": "terraform-lab_auto_scaling_group",
            "name_prefix": "",
            "placement_group": "",
            "predicted_capacity": 0,
            "protect_from_scale_in": false,
            "service_linked_role_arn": "arn:aws:iam::633800640196:role/aws-service-role/autoscaling.amazonaws.com/AWSServiceRoleForAutoScaling",
            "suspended_processes": [],
            "tag": [],
            "target_group_arns": [
              "arn:aws:elasticloadbalancing:us-east-2:633800640196:targetgroup/terraform-lab-tg/ffb60b001fc40c10"
            ],
            "termination_policies": [],
            "timeouts": null,
            "traffic_source": [
              {
                "identifier": "arn:aws:elasticloadbalancing:us-east-2:633800640196:targetgroup/terraform-lab-tg/ffb60b001fc40c10",
                "type": "elbv2"
              }
            ],
            "vpc_zone_identifier": [
              "subnet-04f9bb269fd864edf",
              "subnet-0d9a930cf90f4e3b8"
            ],
            "wait_for_capacity_timeout": "10m",
            "wait_for_elb_capacity": null,
            "warm_pool": [],
            "warm_pool_size": 0
          },
          "sensitive_values": {
            "availability_zones": [
              false,
              false
            ],
            "enabled_metrics": [],
            "initial_lifecycle_hook": [],
            "instance_maintenance_policy": [],
            "instance_refresh": [],
            "launch_template": [],
            "load_balancers": [],
            "mixed_instances_policy": [],
            "suspended_processes": [],
            "tag": [],
            "target_group_arns": [
              false
            ],
            "termination_policies": [],
            "traffic_source": [
              {}
            ],
            "vpc_zone_identifier": [
              false,
              false
            ],
            "warm_pool": []
          }
        },
        {
          "address": "aws_eip.nat_gateway",
          "mode": "managed",
          "type": "aws_eip",
          "name": "nat_gateway",
          "provider_name": "registry.terraform.io/hashicorp/aws",
          "schema_version": 0,
          "values": {
            "address": null,
            "allocation_id": "eipalloc-0833d4bdd2559f58b",
            "arn": "arn:aws:ec2:us-east-2:633800640196:elastic-ip/eipalloc-0833d4bdd2559f58b",
            "associate_with_private_ip": "10.0.0.5",
            "association_id": "eipassoc-0d5e737f3ec27322f",
            "carrier_ip": "",
            "customer_owned_ip": "",
            "customer_owned_ipv4_pool": "",
            "domain": "vpc",
            "id": "eipalloc-0833d4bdd2559f58b",
            "instance": "",
            "network_border_group": "us-east-2",
            "network_interface": "eni-0421ca05945b1e7ca",
            "private_dns": "ip-10-0-1-80.us-east-2.compute.internal",
            "private_ip": "10.0.1.80",
            "ptr_record": "",
            "public_dns": "ec2-52-14-190-247.us-east-2.compute.amazonaws.com",
            "public_ip": "52.14.190.247",
            "public_ipv4_pool": "amazon",
            "tags": {},
            "tags_all": {},
            "timeouts": null,
            "vpc": true
          },
          "sensitive_values": {
            "tags": {},
            "tags_all": {}
          }
        },
        {
          "address": "aws_iam_instance_profile.session-manager",
          "mode": "managed",
          "type": "aws_iam_instance_profile",
          "name": "session-manager",
          "provider_name": "registry.terraform.io/hashicorp/aws",
          "schema_version": 0,
          "values": {
            "arn": "arn:aws:iam::633800640196:instance-profile/session-manager",
            "create_date": "2024-08-30T17:12:40Z",
            "id": "session-manager",
            "name": "session-manager",
            "name_prefix": "",
            "path": "/",
            "role": "session-manager",
            "tags": {},
            "tags_all": {},
            "unique_id": "AIPAZHELWI3CKR25QTCMA"
          },
          "sensitive_values": {
            "tags": {},
            "tags_all": {}
          }
        },
        {
          "address": "aws_iam_policy.session-manager",
          "mode": "managed",
          "type": "aws_iam_policy",
          "name": "session-manager",
          "provider_name": "registry.terraform.io/hashicorp/aws",
          "schema_version": 0,
          "values": {
            "arn": "arn:aws:iam::633800640196:policy/session-manager",
            "attachment_count": 0,
            "description": "session-manager",
            "id": "arn:aws:iam::633800640196:policy/session-manager",
            "name": "session-manager",
            "name_prefix": "",
            "path": "/",
            "policy": "{\"Statement\":[{\"Action\":\"ec2:*\",\"Effect\":\"Allow\",\"Resource\":\"*\"},{\"Action\":\"elasticloadbalancing:*\",\"Effect\":\"Allow\",\"Resource\":\"*\"},{\"Action\":\"cloudwatch:*\",\"Effect\":\"Allow\",\"Resource\":\"*\"},{\"Action\":\"autoscaling:*\",\"Effect\":\"Allow\",\"Resource\":\"*\"},{\"Action\":\"iam:CreateServiceLinkedRole\",\"Condition\":{\"StringEquals\":{\"iam:AWSServiceName\":[\"autoscaling.amazonaws.com\",\"ec2scheduled.amazonaws.com\",\"elasticloadbalancing.amazonaws.com\",\"spot.amazonaws.com\",\"spotfleet.amazonaws.com\",\"transitgateway.amazonaws.com\"]}},\"Effect\":\"Allow\",\"Resource\":\"*\"}],\"Version\":\"2012-10-17\"}",
            "policy_id": "ANPAZHELWI3CH2HGFGXWS",
            "tags": {},
            "tags_all": {}
          },
          "sensitive_values": {
            "tags": {},
            "tags_all": {}
          }
        },
        {
          "address": "aws_iam_role.session-manager",
          "mode": "managed",
          "type": "aws_iam_role",
          "name": "session-manager",
          "provider_name": "registry.terraform.io/hashicorp/aws",
          "schema_version": 0,
          "values": {
            "arn": "arn:aws:iam::633800640196:role/session-manager",
            "assume_role_policy": "{\"Statement\":[{\"Action\":\"sts:AssumeRole\",\"Effect\":\"Allow\",\"Principal\":{\"Service\":\"ec2.amazonaws.com\"}}],\"Version\":\"2012-10-17\"}",
            "create_date": "2024-08-30T17:12:39Z",
            "description": "",
            "force_detach_policies": false,
            "id": "session-manager",
            "inline_policy": [],
            "managed_policy_arns": [],
            "max_session_duration": 3600,
            "name": "session-manager",
            "name_prefix": "",
            "path": "/",
            "permissions_boundary": "",
            "tags": {
              "Name": "session-manager"
            },
            "tags_all": {
              "Name": "session-manager"
            },
            "unique_id": "AROAZHELWI3CDJY7FFNSS"
          },
          "sensitive_values": {
            "inline_policy": [],
            "managed_policy_arns": [],
            "tags": {},
            "tags_all": {}
          }
        },
        {
          "address": "aws_instance.bastion",
          "mode": "managed",
          "type": "aws_instance",
          "name": "bastion",
          "provider_name": "registry.terraform.io/hashicorp/aws",
          "schema_version": 1,
          "values": {
            "ami": "ami-0568773882d492fc8",
            "associate_public_ip_address": true,
            "credit_specification": [],
            "get_password_data": false,
            "hibernation": null,
            "iam_instance_profile": "session-manager",
            "instance_type": "t2.micro",
            "key_name": "terraform-lab_key_pair",
            "launch_template": [],
            "security_groups": [
              "sg-097c5e722c0dcf4b9"
            ],
            "source_dest_check": true,
            "subnet_id": "subnet-0bce2540ca339fea7",
            "tags": {
              "Name": "Bastion"
            },
            "tags_all": {
              "Name": "Bastion"
            },
            "timeouts": null,
            "user_data_replace_on_change": true,
            "volume_tags": null
          },
          "sensitive_values": {
            "capacity_reservation_specification": [],
            "cpu_options": [],
            "credit_specification": [],
            "ebs_block_device": [],
            "enclave_options": [],
            "ephemeral_block_device": [],
            "instance_market_options": [],
            "ipv6_addresses": [],
            "launch_template": [],
            "maintenance_options": [],
            "metadata_options": [],
            "network_interface": [],
            "private_dns_name_options": [],
            "root_block_device": [],
            "secondary_private_ips": [],
            "security_groups": [
              false
            ],
            "tags": {},
            "tags_all": {},
            "vpc_security_group_ids": []
          }
        },
        {
          "address": "aws_internet_gateway.terraform-lab-igw",
          "mode": "managed",
          "type": "aws_internet_gateway",
          "name": "terraform-lab-igw",
          "provider_name": "registry.terraform.io/hashicorp/aws",
          "schema_version": 0,
          "values": {
            "arn": "arn:aws:ec2:us-east-2:633800640196:internet-gateway/igw-0e9d8fe39f08710d9",
            "id": "igw-0e9d8fe39f08710d9",
            "owner_id": "633800640196",
            "tags": {
              "Name": "terraform-lab-igw"
            },
            "tags_all": {
              "Name": "terraform-lab-igw"
            },
            "timeouts": null,
            "vpc_id": "vpc-071096b5a46adb53f"
          },
          "sensitive_values": {
            "tags": {},
            "tags_all": {}
          }
        },
        {
          "address": "aws_key_pair.terraform-lab",
          "mode": "managed",
          "type": "aws_key_pair",
          "name": "terraform-lab",
          "provider_name": "registry.terraform.io/hashicorp/aws",
          "schema_version": 1,
          "values": {
            "arn": "arn:aws:ec2:us-east-2:633800640196:key-pair/terraform-lab_key_pair",
            "fingerprint": "ba:04:4b:e9:a1:15:dd:c8:9e:f7:43:e4:19:73:0c:d3",
            "id": "terraform-lab_key_pair",
            "key_name": "terraform-lab_key_pair",
            "key_name_prefix": "",
            "key_pair_id": "key-028d897f2bd6c4b98",
            "key_type": "rsa",
            "public_key": "ssh-rsa AAAAB3NzaC1yc2EAAAADAQABAAACAQC0/xGzPohhw8khG8IvMMnSjMT5WnVEWs6GjU/heza1NyR2O8xYvztuHlZVEXzLie3jdgDHD8qKBIjpw4WsGIJyujW5AY2OXDHpgC0GWeeDz5M1jTl6w9rLNQrukr0v/lMCXTyeOE3xNkQRZOpr4nRF1nBG0VjCpQNl+PmhvjmXQ1JNfnXn4d3aJlKPqwhJVJOXgvxj6kMiVc7B5PyjrmdEt7ZT0KNmrYkKQ6bldrEe3sDQGlTdsUSXDk/8Xe30aYCJZm+SZHHUX+SKD4a0SYJd3zTkhlNncK8VJh20gUxWxCuMg6ySQGqfVqhE5KxbOwU7DSuFv3N7L1PodfcUbRbEAUWHhk1s9OZdgA4aF8MSfnhAcDshFrY/OnGeDX2F3O4YpDhb1x48b7jQNAtMEh53XapI3kVVrkhy0WDLzJcZAhXAgP4TF7OgdsswSNpdqudOQS/d6PABLhAJaSrmkwxhKTeJHp3yUNC9ZClElHMagQRcVzxHbDYqOjEU08hHvwIjzPhctiTayHtmDO+KH7ppHNfIfPagIlKQ0nTv8mdl1YUwOZ8a1i1jQcjhcJjKvlyNYYDyPwLE9JdiptUH/v1Z/S/RnRY+IdU2l7tsKZ45IbDs9D7RvtmBPMfA1wR/BJh6Jb6ra3PQ+7/Fp+Aj5QTcrg1Xp1f2y9sfqgqy3kakaw== your_email@example.com",
            "tags": {},
            "tags_all": {}
          },
          "sensitive_values": {
            "tags": {},
            "tags_all": {}
          }
        },
        {
          "address": "aws_launch_configuration.ec2",
          "mode": "managed",
          "type": "aws_launch_configuration",
          "name": "ec2",
          "provider_name": "registry.terraform.io/hashicorp/aws",
          "schema_version": 0,
          "values": {
            "arn": "arn:aws:autoscaling:us-east-2:633800640196:launchConfiguration:f8058930-6dc5-4034-8546-84b1fc843720:launchConfigurationName/terraform-lab-instances-lc20240830171438711700000005",
            "associate_public_ip_address": false,
            "ebs_block_device": [],
            "ebs_optimized": false,
            "enable_monitoring": true,
            "ephemeral_block_device": [],
            "iam_instance_profile": "session-manager",
            "id": "terraform-lab-instances-lc20240830171438711700000005",
            "image_id": "ami-0568773882d492fc8",
            "instance_type": "t2.micro",
            "key_name": "terraform-lab_key_pair",
            "metadata_options": [],
            "name": "terraform-lab-instances-lc20240830171438711700000005",
            "name_prefix": "terraform-lab-instances-lc",
            "placement_tenancy": "",
            "root_block_device": [],
            "security_groups": [
              "sg-097c5e722c0dcf4b9"
            ],
            "spot_price": "",
            "user_data": "aa3f04b53a0ffd5534ad3823bee027f463a55e91",
            "user_data_base64": null
          },
          "sensitive_values": {
            "ebs_block_device": [],
            "ephemeral_block_device": [],
            "metadata_options": [],
            "root_block_device": [],
            "security_groups": [
              false
            ]
          }
        },
        {
          "address": "aws_lb.development",
          "mode": "managed",
          "type": "aws_lb",
          "name": "development",
          "provider_name": "registry.terraform.io/hashicorp/aws",
          "schema_version": 0,
          "values": {
            "access_logs": [
              {
                "bucket": "",
                "enabled": false,
                "prefix": ""
              }
            ],
            "arn": "arn:aws:elasticloadbalancing:us-east-2:633800640196:loadbalancer/app/terraform-lab-alb/86a214b3282b67ad",
            "arn_suffix": "app/terraform-lab-alb/86a214b3282b67ad",
            "client_keep_alive": 3600,
            "connection_logs": [
              {
                "bucket": "",
                "enabled": false,
                "prefix": ""
              }
            ],
            "customer_owned_ipv4_pool": "",
            "desync_mitigation_mode": "defensive",
            "dns_name": "terraform-lab-alb-1965413173.us-east-2.elb.amazonaws.com",
            "dns_record_client_routing_policy": null,
            "drop_invalid_header_fields": false,
            "enable_cross_zone_load_balancing": true,
            "enable_deletion_protection": false,
            "enable_http2": true,
            "enable_tls_version_and_cipher_suite_headers": false,
            "enable_waf_fail_open": false,
            "enable_xff_client_port": false,
            "enforce_security_group_inbound_rules_on_private_link_traffic": "",
            "id": "arn:aws:elasticloadbalancing:us-east-2:633800640196:loadbalancer/app/terraform-lab-alb/86a214b3282b67ad",
            "idle_timeout": 60,
            "internal": false,
            "ip_address_type": "ipv4",
            "load_balancer_type": "application",
            "name": "terraform-lab-alb",
            "name_prefix": "",
            "preserve_host_header": false,
            "security_groups": [
              "sg-03d62a43eaf3b37fd"
            ],
            "subnet_mapping": [
              {
                "allocation_id": "",
                "ipv6_address": "",
                "outpost_id": "",
                "private_ipv4_address": "",
                "subnet_id": "subnet-0bce2540ca339fea7"
              },
              {
                "allocation_id": "",
                "ipv6_address": "",
                "outpost_id": "",
                "private_ipv4_address": "",
                "subnet_id": "subnet-0bfec90ba3a7a3238"
              }
            ],
            "subnets": [
              "subnet-0bce2540ca339fea7",
              "subnet-0bfec90ba3a7a3238"
            ],
            "tags": {},
            "tags_all": {},
            "timeouts": null,
            "vpc_id": "vpc-071096b5a46adb53f",
            "xff_header_processing_mode": "append",
            "zone_id": "Z3AADJGX6KTTL2"
          },
          "sensitive_values": {
            "access_logs": [
              {}
            ],
            "connection_logs": [
              {}
            ],
            "security_groups": [
              false
            ],
            "subnet_mapping": [
              {},
              {}
            ],
            "subnets": [
              false,
              false
            ],
            "tags": {},
            "tags_all": {}
          }
        },
        {
          "address": "aws_nat_gateway.terraform-lab-ngw",
          "mode": "managed",
          "type": "aws_nat_gateway",
          "name": "terraform-lab-ngw",
          "provider_name": "registry.terraform.io/hashicorp/aws",
          "schema_version": 0,
          "values": {
            "allocation_id": "eipalloc-0833d4bdd2559f58b",
            "association_id": "eipassoc-0d5e737f3ec27322f",
            "connectivity_type": "public",
            "id": "nat-02e2abdc891635153",
            "network_interface_id": "eni-0421ca05945b1e7ca",
            "private_ip": "10.0.1.80",
            "public_ip": "52.14.190.247",
            "secondary_allocation_ids": [],
            "secondary_private_ip_address_count": 0,
            "secondary_private_ip_addresses": [],
            "subnet_id": "subnet-0bce2540ca339fea7",
            "tags": {
              "Name": "terraform-lab-ngw"
            },
            "tags_all": {
              "Name": "terraform-lab-ngw"
            },
            "timeouts": null
          },
          "sensitive_values": {
            "secondary_allocation_ids": [],
            "secondary_private_ip_addresses": [],
            "tags": {},
            "tags_all": {}
          }
        },
        {
          "address": "aws_route.nat-ngw-route",
          "mode": "managed",
          "type": "aws_route",
          "name": "nat-ngw-route",
          "provider_name": "registry.terraform.io/hashicorp/aws",
          "schema_version": 0,
          "values": {
            "carrier_gateway_id": "",
            "core_network_arn": "",
            "destination_cidr_block": "0.0.0.0/0",
            "destination_ipv6_cidr_block": "",
            "destination_prefix_list_id": "",
            "egress_only_gateway_id": "",
            "gateway_id": "",
            "id": "r-rtb-099486e39ad92985c1080289494",
            "instance_id": "",
            "instance_owner_id": "",
            "local_gateway_id": "",
            "nat_gateway_id": "nat-02e2abdc891635153",
            "network_interface_id": "",
            "origin": "CreateRoute",
            "route_table_id": "rtb-099486e39ad92985c",
            "state": "active",
            "timeouts": null,
            "transit_gateway_id": "",
            "vpc_endpoint_id": "",
            "vpc_peering_connection_id": ""
          },
          "sensitive_values": {}
        },
        {
          "address": "aws_route.public-internet-igw-route",
          "mode": "managed",
          "type": "aws_route",
          "name": "public-internet-igw-route",
          "provider_name": "registry.terraform.io/hashicorp/aws",
          "schema_version": 0,
          "values": {
            "carrier_gateway_id": "",
            "core_network_arn": "",
            "destination_cidr_block": "0.0.0.0/0",
            "destination_ipv6_cidr_block": "",
            "destination_prefix_list_id": "",
            "egress_only_gateway_id": "",
            "gateway_id": "igw-0e9d8fe39f08710d9",
            "id": "r-rtb-0ccdb315c1d0b20331080289494",
            "instance_id": "",
            "instance_owner_id": "",
            "local_gateway_id": "",
            "nat_gateway_id": "",
            "network_interface_id": "",
            "origin": "CreateRoute",
            "route_table_id": "rtb-0ccdb315c1d0b2033",
            "state": "active",
            "timeouts": null,
            "transit_gateway_id": "",
            "vpc_endpoint_id": "",
            "vpc_peering_connection_id": ""
          },
          "sensitive_values": {}
        },
        {
          "address": "aws_route_table.private-route-table",
          "mode": "managed",
          "type": "aws_route_table",
          "name": "private-route-table",
          "provider_name": "registry.terraform.io/hashicorp/aws",
          "schema_version": 0,
          "values": {
            "arn": "arn:aws:ec2:us-east-2:633800640196:route-table/rtb-099486e39ad92985c",
            "id": "rtb-099486e39ad92985c",
            "owner_id": "633800640196",
            "propagating_vgws": [],
            "route": [
              {
                "carrier_gateway_id": "",
                "cidr_block": "0.0.0.0/0",
                "core_network_arn": "",
                "destination_prefix_list_id": "",
                "egress_only_gateway_id": "",
                "gateway_id": "",
                "ipv6_cidr_block": "",
                "local_gateway_id": "",
                "nat_gateway_id": "nat-02e2abdc891635153",
                "network_interface_id": "",
                "transit_gateway_id": "",
                "vpc_endpoint_id": "",
                "vpc_peering_connection_id": ""
              }
            ],
            "tags": {
              "Name": "private-terraform-lab-route-table"
            },
            "tags_all": {
              "Name": "private-terraform-lab-route-table"
            },
            "timeouts": null,
            "vpc_id": "vpc-071096b5a46adb53f"
          },
          "sensitive_values": {
            "propagating_vgws": [],
            "route": [
              {}
            ],
            "tags": {},
            "tags_all": {}
          }
        },
        {
          "address": "aws_route_table.public-route-table",
          "mode": "managed",
          "type": "aws_route_table",
          "name": "public-route-table",
          "provider_name": "registry.terraform.io/hashicorp/aws",
          "schema_version": 0,
          "values": {
            "arn": "arn:aws:ec2:us-east-2:633800640196:route-table/rtb-0ccdb315c1d0b2033",
            "id": "rtb-0ccdb315c1d0b2033",
            "owner_id": "633800640196",
            "propagating_vgws": [],
            "route": [
              {
                "carrier_gateway_id": "",
                "cidr_block": "0.0.0.0/0",
                "core_network_arn": "",
                "destination_prefix_list_id": "",
                "egress_only_gateway_id": "",
                "gateway_id": "igw-0e9d8fe39f08710d9",
                "ipv6_cidr_block": "",
                "local_gateway_id": "",
                "nat_gateway_id": "",
                "network_interface_id": "",
                "transit_gateway_id": "",
                "vpc_endpoint_id": "",
                "vpc_peering_connection_id": ""
              }
            ],
            "tags": {
              "Name": "public-terraform-lab-route-table"
            },
            "tags_all": {
              "Name": "public-terraform-lab-route-table"
            },
            "timeouts": null,
            "vpc_id": "vpc-071096b5a46adb53f"
          },
          "sensitive_values": {
            "propagating_vgws": [],
            "route": [
              {}
            ],
            "tags": {},
            "tags_all": {}
          }
        },
        {
          "address": "aws_route_table_association.private-route-1-association",
          "mode": "managed",
          "type": "aws_route_table_association",
          "name": "private-route-1-association",
          "provider_name": "registry.terraform.io/hashicorp/aws",
          "schema_version": 0,
          "values": {
            "gateway_id": "",
            "id": "rtbassoc-0fe81a1ad4d69a3b7",
            "route_table_id": "rtb-099486e39ad92985c",
            "subnet_id": "subnet-04f9bb269fd864edf",
            "timeouts": null
          },
          "sensitive_values": {}
        },
        {
          "address": "aws_route_table_association.private-route-2-association",
          "mode": "managed",
          "type": "aws_route_table_association",
          "name": "private-route-2-association",
          "provider_name": "registry.terraform.io/hashicorp/aws",
          "schema_version": 0,
          "values": {
            "gateway_id": "",
            "id": "rtbassoc-06d187d83ebc0f248",
            "route_table_id": "rtb-099486e39ad92985c",
            "subnet_id": "subnet-0d9a930cf90f4e3b8",
            "timeouts": null
          },
          "sensitive_values": {}
        },
        {
          "address": "aws_route_table_association.public-route-1-association",
          "mode": "managed",
          "type": "aws_route_table_association",
          "name": "public-route-1-association",
          "provider_name": "registry.terraform.io/hashicorp/aws",
          "schema_version": 0,
          "values": {
            "gateway_id": "",
            "id": "rtbassoc-02f724bd9f36690ee",
            "route_table_id": "rtb-0ccdb315c1d0b2033",
            "subnet_id": "subnet-0bce2540ca339fea7",
            "timeouts": null
          },
          "sensitive_values": {}
        },
        {
          "address": "aws_route_table_association.public-route-2-association",
          "mode": "managed",
          "type": "aws_route_table_association",
          "name": "public-route-2-association",
          "provider_name": "registry.terraform.io/hashicorp/aws",
          "schema_version": 0,
          "values": {
            "gateway_id": "",
            "id": "rtbassoc-0c4f359d9d2dd7aab",
            "route_table_id": "rtb-0ccdb315c1d0b2033",
            "subnet_id": "subnet-0bfec90ba3a7a3238",
            "timeouts": null
          },
          "sensitive_values": {}
        },
        {
          "address": "aws_security_group.ec2",
          "mode": "managed",
          "type": "aws_security_group",
          "name": "ec2",
          "provider_name": "registry.terraform.io/hashicorp/aws",
          "schema_version": 1,
          "values": {
            "arn": "arn:aws:ec2:us-east-2:633800640196:security-group/sg-097c5e722c0dcf4b9",
            "description": "Allows inbound access from the ALB only",
            "egress": [
              {
                "cidr_blocks": [
                  "0.0.0.0/0"
                ],
                "description": "",
                "from_port": 0,
                "ipv6_cidr_blocks": [],
                "prefix_list_ids": [],
                "protocol": "-1",
                "security_groups": [],
                "self": false,
                "to_port": 0
              }
            ],
            "id": "sg-097c5e722c0dcf4b9",
            "ingress": [
              {
                "cidr_blocks": [
                  "0.0.0.0/0"
                ],
                "description": "",
                "from_port": 22,
                "ipv6_cidr_blocks": [],
                "prefix_list_ids": [],
                "protocol": "tcp",
                "security_groups": [],
                "self": false,
                "to_port": 22
              },
              {
                "cidr_blocks": [],
                "description": "",
                "from_port": 0,
                "ipv6_cidr_blocks": [],
                "prefix_list_ids": [],
                "protocol": "-1",
                "security_groups": [
                  "sg-03d62a43eaf3b37fd"
                ],
                "self": false,
                "to_port": 0
              }
            ],
            "name": "ec2_security_group",
            "name_prefix": "",
            "owner_id": "633800640196",
            "revoke_rules_on_delete": false,
            "tags": {},
            "tags_all": {},
            "timeouts": null,
            "vpc_id": "vpc-071096b5a46adb53f"
          },
          "sensitive_values": {
            "egress": [
              {
                "cidr_blocks": [
                  false
                ],
                "ipv6_cidr_blocks": [],
                "prefix_list_ids": [],
                "security_groups": []
              }
            ],
            "ingress": [
              {
                "cidr_blocks": [
                  false
                ],
                "ipv6_cidr_blocks": [],
                "prefix_list_ids": [],
                "security_groups": []
              },
              {
                "cidr_blocks": [],
                "ipv6_cidr_blocks": [],
                "prefix_list_ids": [],
                "security_groups": [
                  false
                ]
              }
            ],
            "tags": {},
            "tags_all": {}
          }
        },
        {
          "address": "aws_security_group.load-balancer",
          "mode": "managed",
          "type": "aws_security_group",
          "name": "load-balancer",
          "provider_name": "registry.terraform.io/hashicorp/aws",
          "schema_version": 1,
          "values": {
            "arn": "arn:aws:ec2:us-east-2:633800640196:security-group/sg-03d62a43eaf3b37fd",
            "description": "Controls access to the ALB",
            "egress": [
              {
                "cidr_blocks": [
                  "0.0.0.0/0"
                ],
                "description": "",
                "from_port": 0,
                "ipv6_cidr_blocks": [],
                "prefix_list_ids": [],
                "protocol": "-1",
                "security_groups": [],
                "self": false,
                "to_port": 0
              }
            ],
            "id": "sg-03d62a43eaf3b37fd",
            "ingress": [
              {
                "cidr_blocks": [
                  "0.0.0.0/0"
                ],
                "description": "",
                "from_port": 80,
                "ipv6_cidr_blocks": [],
                "prefix_list_ids": [],
                "protocol": "tcp",
                "security_groups": [],
                "self": false,
                "to_port": 80
              }
            ],
            "name": "load_balancer_security_group",
            "name_prefix": "",
            "owner_id": "633800640196",
            "revoke_rules_on_delete": false,
            "tags": {},
            "tags_all": {},
            "timeouts": null,
            "vpc_id": "vpc-071096b5a46adb53f"
          },
          "sensitive_values": {
            "egress": [
              {
                "cidr_blocks": [
                  false
                ],
                "ipv6_cidr_blocks": [],
                "prefix_list_ids": [],
                "security_groups": []
              }
            ],
            "ingress": [
              {
                "cidr_blocks": [
                  false
                ],
                "ipv6_cidr_blocks": [],
                "prefix_list_ids": [],
                "security_groups": []
              }
            ],
            "tags": {},
            "tags_all": {}
          }
        },
        {
          "address": "aws_subnet.private-subnet-1",
          "mode": "managed",
          "type": "aws_subnet",
          "name": "private-subnet-1",
          "provider_name": "registry.terraform.io/hashicorp/aws",
          "schema_version": 1,
          "values": {
            "arn": "arn:aws:ec2:us-east-2:633800640196:subnet/subnet-04f9bb269fd864edf",
            "assign_ipv6_address_on_creation": false,
            "availability_zone": "us-east-2a",
            "availability_zone_id": "use2-az1",
            "cidr_block": "10.0.3.0/24",
            "customer_owned_ipv4_pool": "",
            "enable_dns64": false,
            "enable_lni_at_device_index": 0,
            "enable_resource_name_dns_a_record_on_launch": false,
            "enable_resource_name_dns_aaaa_record_on_launch": false,
            "id": "subnet-04f9bb269fd864edf",
            "ipv6_cidr_block": "",
            "ipv6_cidr_block_association_id": "",
            "ipv6_native": false,
            "map_customer_owned_ip_on_launch": false,
            "map_public_ip_on_launch": false,
            "outpost_arn": "",
            "owner_id": "633800640196",
            "private_dns_hostname_type_on_launch": "ip-name",
            "tags": {
              "Name": "private-terraform-lab-subnet-1"
            },
            "tags_all": {
              "Name": "private-terraform-lab-subnet-1"
            },
            "timeouts": null,
            "vpc_id": "vpc-071096b5a46adb53f"
          },
          "sensitive_values": {
            "tags": {},
            "tags_all": {}
          }
        },
        {
          "address": "aws_subnet.private-subnet-2",
          "mode": "managed",
          "type": "aws_subnet",
          "name": "private-subnet-2",
          "provider_name": "registry.terraform.io/hashicorp/aws",
          "schema_version": 1,
          "values": {
            "arn": "arn:aws:ec2:us-east-2:633800640196:subnet/subnet-0d9a930cf90f4e3b8",
            "assign_ipv6_address_on_creation": false,
            "availability_zone": "us-east-2b",
            "availability_zone_id": "use2-az2",
            "cidr_block": "10.0.4.0/24",
            "customer_owned_ipv4_pool": "",
            "enable_dns64": false,
            "enable_lni_at_device_index": 0,
            "enable_resource_name_dns_a_record_on_launch": false,
            "enable_resource_name_dns_aaaa_record_on_launch": false,
            "id": "subnet-0d9a930cf90f4e3b8",
            "ipv6_cidr_block": "",
            "ipv6_cidr_block_association_id": "",
            "ipv6_native": false,
            "map_customer_owned_ip_on_launch": false,
            "map_public_ip_on_launch": false,
            "outpost_arn": "",
            "owner_id": "633800640196",
            "private_dns_hostname_type_on_launch": "ip-name",
            "tags": {
              "Name": "private-terraform-lab-subnet-2"
            },
            "tags_all": {
              "Name": "private-terraform-lab-subnet-2"
            },
            "timeouts": null,
            "vpc_id": "vpc-071096b5a46adb53f"
          },
          "sensitive_values": {
            "tags": {},
            "tags_all": {}
          }
        },
        {
          "address": "aws_subnet.public-subnet-1",
          "mode": "managed",
          "type": "aws_subnet",
          "name": "public-subnet-1",
          "provider_name": "registry.terraform.io/hashicorp/aws",
          "schema_version": 1,
          "values": {
            "arn": "arn:aws:ec2:us-east-2:633800640196:subnet/subnet-0bce2540ca339fea7",
            "assign_ipv6_address_on_creation": false,
            "availability_zone": "us-east-2a",
            "availability_zone_id": "use2-az1",
            "cidr_block": "10.0.1.0/24",
            "customer_owned_ipv4_pool": "",
            "enable_dns64": false,
            "enable_lni_at_device_index": 0,
            "enable_resource_name_dns_a_record_on_launch": false,
            "enable_resource_name_dns_aaaa_record_on_launch": false,
            "id": "subnet-0bce2540ca339fea7",
            "ipv6_cidr_block": "",
            "ipv6_cidr_block_association_id": "",
            "ipv6_native": false,
            "map_customer_owned_ip_on_launch": false,
            "map_public_ip_on_launch": false,
            "outpost_arn": "",
            "owner_id": "633800640196",
            "private_dns_hostname_type_on_launch": "ip-name",
            "tags": {
              "Name": "public-terraform-lab-subnet-1"
            },
            "tags_all": {
              "Name": "public-terraform-lab-subnet-1"
            },
            "timeouts": null,
            "vpc_id": "vpc-071096b5a46adb53f"
          },
          "sensitive_values": {
            "tags": {},
            "tags_all": {}
          }
        },
        {
          "address": "aws_subnet.public-subnet-2",
          "mode": "managed",
          "type": "aws_subnet",
          "name": "public-subnet-2",
          "provider_name": "registry.terraform.io/hashicorp/aws",
          "schema_version": 1,
          "values": {
            "arn": "arn:aws:ec2:us-east-2:633800640196:subnet/subnet-0bfec90ba3a7a3238",
            "assign_ipv6_address_on_creation": false,
            "availability_zone": "us-east-2b",
            "availability_zone_id": "use2-az2",
            "cidr_block": "10.0.2.0/24",
            "customer_owned_ipv4_pool": "",
            "enable_dns64": false,
            "enable_lni_at_device_index": 0,
            "enable_resource_name_dns_a_record_on_launch": false,
            "enable_resource_name_dns_aaaa_record_on_launch": false,
            "id": "subnet-0bfec90ba3a7a3238",
            "ipv6_cidr_block": "",
            "ipv6_cidr_block_association_id": "",
            "ipv6_native": false,
            "map_customer_owned_ip_on_launch": false,
            "map_public_ip_on_launch": false,
            "outpost_arn": "",
            "owner_id": "633800640196",
            "private_dns_hostname_type_on_launch": "ip-name",
            "tags": {
              "Name": "public-terraform-lab-subnet-2"
            },
            "tags_all": {
              "Name": "public-terraform-lab-subnet-2"
            },
            "timeouts": null,
            "vpc_id": "vpc-071096b5a46adb53f"
          },
          "sensitive_values": {
            "tags": {},
            "tags_all": {}
          }
        },
        {
          "address": "aws_vpc.terraform-lab-vpc",
          "mode": "managed",
          "type": "aws_vpc",
          "name": "terraform-lab-vpc",
          "provider_name": "registry.terraform.io/hashicorp/aws",
          "schema_version": 1,
          "values": {
            "arn": "arn:aws:ec2:us-east-2:633800640196:vpc/vpc-071096b5a46adb53f",
            "assign_generated_ipv6_cidr_block": false,
            "cidr_block": "10.0.0.0/16",
            "default_network_acl_id": "acl-0cf034a071db23f3f",
            "default_route_table_id": "rtb-03bd4132e0b40be89",
            "default_security_group_id": "sg-0df22232c18efc12a",
            "dhcp_options_id": "dopt-0ceb8b66f947a9a79",
            "enable_dns_hostnames": true,
            "enable_dns_support": true,
            "enable_network_address_usage_metrics": false,
            "id": "vpc-071096b5a46adb53f",
            "instance_tenancy": "default",
            "ipv4_ipam_pool_id": null,
            "ipv4_netmask_length": null,
            "ipv6_association_id": "",
            "ipv6_cidr_block": "",
            "ipv6_cidr_block_network_border_group": "",
            "ipv6_ipam_pool_id": "",
            "ipv6_netmask_length": 0,
            "main_route_table_id": "rtb-03bd4132e0b40be89",
            "owner_id": "633800640196",
            "tags": {
              "Name": "terraform-lab-vpc"
            },
            "tags_all": {
              "Name": "terraform-lab-vpc"
            }
          },
          "sensitive_values": {
            "tags": {},
            "tags_all": {}
          }
        }
      ]
    }
  },
  "resource_drift": [
    {
      "address": "aws_alb_listener.ec2-alb-http-listener",
      "mode": "managed",
      "type": "aws_alb_listener",
      "name": "ec2-alb-http-listener",
      "provider_name": "registry.terraform.io/hashicorp/aws",
      "change": {
        "actions": [
          "update"
        ],
        "before": {
          "alpn_policy": null,
          "arn": "arn:aws:elasticloadbalancing:us-east-2:633800640196:listener/app/terraform-lab-alb/86a214b3282b67ad/818e3791927a93a5",
          "certificate_arn": null,
          "default_action": [
            {
              "authenticate_cognito": [],
              "authenticate_oidc": [],
              "fixed_response": [],
              "forward": [],
              "order": 1,
              "redirect": [],
              "target_group_arn": "arn:aws:elasticloadbalancing:us-east-2:633800640196:targetgroup/terraform-lab-tg/ffb60b001fc40c10",
              "type": "forward"
            }
          ],
          "id": "arn:aws:elasticloadbalancing:us-east-2:633800640196:listener/app/terraform-lab-alb/86a214b3282b67ad/818e3791927a93a5",
          "load_balancer_arn": "arn:aws:elasticloadbalancing:us-east-2:633800640196:loadbalancer/app/terraform-lab-alb/86a214b3282b67ad",
          "mutual_authentication": [],
          "port": 80,
          "protocol": "HTTP",
          "ssl_policy": "",
          "tags": null,
          "tags_all": {},
          "timeouts": null
        },
        "after": {
          "alpn_policy": null,
          "arn": "arn:aws:elasticloadbalancing:us-east-2:633800640196:listener/app/terraform-lab-alb/86a214b3282b67ad/818e3791927a93a5",
          "certificate_arn": null,
          "default_action": [
            {
              "authenticate_cognito": [],
              "authenticate_oidc": [],
              "fixed_response": [],
              "forward": [],
              "order": 1,
              "redirect": [],
              "target_group_arn": "arn:aws:elasticloadbalancing:us-east-2:633800640196:targetgroup/terraform-lab-tg/ffb60b001fc40c10",
              "type": "forward"
            }
          ],
          "id": "arn:aws:elasticloadbalancing:us-east-2:633800640196:listener/app/terraform-lab-alb/86a214b3282b67ad/818e3791927a93a5",
          "load_balancer_arn": "arn:aws:elasticloadbalancing:us-east-2:633800640196:loadbalancer/app/terraform-lab-alb/86a214b3282b67ad",
          "mutual_authentication": [],
          "port": 80,
          "protocol": "HTTP",
          "ssl_policy": "",
          "tags": {},
          "tags_all": {},
          "timeouts": null
        },
        "after_unknown": {},
        "before_sensitive": {
          "default_action": [
            {
              "authenticate_cognito": [],
              "authenticate_oidc": [],
              "fixed_response": [],
              "forward": [],
              "redirect": []
            }
          ],
          "mutual_authentication": [],
          "tags_all": {}
        },
        "after_sensitive": {
          "default_action": [
            {
              "authenticate_cognito": [],
              "authenticate_oidc": [],
              "fixed_response": [],
              "forward": [],
              "redirect": []
            }
          ],
          "mutual_authentication": [],
          "tags": {},
          "tags_all": {}
        }
      }
    },
    {
      "address": "aws_alb_target_group.default-target-group",
      "mode": "managed",
      "type": "aws_alb_target_group",
      "name": "default-target-group",
      "provider_name": "registry.terraform.io/hashicorp/aws",
      "change": {
        "actions": [
          "update"
        ],
        "before": {
          "arn": "arn:aws:elasticloadbalancing:us-east-2:633800640196:targetgroup/terraform-lab-tg/ffb60b001fc40c10",
          "arn_suffix": "targetgroup/terraform-lab-tg/ffb60b001fc40c10",
          "connection_termination": null,
          "deregistration_delay": "300",
          "health_check": [
            {
              "enabled": true,
              "healthy_threshold": 5,
              "interval": 60,
              "matcher": "200",
              "path": "/",
              "port": "traffic-port",
              "protocol": "HTTP",
              "timeout": 2,
              "unhealthy_threshold": 2
            }
          ],
          "id": "arn:aws:elasticloadbalancing:us-east-2:633800640196:targetgroup/terraform-lab-tg/ffb60b001fc40c10",
          "ip_address_type": "ipv4",
          "lambda_multi_value_headers_enabled": false,
          "load_balancer_arns": [],
          "load_balancing_algorithm_type": "round_robin",
          "load_balancing_anomaly_mitigation": "off",
          "load_balancing_cross_zone_enabled": "use_load_balancer_configuration",
          "name": "terraform-lab-tg",
          "name_prefix": "",
          "port": 80,
          "preserve_client_ip": null,
          "protocol": "HTTP",
          "protocol_version": "HTTP1",
          "proxy_protocol_v2": false,
          "slow_start": 0,
          "stickiness": [
            {
              "cookie_duration": 86400,
              "cookie_name": "",
              "enabled": false,
              "type": "lb_cookie"
            }
          ],
          "tags": null,
          "tags_all": {},
          "target_failover": [
            {
              "on_deregistration": null,
              "on_unhealthy": null
            }
          ],
          "target_group_health": [
            {
              "dns_failover": [
                {
                  "minimum_healthy_targets_count": "1",
                  "minimum_healthy_targets_percentage": "off"
                }
              ],
              "unhealthy_state_routing": [
                {
                  "minimum_healthy_targets_count": 1,
                  "minimum_healthy_targets_percentage": "off"
                }
              ]
            }
          ],
          "target_health_state": [
            {
              "enable_unhealthy_connection_termination": null,
              "unhealthy_draining_interval": null
            }
          ],
          "target_type": "instance",
          "vpc_id": "vpc-071096b5a46adb53f"
        },
        "after": {
          "arn": "arn:aws:elasticloadbalancing:us-east-2:633800640196:targetgroup/terraform-lab-tg/ffb60b001fc40c10",
          "arn_suffix": "targetgroup/terraform-lab-tg/ffb60b001fc40c10",
          "connection_termination": null,
          "deregistration_delay": "300",
          "health_check": [
            {
              "enabled": true,
              "healthy_threshold": 5,
              "interval": 60,
              "matcher": "200",
              "path": "/",
              "port": "traffic-port",
              "protocol": "HTTP",
              "timeout": 2,
              "unhealthy_threshold": 2
            }
          ],
          "id": "arn:aws:elasticloadbalancing:us-east-2:633800640196:targetgroup/terraform-lab-tg/ffb60b001fc40c10",
          "ip_address_type": "ipv4",
          "lambda_multi_value_headers_enabled": false,
          "load_balancer_arns": [
            "arn:aws:elasticloadbalancing:us-east-2:633800640196:loadbalancer/app/terraform-lab-alb/86a214b3282b67ad"
          ],
          "load_balancing_algorithm_type": "round_robin",
          "load_balancing_anomaly_mitigation": "off",
          "load_balancing_cross_zone_enabled": "use_load_balancer_configuration",
          "name": "terraform-lab-tg",
          "name_prefix": "",
          "port": 80,
          "preserve_client_ip": null,
          "protocol": "HTTP",
          "protocol_version": "HTTP1",
          "proxy_protocol_v2": false,
          "slow_start": 0,
          "stickiness": [
            {
              "cookie_duration": 86400,
              "cookie_name": "",
              "enabled": false,
              "type": "lb_cookie"
            }
          ],
          "tags": {},
          "tags_all": {},
          "target_failover": [
            {
              "on_deregistration": null,
              "on_unhealthy": null
            }
          ],
          "target_group_health": [
            {
              "dns_failover": [
                {
                  "minimum_healthy_targets_count": "1",
                  "minimum_healthy_targets_percentage": "off"
                }
              ],
              "unhealthy_state_routing": [
                {
                  "minimum_healthy_targets_count": 1,
                  "minimum_healthy_targets_percentage": "off"
                }
              ]
            }
          ],
          "target_health_state": [
            {
              "enable_unhealthy_connection_termination": null,
              "unhealthy_draining_interval": null
            }
          ],
          "target_type": "instance",
          "vpc_id": "vpc-071096b5a46adb53f"
        },
        "after_unknown": {},
        "before_sensitive": {
          "health_check": [
            {}
          ],
          "load_balancer_arns": [],
          "stickiness": [
            {}
          ],
          "tags_all": {},
          "target_failover": [
            {}
          ],
          "target_group_health": [
            {
              "dns_failover": [
                {}
              ],
              "unhealthy_state_routing": [
                {}
              ]
            }
          ],
          "target_health_state": [
            {}
          ]
        },
        "after_sensitive": {
          "health_check": [
            {}
          ],
          "load_balancer_arns": [
            false
          ],
          "stickiness": [
            {}
          ],
          "tags": {},
          "tags_all": {},
          "target_failover": [
            {}
          ],
          "target_group_health": [
            {
              "dns_failover": [
                {}
              ],
              "unhealthy_state_routing": [
                {}
              ]
            }
          ],
          "target_health_state": [
            {}
          ]
        }
      }
    },
    {
      "address": "aws_autoscaling_group.ec2-cluster",
      "mode": "managed",
      "type": "aws_autoscaling_group",
      "name": "ec2-cluster",
      "provider_name": "registry.terraform.io/hashicorp/aws",
      "change": {
        "actions": [
          "update"
        ],
        "before": {
          "arn": "arn:aws:autoscaling:us-east-2:633800640196:autoScalingGroup:4c57be5d-b057-4907-bf44-7d6321d052fb:autoScalingGroupName/terraform-lab_auto_scaling_group",
          "availability_zones": [
            "us-east-2a",
            "us-east-2b"
          ],
          "capacity_rebalance": false,
          "context": "",
          "default_cooldown": 300,
          "default_instance_warmup": 0,
          "desired_capacity": 2,
          "desired_capacity_type": "",
          "enabled_metrics": null,
          "force_delete": false,
          "force_delete_warm_pool": false,
          "health_check_grace_period": 300,
          "health_check_type": "EC2",
          "id": "terraform-lab_auto_scaling_group",
          "ignore_failed_scaling_activities": false,
          "initial_lifecycle_hook": [],
          "instance_maintenance_policy": [],
          "instance_refresh": [],
          "launch_configuration": "terraform-lab-instances-lc20240830171438711700000005",
          "launch_template": [],
          "load_balancers": [],
          "max_instance_lifetime": 0,
          "max_size": 2,
          "metrics_granularity": "1Minute",
          "min_elb_capacity": null,
          "min_size": 2,
          "mixed_instances_policy": [],
          "name": "terraform-lab_auto_scaling_group",
          "name_prefix": "",
          "placement_group": "",
          "predicted_capacity": 0,
          "protect_from_scale_in": false,
          "service_linked_role_arn": "arn:aws:iam::633800640196:role/aws-service-role/autoscaling.amazonaws.com/AWSServiceRoleForAutoScaling",
          "suspended_processes": null,
          "tag": [],
          "target_group_arns": [
            "arn:aws:elasticloadbalancing:us-east-2:633800640196:targetgroup/terraform-lab-tg/ffb60b001fc40c10"
          ],
          "termination_policies": null,
          "timeouts": null,
          "traffic_source": [
            {
              "identifier": "arn:aws:elasticloadbalancing:us-east-2:633800640196:targetgroup/terraform-lab-tg/ffb60b001fc40c10",
              "type": "elbv2"
            }
          ],
          "vpc_zone_identifier": [
            "subnet-04f9bb269fd864edf",
            "subnet-0d9a930cf90f4e3b8"
          ],
          "wait_for_capacity_timeout": "10m",
          "wait_for_elb_capacity": null,
          "warm_pool": [],
          "warm_pool_size": 0
        },
        "after": {
          "arn": "arn:aws:autoscaling:us-east-2:633800640196:autoScalingGroup:4c57be5d-b057-4907-bf44-7d6321d052fb:autoScalingGroupName/terraform-lab_auto_scaling_group",
          "availability_zones": [
            "us-east-2a",
            "us-east-2b"
          ],
          "capacity_rebalance": false,
          "context": "",
          "default_cooldown": 300,
          "default_instance_warmup": 0,
          "desired_capacity": 2,
          "desired_capacity_type": "",
          "enabled_metrics": [],
          "force_delete": false,
          "force_delete_warm_pool": false,
          "health_check_grace_period": 300,
          "health_check_type": "EC2",
          "id": "terraform-lab_auto_scaling_group",
          "ignore_failed_scaling_activities": false,
          "initial_lifecycle_hook": [],
          "instance_maintenance_policy": [],
          "instance_refresh": [],
          "launch_configuration": "terraform-lab-instances-lc20240830171438711700000005",
          "launch_template": [],
          "load_balancers": [],
          "max_instance_lifetime": 0,
          "max_size": 2,
          "metrics_granularity": "1Minute",
          "min_elb_capacity": null,
          "min_size": 2,
          "mixed_instances_policy": [],
          "name": "terraform-lab_auto_scaling_group",
          "name_prefix": "",
          "placement_group": "",
          "predicted_capacity": 0,
          "protect_from_scale_in": false,
          "service_linked_role_arn": "arn:aws:iam::633800640196:role/aws-service-role/autoscaling.amazonaws.com/AWSServiceRoleForAutoScaling",
          "suspended_processes": [],
          "tag": [],
          "target_group_arns": [
            "arn:aws:elasticloadbalancing:us-east-2:633800640196:targetgroup/terraform-lab-tg/ffb60b001fc40c10"
          ],
          "termination_policies": [],
          "timeouts": null,
          "traffic_source": [
            {
              "identifier": "arn:aws:elasticloadbalancing:us-east-2:633800640196:targetgroup/terraform-lab-tg/ffb60b001fc40c10",
              "type": "elbv2"
            }
          ],
          "vpc_zone_identifier": [
            "subnet-04f9bb269fd864edf",
            "subnet-0d9a930cf90f4e3b8"
          ],
          "wait_for_capacity_timeout": "10m",
          "wait_for_elb_capacity": null,
          "warm_pool": [],
          "warm_pool_size": 0
        },
        "after_unknown": {},
        "before_sensitive": {
          "availability_zones": [
            false,
            false
          ],
          "initial_lifecycle_hook": [],
          "instance_maintenance_policy": [],
          "instance_refresh": [],
          "launch_template": [],
          "load_balancers": [],
          "mixed_instances_policy": [],
          "tag": [],
          "target_group_arns": [
            false
          ],
          "traffic_source": [
            {}
          ],
          "vpc_zone_identifier": [
            false,
            false
          ],
          "warm_pool": []
        },
        "after_sensitive": {
          "availability_zones": [
            false,
            false
          ],
          "enabled_metrics": [],
          "initial_lifecycle_hook": [],
          "instance_maintenance_policy": [],
          "instance_refresh": [],
          "launch_template": [],
          "load_balancers": [],
          "mixed_instances_policy": [],
          "suspended_processes": [],
          "tag": [],
          "target_group_arns": [
            false
          ],
          "termination_policies": [],
          "traffic_source": [
            {}
          ],
          "vpc_zone_identifier": [
            false,
            false
          ],
          "warm_pool": []
        }
      }
    },
    {
      "address": "aws_eip.nat_gateway",
      "mode": "managed",
      "type": "aws_eip",
      "name": "nat_gateway",
      "provider_name": "registry.terraform.io/hashicorp/aws",
      "change": {
        "actions": [
          "update"
        ],
        "before": {
          "address": null,
          "allocation_id": "eipalloc-0833d4bdd2559f58b",
          "arn": "arn:aws:ec2:us-east-2:633800640196:elastic-ip/eipalloc-0833d4bdd2559f58b",
          "associate_with_private_ip": "10.0.0.5",
          "association_id": "",
          "carrier_ip": "",
          "customer_owned_ip": "",
          "customer_owned_ipv4_pool": "",
          "domain": "vpc",
          "id": "eipalloc-0833d4bdd2559f58b",
          "instance": "",
          "network_border_group": "us-east-2",
          "network_interface": "",
          "private_dns": null,
          "private_ip": "",
          "ptr_record": "",
          "public_dns": "ec2-52-14-190-247.us-east-2.compute.amazonaws.com",
          "public_ip": "52.14.190.247",
          "public_ipv4_pool": "amazon",
          "tags": null,
          "tags_all": {},
          "timeouts": null,
          "vpc": true
        },
        "after": {
          "address": null,
          "allocation_id": "eipalloc-0833d4bdd2559f58b",
          "arn": "arn:aws:ec2:us-east-2:633800640196:elastic-ip/eipalloc-0833d4bdd2559f58b",
          "associate_with_private_ip": "10.0.0.5",
          "association_id": "eipassoc-0d5e737f3ec27322f",
          "carrier_ip": "",
          "customer_owned_ip": "",
          "customer_owned_ipv4_pool": "",
          "domain": "vpc",
          "id": "eipalloc-0833d4bdd2559f58b",
          "instance": "",
          "network_border_group": "us-east-2",
          "network_interface": "eni-0421ca05945b1e7ca",
          "private_dns": "ip-10-0-1-80.us-east-2.compute.internal",
          "private_ip": "10.0.1.80",
          "ptr_record": "",
          "public_dns": "ec2-52-14-190-247.us-east-2.compute.amazonaws.com",
          "public_ip": "52.14.190.247",
          "public_ipv4_pool": "amazon",
          "tags": {},
          "tags_all": {},
          "timeouts": null,
          "vpc": true
        },
        "after_unknown": {},
        "before_sensitive": {
          "tags_all": {}
        },
        "after_sensitive": {
          "tags": {},
          "tags_all": {}
        }
      }
    },
    {
      "address": "aws_iam_instance_profile.session-manager",
      "mode": "managed",
      "type": "aws_iam_instance_profile",
      "name": "session-manager",
      "provider_name": "registry.terraform.io/hashicorp/aws",
      "change": {
        "actions": [
          "update"
        ],
        "before": {
          "arn": "arn:aws:iam::633800640196:instance-profile/session-manager",
          "create_date": "2024-08-30T17:12:40Z",
          "id": "session-manager",
          "name": "session-manager",
          "name_prefix": "",
          "path": "/",
          "role": "session-manager",
          "tags": null,
          "tags_all": {},
          "unique_id": "AIPAZHELWI3CKR25QTCMA"
        },
        "after": {
          "arn": "arn:aws:iam::633800640196:instance-profile/session-manager",
          "create_date": "2024-08-30T17:12:40Z",
          "id": "session-manager",
          "name": "session-manager",
          "name_prefix": "",
          "path": "/",
          "role": "session-manager",
          "tags": {},
          "tags_all": {},
          "unique_id": "AIPAZHELWI3CKR25QTCMA"
        },
        "after_unknown": {},
        "before_sensitive": {
          "tags_all": {}
        },
        "after_sensitive": {
          "tags": {},
          "tags_all": {}
        }
      }
    },
    {
      "address": "aws_iam_policy.session-manager",
      "mode": "managed",
      "type": "aws_iam_policy",
      "name": "session-manager",
      "provider_name": "registry.terraform.io/hashicorp/aws",
      "change": {
        "actions": [
          "update"
        ],
        "before": {
          "arn": "arn:aws:iam::633800640196:policy/session-manager",
          "attachment_count": 0,
          "description": "session-manager",
          "id": "arn:aws:iam::633800640196:policy/session-manager",
          "name": "session-manager",
          "name_prefix": "",
          "path": "/",
          "policy": "{\"Statement\":[{\"Action\":\"ec2:*\",\"Effect\":\"Allow\",\"Resource\":\"*\"},{\"Action\":\"elasticloadbalancing:*\",\"Effect\":\"Allow\",\"Resource\":\"*\"},{\"Action\":\"cloudwatch:*\",\"Effect\":\"Allow\",\"Resource\":\"*\"},{\"Action\":\"autoscaling:*\",\"Effect\":\"Allow\",\"Resource\":\"*\"},{\"Action\":\"iam:CreateServiceLinkedRole\",\"Condition\":{\"StringEquals\":{\"iam:AWSServiceName\":[\"autoscaling.amazonaws.com\",\"ec2scheduled.amazonaws.com\",\"elasticloadbalancing.amazonaws.com\",\"spot.amazonaws.com\",\"spotfleet.amazonaws.com\",\"transitgateway.amazonaws.com\"]}},\"Effect\":\"Allow\",\"Resource\":\"*\"}],\"Version\":\"2012-10-17\"}",
          "policy_id": "ANPAZHELWI3CH2HGFGXWS",
          "tags": null,
          "tags_all": {}
        },
        "after": {
          "arn": "arn:aws:iam::633800640196:policy/session-manager",
          "attachment_count": 0,
          "description": "session-manager",
          "id": "arn:aws:iam::633800640196:policy/session-manager",
          "name": "session-manager",
          "name_prefix": "",
          "path": "/",
          "policy": "{\"Statement\":[{\"Action\":\"ec2:*\",\"Effect\":\"Allow\",\"Resource\":\"*\"},{\"Action\":\"elasticloadbalancing:*\",\"Effect\":\"Allow\",\"Resource\":\"*\"},{\"Action\":\"cloudwatch:*\",\"Effect\":\"Allow\",\"Resource\":\"*\"},{\"Action\":\"autoscaling:*\",\"Effect\":\"Allow\",\"Resource\":\"*\"},{\"Action\":\"iam:CreateServiceLinkedRole\",\"Condition\":{\"StringEquals\":{\"iam:AWSServiceName\":[\"autoscaling.amazonaws.com\",\"ec2scheduled.amazonaws.com\",\"elasticloadbalancing.amazonaws.com\",\"spot.amazonaws.com\",\"spotfleet.amazonaws.com\",\"transitgateway.amazonaws.com\"]}},\"Effect\":\"Allow\",\"Resource\":\"*\"}],\"Version\":\"2012-10-17\"}",
          "policy_id": "ANPAZHELWI3CH2HGFGXWS",
          "tags": {},
          "tags_all": {}
        },
        "after_unknown": {},
        "before_sensitive": {
          "tags_all": {}
        },
        "after_sensitive": {
          "tags": {},
          "tags_all": {}
        }
      }
    },
    {
      "address": "aws_instance.bastion",
      "mode": "managed",
      "type": "aws_instance",
      "name": "bastion",
      "provider_name": "registry.terraform.io/hashicorp/aws",
      "change": {
        "actions": [
          "update"
        ],
        "before": {
          "ami": "ami-0568773882d492fc8",
          "arn": "arn:aws:ec2:us-east-2:633800640196:instance/i-0f6f9436d2dde414e",
          "associate_public_ip_address": true,
          "availability_zone": "us-east-2a",
          "capacity_reservation_specification": [
            {
              "capacity_reservation_preference": "open",
              "capacity_reservation_target": []
            }
          ],
          "cpu_core_count": 1,
          "cpu_options": [
            {
              "amd_sev_snp": "",
              "core_count": 1,
              "threads_per_core": 1
            }
          ],
          "cpu_threads_per_core": 1,
          "credit_specification": [
            {
              "cpu_credits": "standard"
            }
          ],
          "disable_api_stop": false,
          "disable_api_termination": false,
          "ebs_block_device": [],
          "ebs_optimized": false,
          "enclave_options": [
            {
              "enabled": false
            }
          ],
          "ephemeral_block_device": [],
          "get_password_data": false,
          "hibernation": false,
          "host_id": "",
          "host_resource_group_arn": null,
          "iam_instance_profile": "session-manager",
          "id": "i-0f6f9436d2dde414e",
          "instance_initiated_shutdown_behavior": "stop",
          "instance_lifecycle": "",
          "instance_market_options": [],
          "instance_state": "running",
          "instance_type": "t2.micro",
          "ipv6_address_count": 0,
          "ipv6_addresses": [],
          "key_name": "terraform-lab_key_pair",
          "launch_template": [],
          "maintenance_options": [
            {
              "auto_recovery": "default"
            }
          ],
          "metadata_options": [
            {
              "http_endpoint": "enabled",
              "http_protocol_ipv6": "disabled",
              "http_put_response_hop_limit": 1,
              "http_tokens": "optional",
              "instance_metadata_tags": "disabled"
            }
          ],
          "monitoring": false,
          "network_interface": [],
          "outpost_arn": "",
          "password_data": "",
          "placement_group": "",
          "placement_partition_number": 0,
          "primary_network_interface_id": "eni-014f5fd04c8582c26",
          "private_dns": "ip-10-0-1-231.us-east-2.compute.internal",
          "private_dns_name_options": [
            {
              "enable_resource_name_dns_a_record": false,
              "enable_resource_name_dns_aaaa_record": false,
              "hostname_type": "ip-name"
            }
          ],
          "private_ip": "10.0.1.231",
          "public_dns": "ec2-3-12-36-150.us-east-2.compute.amazonaws.com",
          "public_ip": "3.12.36.150",
          "root_block_device": [
            {
              "delete_on_termination": true,
              "device_name": "/dev/xvda",
              "encrypted": false,
              "iops": 100,
              "kms_key_id": "",
              "tags": {},
              "tags_all": {},
              "throughput": 0,
              "volume_id": "vol-017e641867ac8facd",
              "volume_size": 8,
              "volume_type": "gp2"
            }
          ],
          "secondary_private_ips": [],
          "security_groups": [
            "sg-097c5e722c0dcf4b9"
          ],
          "source_dest_check": true,
          "spot_instance_request_id": "",
          "subnet_id": "subnet-0bce2540ca339fea7",
          "tags": {
            "Name": "Bastion"
          },
          "tags_all": {
            "Name": "Bastion"
          },
          "tenancy": "default",
          "timeouts": null,
          "user_data": null,
          "user_data_base64": null,
          "user_data_replace_on_change": true,
          "volume_tags": null,
          "vpc_security_group_ids": [
            "sg-097c5e722c0dcf4b9"
          ]
        },
        "after": {
          "ami": "ami-0568773882d492fc8",
          "arn": "arn:aws:ec2:us-east-2:633800640196:instance/i-0f6f9436d2dde414e",
          "associate_public_ip_address": true,
          "availability_zone": "us-east-2a",
          "capacity_reservation_specification": [
            {
              "capacity_reservation_preference": "open",
              "capacity_reservation_target": []
            }
          ],
          "cpu_core_count": 1,
          "cpu_options": [
            {
              "amd_sev_snp": "",
              "core_count": 1,
              "threads_per_core": 1
            }
          ],
          "cpu_threads_per_core": 1,
          "credit_specification": [
            {
              "cpu_credits": "standard"
            }
          ],
          "disable_api_stop": false,
          "disable_api_termination": false,
          "ebs_block_device": [],
          "ebs_optimized": false,
          "enclave_options": [
            {
              "enabled": false
            }
          ],
          "ephemeral_block_device": [],
          "get_password_data": false,
          "hibernation": false,
          "host_id": "",
          "host_resource_group_arn": null,
          "iam_instance_profile": "session-manager",
          "id": "i-0f6f9436d2dde414e",
          "instance_initiated_shutdown_behavior": "stop",
          "instance_lifecycle": "",
          "instance_market_options": [],
          "instance_state": "running",
          "instance_type": "t2.micro",
          "ipv6_address_count": 0,
          "ipv6_addresses": [],
          "key_name": "terraform-lab_key_pair",
          "launch_template": [],
          "maintenance_options": [
            {
              "auto_recovery": "default"
            }
          ],
          "metadata_options": [
            {
              "http_endpoint": "enabled",
              "http_protocol_ipv6": "disabled",
              "http_put_response_hop_limit": 1,
              "http_tokens": "optional",
              "instance_metadata_tags": "disabled"
            }
          ],
          "monitoring": false,
          "network_interface": [],
          "outpost_arn": "",
          "password_data": "",
          "placement_group": "",
          "placement_partition_number": 0,
          "primary_network_interface_id": "eni-014f5fd04c8582c26",
          "private_dns": "ip-10-0-1-231.us-east-2.compute.internal",
          "private_dns_name_options": [
            {
              "enable_resource_name_dns_a_record": false,
              "enable_resource_name_dns_aaaa_record": false,
              "hostname_type": "ip-name"
            }
          ],
          "private_ip": "10.0.1.231",
          "public_dns": "ec2-3-12-36-150.us-east-2.compute.amazonaws.com",
          "public_ip": "3.12.36.150",
          "root_block_device": [
            {
              "delete_on_termination": true,
              "device_name": "/dev/xvda",
              "encrypted": false,
              "iops": 100,
              "kms_key_id": "",
              "tags": {},
              "tags_all": {},
              "throughput": 0,
              "volume_id": "vol-017e641867ac8facd",
              "volume_size": 8,
              "volume_type": "gp2"
            }
          ],
          "secondary_private_ips": [],
          "security_groups": [],
          "source_dest_check": true,
          "spot_instance_request_id": "",
          "subnet_id": "subnet-0bce2540ca339fea7",
          "tags": {
            "Name": "Bastion"
          },
          "tags_all": {
            "Name": "Bastion"
          },
          "tenancy": "default",
          "timeouts": null,
          "user_data": null,
          "user_data_base64": null,
          "user_data_replace_on_change": true,
          "volume_tags": null,
          "vpc_security_group_ids": [
            "sg-097c5e722c0dcf4b9"
          ]
        },
        "after_unknown": {},
        "before_sensitive": {
          "capacity_reservation_specification": [
            {
              "capacity_reservation_target": []
            }
          ],
          "cpu_options": [
            {}
          ],
          "credit_specification": [
            {}
          ],
          "ebs_block_device": [],
          "enclave_options": [
            {}
          ],
          "ephemeral_block_device": [],
          "instance_market_options": [],
          "ipv6_addresses": [],
          "launch_template": [],
          "maintenance_options": [
            {}
          ],
          "metadata_options": [
            {}
          ],
          "network_interface": [],
          "private_dns_name_options": [
            {}
          ],
          "root_block_device": [
            {
              "tags": {},
              "tags_all": {}
            }
          ],
          "secondary_private_ips": [],
          "security_groups": [
            false
          ],
          "tags": {},
          "tags_all": {},
          "vpc_security_group_ids": [
            false
          ]
        },
        "after_sensitive": {
          "capacity_reservation_specification": [
            {
              "capacity_reservation_target": []
            }
          ],
          "cpu_options": [
            {}
          ],
          "credit_specification": [
            {}
          ],
          "ebs_block_device": [],
          "enclave_options": [
            {}
          ],
          "ephemeral_block_device": [],
          "instance_market_options": [],
          "ipv6_addresses": [],
          "launch_template": [],
          "maintenance_options": [
            {}
          ],
          "metadata_options": [
            {}
          ],
          "network_interface": [],
          "private_dns_name_options": [
            {}
          ],
          "root_block_device": [
            {
              "tags": {},
              "tags_all": {}
            }
          ],
          "secondary_private_ips": [],
          "security_groups": [],
          "tags": {},
          "tags_all": {},
          "vpc_security_group_ids": [
            false
          ]
        }
      }
    },
    {
      "address": "aws_key_pair.terraform-lab",
      "mode": "managed",
      "type": "aws_key_pair",
      "name": "terraform-lab",
      "provider_name": "registry.terraform.io/hashicorp/aws",
      "change": {
        "actions": [
          "update"
        ],
        "before": {
          "arn": "arn:aws:ec2:us-east-2:633800640196:key-pair/terraform-lab_key_pair",
          "fingerprint": "ba:04:4b:e9:a1:15:dd:c8:9e:f7:43:e4:19:73:0c:d3",
          "id": "terraform-lab_key_pair",
          "key_name": "terraform-lab_key_pair",
          "key_name_prefix": "",
          "key_pair_id": "key-028d897f2bd6c4b98",
          "key_type": "rsa",
          "public_key": "ssh-rsa AAAAB3NzaC1yc2EAAAADAQABAAACAQC0/xGzPohhw8khG8IvMMnSjMT5WnVEWs6GjU/heza1NyR2O8xYvztuHlZVEXzLie3jdgDHD8qKBIjpw4WsGIJyujW5AY2OXDHpgC0GWeeDz5M1jTl6w9rLNQrukr0v/lMCXTyeOE3xNkQRZOpr4nRF1nBG0VjCpQNl+PmhvjmXQ1JNfnXn4d3aJlKPqwhJVJOXgvxj6kMiVc7B5PyjrmdEt7ZT0KNmrYkKQ6bldrEe3sDQGlTdsUSXDk/8Xe30aYCJZm+SZHHUX+SKD4a0SYJd3zTkhlNncK8VJh20gUxWxCuMg6ySQGqfVqhE5KxbOwU7DSuFv3N7L1PodfcUbRbEAUWHhk1s9OZdgA4aF8MSfnhAcDshFrY/OnGeDX2F3O4YpDhb1x48b7jQNAtMEh53XapI3kVVrkhy0WDLzJcZAhXAgP4TF7OgdsswSNpdqudOQS/d6PABLhAJaSrmkwxhKTeJHp3yUNC9ZClElHMagQRcVzxHbDYqOjEU08hHvwIjzPhctiTayHtmDO+KH7ppHNfIfPagIlKQ0nTv8mdl1YUwOZ8a1i1jQcjhcJjKvlyNYYDyPwLE9JdiptUH/v1Z/S/RnRY+IdU2l7tsKZ45IbDs9D7RvtmBPMfA1wR/BJh6Jb6ra3PQ+7/Fp+Aj5QTcrg1Xp1f2y9sfqgqy3kakaw== your_email@example.com",
          "tags": null,
          "tags_all": {}
        },
        "after": {
          "arn": "arn:aws:ec2:us-east-2:633800640196:key-pair/terraform-lab_key_pair",
          "fingerprint": "ba:04:4b:e9:a1:15:dd:c8:9e:f7:43:e4:19:73:0c:d3",
          "id": "terraform-lab_key_pair",
          "key_name": "terraform-lab_key_pair",
          "key_name_prefix": "",
          "key_pair_id": "key-028d897f2bd6c4b98",
          "key_type": "rsa",
          "public_key": "ssh-rsa AAAAB3NzaC1yc2EAAAADAQABAAACAQC0/xGzPohhw8khG8IvMMnSjMT5WnVEWs6GjU/heza1NyR2O8xYvztuHlZVEXzLie3jdgDHD8qKBIjpw4WsGIJyujW5AY2OXDHpgC0GWeeDz5M1jTl6w9rLNQrukr0v/lMCXTyeOE3xNkQRZOpr4nRF1nBG0VjCpQNl+PmhvjmXQ1JNfnXn4d3aJlKPqwhJVJOXgvxj6kMiVc7B5PyjrmdEt7ZT0KNmrYkKQ6bldrEe3sDQGlTdsUSXDk/8Xe30aYCJZm+SZHHUX+SKD4a0SYJd3zTkhlNncK8VJh20gUxWxCuMg6ySQGqfVqhE5KxbOwU7DSuFv3N7L1PodfcUbRbEAUWHhk1s9OZdgA4aF8MSfnhAcDshFrY/OnGeDX2F3O4YpDhb1x48b7jQNAtMEh53XapI3kVVrkhy0WDLzJcZAhXAgP4TF7OgdsswSNpdqudOQS/d6PABLhAJaSrmkwxhKTeJHp3yUNC9ZClElHMagQRcVzxHbDYqOjEU08hHvwIjzPhctiTayHtmDO+KH7ppHNfIfPagIlKQ0nTv8mdl1YUwOZ8a1i1jQcjhcJjKvlyNYYDyPwLE9JdiptUH/v1Z/S/RnRY+IdU2l7tsKZ45IbDs9D7RvtmBPMfA1wR/BJh6Jb6ra3PQ+7/Fp+Aj5QTcrg1Xp1f2y9sfqgqy3kakaw== your_email@example.com",
          "tags": {},
          "tags_all": {}
        },
        "after_unknown": {},
        "before_sensitive": {
          "tags_all": {}
        },
        "after_sensitive": {
          "tags": {},
          "tags_all": {}
        }
      }
    },
    {
      "address": "aws_lb.development",
      "mode": "managed",
      "type": "aws_lb",
      "name": "development",
      "provider_name": "registry.terraform.io/hashicorp/aws",
      "change": {
        "actions": [
          "update"
        ],
        "before": {
          "access_logs": [
            {
              "bucket": "",
              "enabled": false,
              "prefix": ""
            }
          ],
          "arn": "arn:aws:elasticloadbalancing:us-east-2:633800640196:loadbalancer/app/terraform-lab-alb/86a214b3282b67ad",
          "arn_suffix": "app/terraform-lab-alb/86a214b3282b67ad",
          "client_keep_alive": 3600,
          "connection_logs": [
            {
              "bucket": "",
              "enabled": false,
              "prefix": ""
            }
          ],
          "customer_owned_ipv4_pool": "",
          "desync_mitigation_mode": "defensive",
          "dns_name": "terraform-lab-alb-1965413173.us-east-2.elb.amazonaws.com",
          "dns_record_client_routing_policy": null,
          "drop_invalid_header_fields": false,
          "enable_cross_zone_load_balancing": true,
          "enable_deletion_protection": false,
          "enable_http2": true,
          "enable_tls_version_and_cipher_suite_headers": false,
          "enable_waf_fail_open": false,
          "enable_xff_client_port": false,
          "enforce_security_group_inbound_rules_on_private_link_traffic": "",
          "id": "arn:aws:elasticloadbalancing:us-east-2:633800640196:loadbalancer/app/terraform-lab-alb/86a214b3282b67ad",
          "idle_timeout": 60,
          "internal": false,
          "ip_address_type": "ipv4",
          "load_balancer_type": "application",
          "name": "terraform-lab-alb",
          "name_prefix": "",
          "preserve_host_header": false,
          "security_groups": [
            "sg-03d62a43eaf3b37fd"
          ],
          "subnet_mapping": [
            {
              "allocation_id": "",
              "ipv6_address": "",
              "outpost_id": "",
              "private_ipv4_address": "",
              "subnet_id": "subnet-0bce2540ca339fea7"
            },
            {
              "allocation_id": "",
              "ipv6_address": "",
              "outpost_id": "",
              "private_ipv4_address": "",
              "subnet_id": "subnet-0bfec90ba3a7a3238"
            }
          ],
          "subnets": [
            "subnet-0bce2540ca339fea7",
            "subnet-0bfec90ba3a7a3238"
          ],
          "tags": null,
          "tags_all": {},
          "timeouts": null,
          "vpc_id": "vpc-071096b5a46adb53f",
          "xff_header_processing_mode": "append",
          "zone_id": "Z3AADJGX6KTTL2"
        },
        "after": {
          "access_logs": [
            {
              "bucket": "",
              "enabled": false,
              "prefix": ""
            }
          ],
          "arn": "arn:aws:elasticloadbalancing:us-east-2:633800640196:loadbalancer/app/terraform-lab-alb/86a214b3282b67ad",
          "arn_suffix": "app/terraform-lab-alb/86a214b3282b67ad",
          "client_keep_alive": 3600,
          "connection_logs": [
            {
              "bucket": "",
              "enabled": false,
              "prefix": ""
            }
          ],
          "customer_owned_ipv4_pool": "",
          "desync_mitigation_mode": "defensive",
          "dns_name": "terraform-lab-alb-1965413173.us-east-2.elb.amazonaws.com",
          "dns_record_client_routing_policy": null,
          "drop_invalid_header_fields": false,
          "enable_cross_zone_load_balancing": true,
          "enable_deletion_protection": false,
          "enable_http2": true,
          "enable_tls_version_and_cipher_suite_headers": false,
          "enable_waf_fail_open": false,
          "enable_xff_client_port": false,
          "enforce_security_group_inbound_rules_on_private_link_traffic": "",
          "id": "arn:aws:elasticloadbalancing:us-east-2:633800640196:loadbalancer/app/terraform-lab-alb/86a214b3282b67ad",
          "idle_timeout": 60,
          "internal": false,
          "ip_address_type": "ipv4",
          "load_balancer_type": "application",
          "name": "terraform-lab-alb",
          "name_prefix": "",
          "preserve_host_header": false,
          "security_groups": [
            "sg-03d62a43eaf3b37fd"
          ],
          "subnet_mapping": [
            {
              "allocation_id": "",
              "ipv6_address": "",
              "outpost_id": "",
              "private_ipv4_address": "",
              "subnet_id": "subnet-0bce2540ca339fea7"
            },
            {
              "allocation_id": "",
              "ipv6_address": "",
              "outpost_id": "",
              "private_ipv4_address": "",
              "subnet_id": "subnet-0bfec90ba3a7a3238"
            }
          ],
          "subnets": [
            "subnet-0bce2540ca339fea7",
            "subnet-0bfec90ba3a7a3238"
          ],
          "tags": {},
          "tags_all": {},
          "timeouts": null,
          "vpc_id": "vpc-071096b5a46adb53f",
          "xff_header_processing_mode": "append",
          "zone_id": "Z3AADJGX6KTTL2"
        },
        "after_unknown": {},
        "before_sensitive": {
          "access_logs": [
            {}
          ],
          "connection_logs": [
            {}
          ],
          "security_groups": [
            false
          ],
          "subnet_mapping": [
            {},
            {}
          ],
          "subnets": [
            false,
            false
          ],
          "tags_all": {}
        },
        "after_sensitive": {
          "access_logs": [
            {}
          ],
          "connection_logs": [
            {}
          ],
          "security_groups": [
            false
          ],
          "subnet_mapping": [
            {},
            {}
          ],
          "subnets": [
            false,
            false
          ],
          "tags": {},
          "tags_all": {}
        }
      }
    },
    {
      "address": "aws_nat_gateway.terraform-lab-ngw",
      "mode": "managed",
      "type": "aws_nat_gateway",
      "name": "terraform-lab-ngw",
      "provider_name": "registry.terraform.io/hashicorp/aws",
      "change": {
        "actions": [
          "update"
        ],
        "before": {
          "allocation_id": "eipalloc-0833d4bdd2559f58b",
          "association_id": "eipassoc-0d5e737f3ec27322f",
          "connectivity_type": "public",
          "id": "nat-02e2abdc891635153",
          "network_interface_id": "eni-0421ca05945b1e7ca",
          "private_ip": "10.0.1.80",
          "public_ip": "52.14.190.247",
          "secondary_allocation_ids": null,
          "secondary_private_ip_address_count": 0,
          "secondary_private_ip_addresses": [],
          "subnet_id": "subnet-0bce2540ca339fea7",
          "tags": {
            "Name": "terraform-lab-ngw"
          },
          "tags_all": {
            "Name": "terraform-lab-ngw"
          },
          "timeouts": null
        },
        "after": {
          "allocation_id": "eipalloc-0833d4bdd2559f58b",
          "association_id": "eipassoc-0d5e737f3ec27322f",
          "connectivity_type": "public",
          "id": "nat-02e2abdc891635153",
          "network_interface_id": "eni-0421ca05945b1e7ca",
          "private_ip": "10.0.1.80",
          "public_ip": "52.14.190.247",
          "secondary_allocation_ids": [],
          "secondary_private_ip_address_count": 0,
          "secondary_private_ip_addresses": [],
          "subnet_id": "subnet-0bce2540ca339fea7",
          "tags": {
            "Name": "terraform-lab-ngw"
          },
          "tags_all": {
            "Name": "terraform-lab-ngw"
          },
          "timeouts": null
        },
        "after_unknown": {},
        "before_sensitive": {
          "secondary_private_ip_addresses": [],
          "tags": {},
          "tags_all": {}
        },
        "after_sensitive": {
          "secondary_allocation_ids": [],
          "secondary_private_ip_addresses": [],
          "tags": {},
          "tags_all": {}
        }
      }
    },
    {
      "address": "aws_route_table.private-route-table",
      "mode": "managed",
      "type": "aws_route_table",
      "name": "private-route-table",
      "provider_name": "registry.terraform.io/hashicorp/aws",
      "change": {
        "actions": [
          "update"
        ],
        "before": {
          "arn": "arn:aws:ec2:us-east-2:633800640196:route-table/rtb-099486e39ad92985c",
          "id": "rtb-099486e39ad92985c",
          "owner_id": "633800640196",
          "propagating_vgws": [],
          "route": [],
          "tags": {
            "Name": "private-terraform-lab-route-table"
          },
          "tags_all": {
            "Name": "private-terraform-lab-route-table"
          },
          "timeouts": null,
          "vpc_id": "vpc-071096b5a46adb53f"
        },
        "after": {
          "arn": "arn:aws:ec2:us-east-2:633800640196:route-table/rtb-099486e39ad92985c",
          "id": "rtb-099486e39ad92985c",
          "owner_id": "633800640196",
          "propagating_vgws": [],
          "route": [
            {
              "carrier_gateway_id": "",
              "cidr_block": "0.0.0.0/0",
              "core_network_arn": "",
              "destination_prefix_list_id": "",
              "egress_only_gateway_id": "",
              "gateway_id": "",
              "ipv6_cidr_block": "",
              "local_gateway_id": "",
              "nat_gateway_id": "nat-02e2abdc891635153",
              "network_interface_id": "",
              "transit_gateway_id": "",
              "vpc_endpoint_id": "",
              "vpc_peering_connection_id": ""
            }
          ],
          "tags": {
            "Name": "private-terraform-lab-route-table"
          },
          "tags_all": {
            "Name": "private-terraform-lab-route-table"
          },
          "timeouts": null,
          "vpc_id": "vpc-071096b5a46adb53f"
        },
        "after_unknown": {},
        "before_sensitive": {
          "propagating_vgws": [],
          "route": [],
          "tags": {},
          "tags_all": {}
        },
        "after_sensitive": {
          "propagating_vgws": [],
          "route": [
            {}
          ],
          "tags": {},
          "tags_all": {}
        }
      }
    },
    {
      "address": "aws_route_table.public-route-table",
      "mode": "managed",
      "type": "aws_route_table",
      "name": "public-route-table",
      "provider_name": "registry.terraform.io/hashicorp/aws",
      "change": {
        "actions": [
          "update"
        ],
        "before": {
          "arn": "arn:aws:ec2:us-east-2:633800640196:route-table/rtb-0ccdb315c1d0b2033",
          "id": "rtb-0ccdb315c1d0b2033",
          "owner_id": "633800640196",
          "propagating_vgws": [],
          "route": [],
          "tags": {
            "Name": "public-terraform-lab-route-table"
          },
          "tags_all": {
            "Name": "public-terraform-lab-route-table"
          },
          "timeouts": null,
          "vpc_id": "vpc-071096b5a46adb53f"
        },
        "after": {
          "arn": "arn:aws:ec2:us-east-2:633800640196:route-table/rtb-0ccdb315c1d0b2033",
          "id": "rtb-0ccdb315c1d0b2033",
          "owner_id": "633800640196",
          "propagating_vgws": [],
          "route": [
            {
              "carrier_gateway_id": "",
              "cidr_block": "0.0.0.0/0",
              "core_network_arn": "",
              "destination_prefix_list_id": "",
              "egress_only_gateway_id": "",
              "gateway_id": "igw-0e9d8fe39f08710d9",
              "ipv6_cidr_block": "",
              "local_gateway_id": "",
              "nat_gateway_id": "",
              "network_interface_id": "",
              "transit_gateway_id": "",
              "vpc_endpoint_id": "",
              "vpc_peering_connection_id": ""
            }
          ],
          "tags": {
            "Name": "public-terraform-lab-route-table"
          },
          "tags_all": {
            "Name": "public-terraform-lab-route-table"
          },
          "timeouts": null,
          "vpc_id": "vpc-071096b5a46adb53f"
        },
        "after_unknown": {},
        "before_sensitive": {
          "propagating_vgws": [],
          "route": [],
          "tags": {},
          "tags_all": {}
        },
        "after_sensitive": {
          "propagating_vgws": [],
          "route": [
            {}
          ],
          "tags": {},
          "tags_all": {}
        }
      }
    }
  ],
  "resource_changes": [
    {
      "address": "aws_alb_listener.ec2-alb-http-listener",
      "mode": "managed",
      "type": "aws_alb_listener",
      "name": "ec2-alb-http-listener",
      "provider_name": "registry.terraform.io/hashicorp/aws",
      "change": {
        "actions": [
          "no-op"
        ],
        "before": {
          "alpn_policy": null,
          "arn": "arn:aws:elasticloadbalancing:us-east-2:633800640196:listener/app/terraform-lab-alb/86a214b3282b67ad/818e3791927a93a5",
          "certificate_arn": null,
          "default_action": [
            {
              "authenticate_cognito": [],
              "authenticate_oidc": [],
              "fixed_response": [],
              "forward": [],
              "order": 1,
              "redirect": [],
              "target_group_arn": "arn:aws:elasticloadbalancing:us-east-2:633800640196:targetgroup/terraform-lab-tg/ffb60b001fc40c10",
              "type": "forward"
            }
          ],
          "id": "arn:aws:elasticloadbalancing:us-east-2:633800640196:listener/app/terraform-lab-alb/86a214b3282b67ad/818e3791927a93a5",
          "load_balancer_arn": "arn:aws:elasticloadbalancing:us-east-2:633800640196:loadbalancer/app/terraform-lab-alb/86a214b3282b67ad",
          "mutual_authentication": [],
          "port": 80,
          "protocol": "HTTP",
          "ssl_policy": "",
          "tags": {},
          "tags_all": {},
          "timeouts": null
        },
        "after": {
          "alpn_policy": null,
          "arn": "arn:aws:elasticloadbalancing:us-east-2:633800640196:listener/app/terraform-lab-alb/86a214b3282b67ad/818e3791927a93a5",
          "certificate_arn": null,
          "default_action": [
            {
              "authenticate_cognito": [],
              "authenticate_oidc": [],
              "fixed_response": [],
              "forward": [],
              "order": 1,
              "redirect": [],
              "target_group_arn": "arn:aws:elasticloadbalancing:us-east-2:633800640196:targetgroup/terraform-lab-tg/ffb60b001fc40c10",
              "type": "forward"
            }
          ],
          "id": "arn:aws:elasticloadbalancing:us-east-2:633800640196:listener/app/terraform-lab-alb/86a214b3282b67ad/818e3791927a93a5",
          "load_balancer_arn": "arn:aws:elasticloadbalancing:us-east-2:633800640196:loadbalancer/app/terraform-lab-alb/86a214b3282b67ad",
          "mutual_authentication": [],
          "port": 80,
          "protocol": "HTTP",
          "ssl_policy": "",
          "tags": {},
          "tags_all": {},
          "timeouts": null
        },
        "after_unknown": {},
        "before_sensitive": {
          "default_action": [
            {
              "authenticate_cognito": [],
              "authenticate_oidc": [],
              "fixed_response": [],
              "forward": [],
              "redirect": []
            }
          ],
          "mutual_authentication": [],
          "tags": {},
          "tags_all": {}
        },
        "after_sensitive": {
          "default_action": [
            {
              "authenticate_cognito": [],
              "authenticate_oidc": [],
              "fixed_response": [],
              "forward": [],
              "redirect": []
            }
          ],
          "mutual_authentication": [],
          "tags": {},
          "tags_all": {}
        }
      }
    },
    {
      "address": "aws_alb_target_group.default-target-group",
      "mode": "managed",
      "type": "aws_alb_target_group",
      "name": "default-target-group",
      "provider_name": "registry.terraform.io/hashicorp/aws",
      "change": {
        "actions": [
          "no-op"
        ],
        "before": {
          "arn": "arn:aws:elasticloadbalancing:us-east-2:633800640196:targetgroup/terraform-lab-tg/ffb60b001fc40c10",
          "arn_suffix": "targetgroup/terraform-lab-tg/ffb60b001fc40c10",
          "connection_termination": null,
          "deregistration_delay": "300",
          "health_check": [
            {
              "enabled": true,
              "healthy_threshold": 5,
              "interval": 60,
              "matcher": "200",
              "path": "/",
              "port": "traffic-port",
              "protocol": "HTTP",
              "timeout": 2,
              "unhealthy_threshold": 2
            }
          ],
          "id": "arn:aws:elasticloadbalancing:us-east-2:633800640196:targetgroup/terraform-lab-tg/ffb60b001fc40c10",
          "ip_address_type": "ipv4",
          "lambda_multi_value_headers_enabled": false,
          "load_balancer_arns": [
            "arn:aws:elasticloadbalancing:us-east-2:633800640196:loadbalancer/app/terraform-lab-alb/86a214b3282b67ad"
          ],
          "load_balancing_algorithm_type": "round_robin",
          "load_balancing_anomaly_mitigation": "off",
          "load_balancing_cross_zone_enabled": "use_load_balancer_configuration",
          "name": "terraform-lab-tg",
          "name_prefix": "",
          "port": 80,
          "preserve_client_ip": null,
          "protocol": "HTTP",
          "protocol_version": "HTTP1",
          "proxy_protocol_v2": false,
          "slow_start": 0,
          "stickiness": [
            {
              "cookie_duration": 86400,
              "cookie_name": "",
              "enabled": false,
              "type": "lb_cookie"
            }
          ],
          "tags": {},
          "tags_all": {},
          "target_failover": [
            {
              "on_deregistration": null,
              "on_unhealthy": null
            }
          ],
          "target_group_health": [
            {
              "dns_failover": [
                {
                  "minimum_healthy_targets_count": "1",
                  "minimum_healthy_targets_percentage": "off"
                }
              ],
              "unhealthy_state_routing": [
                {
                  "minimum_healthy_targets_count": 1,
                  "minimum_healthy_targets_percentage": "off"
                }
              ]
            }
          ],
          "target_health_state": [
            {
              "enable_unhealthy_connection_termination": null,
              "unhealthy_draining_interval": null
            }
          ],
          "target_type": "instance",
          "vpc_id": "vpc-071096b5a46adb53f"
        },
        "after": {
          "arn": "arn:aws:elasticloadbalancing:us-east-2:633800640196:targetgroup/terraform-lab-tg/ffb60b001fc40c10",
          "arn_suffix": "targetgroup/terraform-lab-tg/ffb60b001fc40c10",
          "connection_termination": null,
          "deregistration_delay": "300",
          "health_check": [
            {
              "enabled": true,
              "healthy_threshold": 5,
              "interval": 60,
              "matcher": "200",
              "path": "/",
              "port": "traffic-port",
              "protocol": "HTTP",
              "timeout": 2,
              "unhealthy_threshold": 2
            }
          ],
          "id": "arn:aws:elasticloadbalancing:us-east-2:633800640196:targetgroup/terraform-lab-tg/ffb60b001fc40c10",
          "ip_address_type": "ipv4",
          "lambda_multi_value_headers_enabled": false,
          "load_balancer_arns": [
            "arn:aws:elasticloadbalancing:us-east-2:633800640196:loadbalancer/app/terraform-lab-alb/86a214b3282b67ad"
          ],
          "load_balancing_algorithm_type": "round_robin",
          "load_balancing_anomaly_mitigation": "off",
          "load_balancing_cross_zone_enabled": "use_load_balancer_configuration",
          "name": "terraform-lab-tg",
          "name_prefix": "",
          "port": 80,
          "preserve_client_ip": null,
          "protocol": "HTTP",
          "protocol_version": "HTTP1",
          "proxy_protocol_v2": false,
          "slow_start": 0,
          "stickiness": [
            {
              "cookie_duration": 86400,
              "cookie_name": "",
              "enabled": false,
              "type": "lb_cookie"
            }
          ],
          "tags": {},
          "tags_all": {},
          "target_failover": [
            {
              "on_deregistration": null,
              "on_unhealthy": null
            }
          ],
          "target_group_health": [
            {
              "dns_failover": [
                {
                  "minimum_healthy_targets_count": "1",
                  "minimum_healthy_targets_percentage": "off"
                }
              ],
              "unhealthy_state_routing": [
                {
                  "minimum_healthy_targets_count": 1,
                  "minimum_healthy_targets_percentage": "off"
                }
              ]
            }
          ],
          "target_health_state": [
            {
              "enable_unhealthy_connection_termination": null,
              "unhealthy_draining_interval": null
            }
          ],
          "target_type": "instance",
          "vpc_id": "vpc-071096b5a46adb53f"
        },
        "after_unknown": {},
        "before_sensitive": {
          "health_check": [
            {}
          ],
          "load_balancer_arns": [
            false
          ],
          "stickiness": [
            {}
          ],
          "tags": {},
          "tags_all": {},
          "target_failover": [
            {}
          ],
          "target_group_health": [
            {
              "dns_failover": [
                {}
              ],
              "unhealthy_state_routing": [
                {}
              ]
            }
          ],
          "target_health_state": [
            {}
          ]
        },
        "after_sensitive": {
          "health_check": [
            {}
          ],
          "load_balancer_arns": [
            false
          ],
          "stickiness": [
            {}
          ],
          "tags": {},
          "tags_all": {},
          "target_failover": [
            {}
          ],
          "target_group_health": [
            {
              "dns_failover": [
                {}
              ],
              "unhealthy_state_routing": [
                {}
              ]
            }
          ],
          "target_health_state": [
            {}
          ]
        }
      }
    },
    {
      "address": "aws_autoscaling_attachment.asg_attachment_bar",
      "mode": "managed",
      "type": "aws_autoscaling_attachment",
      "name": "asg_attachment_bar",
      "provider_name": "registry.terraform.io/hashicorp/aws",
      "change": {
        "actions": [
          "no-op"
        ],
        "before": {
          "autoscaling_group_name": "terraform-lab_auto_scaling_group",
          "elb": null,
          "id": "terraform-lab_auto_scaling_group-20240830171521511800000006",
          "lb_target_group_arn": "arn:aws:elasticloadbalancing:us-east-2:633800640196:targetgroup/terraform-lab-tg/ffb60b001fc40c10"
        },
        "after": {
          "autoscaling_group_name": "terraform-lab_auto_scaling_group",
          "elb": null,
          "id": "terraform-lab_auto_scaling_group-20240830171521511800000006",
          "lb_target_group_arn": "arn:aws:elasticloadbalancing:us-east-2:633800640196:targetgroup/terraform-lab-tg/ffb60b001fc40c10"
        },
        "after_unknown": {},
        "before_sensitive": {},
        "after_sensitive": {}
      }
    },
    {
      "address": "aws_autoscaling_group.ec2-cluster",
      "mode": "managed",
      "type": "aws_autoscaling_group",
      "name": "ec2-cluster",
      "provider_name": "registry.terraform.io/hashicorp/aws",
      "change": {
        "actions": [
          "no-op"
        ],
        "before": {
          "arn": "arn:aws:autoscaling:us-east-2:633800640196:autoScalingGroup:4c57be5d-b057-4907-bf44-7d6321d052fb:autoScalingGroupName/terraform-lab_auto_scaling_group",
          "availability_zones": [
            "us-east-2a",
            "us-east-2b"
          ],
          "capacity_rebalance": false,
          "context": "",
          "default_cooldown": 300,
          "default_instance_warmup": 0,
          "desired_capacity": 2,
          "desired_capacity_type": "",
          "enabled_metrics": [],
          "force_delete": false,
          "force_delete_warm_pool": false,
          "health_check_grace_period": 300,
          "health_check_type": "EC2",
          "id": "terraform-lab_auto_scaling_group",
          "ignore_failed_scaling_activities": false,
          "initial_lifecycle_hook": [],
          "instance_maintenance_policy": [],
          "instance_refresh": [],
          "launch_configuration": "terraform-lab-instances-lc20240830171438711700000005",
          "launch_template": [],
          "load_balancers": [],
          "max_instance_lifetime": 0,
          "max_size": 2,
          "metrics_granularity": "1Minute",
          "min_elb_capacity": null,
          "min_size": 2,
          "mixed_instances_policy": [],
          "name": "terraform-lab_auto_scaling_group",
          "name_prefix": "",
          "placement_group": "",
          "predicted_capacity": 0,
          "protect_from_scale_in": false,
          "service_linked_role_arn": "arn:aws:iam::633800640196:role/aws-service-role/autoscaling.amazonaws.com/AWSServiceRoleForAutoScaling",
          "suspended_processes": [],
          "tag": [],
          "target_group_arns": [
            "arn:aws:elasticloadbalancing:us-east-2:633800640196:targetgroup/terraform-lab-tg/ffb60b001fc40c10"
          ],
          "termination_policies": [],
          "timeouts": null,
          "traffic_source": [
            {
              "identifier": "arn:aws:elasticloadbalancing:us-east-2:633800640196:targetgroup/terraform-lab-tg/ffb60b001fc40c10",
              "type": "elbv2"
            }
          ],
          "vpc_zone_identifier": [
            "subnet-04f9bb269fd864edf",
            "subnet-0d9a930cf90f4e3b8"
          ],
          "wait_for_capacity_timeout": "10m",
          "wait_for_elb_capacity": null,
          "warm_pool": [],
          "warm_pool_size": 0
        },
        "after": {
          "arn": "arn:aws:autoscaling:us-east-2:633800640196:autoScalingGroup:4c57be5d-b057-4907-bf44-7d6321d052fb:autoScalingGroupName/terraform-lab_auto_scaling_group",
          "availability_zones": [
            "us-east-2a",
            "us-east-2b"
          ],
          "capacity_rebalance": false,
          "context": "",
          "default_cooldown": 300,
          "default_instance_warmup": 0,
          "desired_capacity": 2,
          "desired_capacity_type": "",
          "enabled_metrics": [],
          "force_delete": false,
          "force_delete_warm_pool": false,
          "health_check_grace_period": 300,
          "health_check_type": "EC2",
          "id": "terraform-lab_auto_scaling_group",
          "ignore_failed_scaling_activities": false,
          "initial_lifecycle_hook": [],
          "instance_maintenance_policy": [],
          "instance_refresh": [],
          "launch_configuration": "terraform-lab-instances-lc20240830171438711700000005",
          "launch_template": [],
          "load_balancers": [],
          "max_instance_lifetime": 0,
          "max_size": 2,
          "metrics_granularity": "1Minute",
          "min_elb_capacity": null,
          "min_size": 2,
          "mixed_instances_policy": [],
          "name": "terraform-lab_auto_scaling_group",
          "name_prefix": "",
          "placement_group": "",
          "predicted_capacity": 0,
          "protect_from_scale_in": false,
          "service_linked_role_arn": "arn:aws:iam::633800640196:role/aws-service-role/autoscaling.amazonaws.com/AWSServiceRoleForAutoScaling",
          "suspended_processes": [],
          "tag": [],
          "target_group_arns": [
            "arn:aws:elasticloadbalancing:us-east-2:633800640196:targetgroup/terraform-lab-tg/ffb60b001fc40c10"
          ],
          "termination_policies": [],
          "timeouts": null,
          "traffic_source": [
            {
              "identifier": "arn:aws:elasticloadbalancing:us-east-2:633800640196:targetgroup/terraform-lab-tg/ffb60b001fc40c10",
              "type": "elbv2"
            }
          ],
          "vpc_zone_identifier": [
            "subnet-04f9bb269fd864edf",
            "subnet-0d9a930cf90f4e3b8"
          ],
          "wait_for_capacity_timeout": "10m",
          "wait_for_elb_capacity": null,
          "warm_pool": [],
          "warm_pool_size": 0
        },
        "after_unknown": {},
        "before_sensitive": {
          "availability_zones": [
            false,
            false
          ],
          "enabled_metrics": [],
          "initial_lifecycle_hook": [],
          "instance_maintenance_policy": [],
          "instance_refresh": [],
          "launch_template": [],
          "load_balancers": [],
          "mixed_instances_policy": [],
          "suspended_processes": [],
          "tag": [],
          "target_group_arns": [
            false
          ],
          "termination_policies": [],
          "traffic_source": [
            {}
          ],
          "vpc_zone_identifier": [
            false,
            false
          ],
          "warm_pool": []
        },
        "after_sensitive": {
          "availability_zones": [
            false,
            false
          ],
          "enabled_metrics": [],
          "initial_lifecycle_hook": [],
          "instance_maintenance_policy": [],
          "instance_refresh": [],
          "launch_template": [],
          "load_balancers": [],
          "mixed_instances_policy": [],
          "suspended_processes": [],
          "tag": [],
          "target_group_arns": [
            false
          ],
          "termination_policies": [],
          "traffic_source": [
            {}
          ],
          "vpc_zone_identifier": [
            false,
            false
          ],
          "warm_pool": []
        }
      }
    },
    {
      "address": "aws_eip.nat_gateway",
      "mode": "managed",
      "type": "aws_eip",
      "name": "nat_gateway",
      "provider_name": "registry.terraform.io/hashicorp/aws",
      "change": {
        "actions": [
          "no-op"
        ],
        "before": {
          "address": null,
          "allocation_id": "eipalloc-0833d4bdd2559f58b",
          "arn": "arn:aws:ec2:us-east-2:633800640196:elastic-ip/eipalloc-0833d4bdd2559f58b",
          "associate_with_private_ip": "10.0.0.5",
          "association_id": "eipassoc-0d5e737f3ec27322f",
          "carrier_ip": "",
          "customer_owned_ip": "",
          "customer_owned_ipv4_pool": "",
          "domain": "vpc",
          "id": "eipalloc-0833d4bdd2559f58b",
          "instance": "",
          "network_border_group": "us-east-2",
          "network_interface": "eni-0421ca05945b1e7ca",
          "private_dns": "ip-10-0-1-80.us-east-2.compute.internal",
          "private_ip": "10.0.1.80",
          "ptr_record": "",
          "public_dns": "ec2-52-14-190-247.us-east-2.compute.amazonaws.com",
          "public_ip": "52.14.190.247",
          "public_ipv4_pool": "amazon",
          "tags": {},
          "tags_all": {},
          "timeouts": null,
          "vpc": true
        },
        "after": {
          "address": null,
          "allocation_id": "eipalloc-0833d4bdd2559f58b",
          "arn": "arn:aws:ec2:us-east-2:633800640196:elastic-ip/eipalloc-0833d4bdd2559f58b",
          "associate_with_private_ip": "10.0.0.5",
          "association_id": "eipassoc-0d5e737f3ec27322f",
          "carrier_ip": "",
          "customer_owned_ip": "",
          "customer_owned_ipv4_pool": "",
          "domain": "vpc",
          "id": "eipalloc-0833d4bdd2559f58b",
          "instance": "",
          "network_border_group": "us-east-2",
          "network_interface": "eni-0421ca05945b1e7ca",
          "private_dns": "ip-10-0-1-80.us-east-2.compute.internal",
          "private_ip": "10.0.1.80",
          "ptr_record": "",
          "public_dns": "ec2-52-14-190-247.us-east-2.compute.amazonaws.com",
          "public_ip": "52.14.190.247",
          "public_ipv4_pool": "amazon",
          "tags": {},
          "tags_all": {},
          "timeouts": null,
          "vpc": true
        },
        "after_unknown": {},
        "before_sensitive": {
          "tags": {},
          "tags_all": {}
        },
        "after_sensitive": {
          "tags": {},
          "tags_all": {}
        }
      }
    },
    {
      "address": "aws_iam_instance_profile.session-manager",
      "mode": "managed",
      "type": "aws_iam_instance_profile",
      "name": "session-manager",
      "provider_name": "registry.terraform.io/hashicorp/aws",
      "change": {
        "actions": [
          "no-op"
        ],
        "before": {
          "arn": "arn:aws:iam::633800640196:instance-profile/session-manager",
          "create_date": "2024-08-30T17:12:40Z",
          "id": "session-manager",
          "name": "session-manager",
          "name_prefix": "",
          "path": "/",
          "role": "session-manager",
          "tags": {},
          "tags_all": {},
          "unique_id": "AIPAZHELWI3CKR25QTCMA"
        },
        "after": {
          "arn": "arn:aws:iam::633800640196:instance-profile/session-manager",
          "create_date": "2024-08-30T17:12:40Z",
          "id": "session-manager",
          "name": "session-manager",
          "name_prefix": "",
          "path": "/",
          "role": "session-manager",
          "tags": {},
          "tags_all": {},
          "unique_id": "AIPAZHELWI3CKR25QTCMA"
        },
        "after_unknown": {},
        "before_sensitive": {
          "tags": {},
          "tags_all": {}
        },
        "after_sensitive": {
          "tags": {},
          "tags_all": {}
        }
      }
    },
    {
      "address": "aws_iam_policy.session-manager",
      "mode": "managed",
      "type": "aws_iam_policy",
      "name": "session-manager",
      "provider_name": "registry.terraform.io/hashicorp/aws",
      "change": {
        "actions": [
          "no-op"
        ],
        "before": {
          "arn": "arn:aws:iam::633800640196:policy/session-manager",
          "attachment_count": 0,
          "description": "session-manager",
          "id": "arn:aws:iam::633800640196:policy/session-manager",
          "name": "session-manager",
          "name_prefix": "",
          "path": "/",
          "policy": "{\"Statement\":[{\"Action\":\"ec2:*\",\"Effect\":\"Allow\",\"Resource\":\"*\"},{\"Action\":\"elasticloadbalancing:*\",\"Effect\":\"Allow\",\"Resource\":\"*\"},{\"Action\":\"cloudwatch:*\",\"Effect\":\"Allow\",\"Resource\":\"*\"},{\"Action\":\"autoscaling:*\",\"Effect\":\"Allow\",\"Resource\":\"*\"},{\"Action\":\"iam:CreateServiceLinkedRole\",\"Condition\":{\"StringEquals\":{\"iam:AWSServiceName\":[\"autoscaling.amazonaws.com\",\"ec2scheduled.amazonaws.com\",\"elasticloadbalancing.amazonaws.com\",\"spot.amazonaws.com\",\"spotfleet.amazonaws.com\",\"transitgateway.amazonaws.com\"]}},\"Effect\":\"Allow\",\"Resource\":\"*\"}],\"Version\":\"2012-10-17\"}",
          "policy_id": "ANPAZHELWI3CH2HGFGXWS",
          "tags": {},
          "tags_all": {}
        },
        "after": {
          "arn": "arn:aws:iam::633800640196:policy/session-manager",
          "attachment_count": 0,
          "description": "session-manager",
          "id": "arn:aws:iam::633800640196:policy/session-manager",
          "name": "session-manager",
          "name_prefix": "",
          "path": "/",
          "policy": "{\"Statement\":[{\"Action\":\"ec2:*\",\"Effect\":\"Allow\",\"Resource\":\"*\"},{\"Action\":\"elasticloadbalancing:*\",\"Effect\":\"Allow\",\"Resource\":\"*\"},{\"Action\":\"cloudwatch:*\",\"Effect\":\"Allow\",\"Resource\":\"*\"},{\"Action\":\"autoscaling:*\",\"Effect\":\"Allow\",\"Resource\":\"*\"},{\"Action\":\"iam:CreateServiceLinkedRole\",\"Condition\":{\"StringEquals\":{\"iam:AWSServiceName\":[\"autoscaling.amazonaws.com\",\"ec2scheduled.amazonaws.com\",\"elasticloadbalancing.amazonaws.com\",\"spot.amazonaws.com\",\"spotfleet.amazonaws.com\",\"transitgateway.amazonaws.com\"]}},\"Effect\":\"Allow\",\"Resource\":\"*\"}],\"Version\":\"2012-10-17\"}",
          "policy_id": "ANPAZHELWI3CH2HGFGXWS",
          "tags": {},
          "tags_all": {}
        },
        "after_unknown": {},
        "before_sensitive": {
          "tags": {},
          "tags_all": {}
        },
        "after_sensitive": {
          "tags": {},
          "tags_all": {}
        }
      }
    },
    {
      "address": "aws_iam_role.session-manager",
      "mode": "managed",
      "type": "aws_iam_role",
      "name": "session-manager",
      "provider_name": "registry.terraform.io/hashicorp/aws",
      "change": {
        "actions": [
          "no-op"
        ],
        "before": {
          "arn": "arn:aws:iam::633800640196:role/session-manager",
          "assume_role_policy": "{\"Statement\":[{\"Action\":\"sts:AssumeRole\",\"Effect\":\"Allow\",\"Principal\":{\"Service\":\"ec2.amazonaws.com\"}}],\"Version\":\"2012-10-17\"}",
          "create_date": "2024-08-30T17:12:39Z",
          "description": "",
          "force_detach_policies": false,
          "id": "session-manager",
          "inline_policy": [],
          "managed_policy_arns": [],
          "max_session_duration": 3600,
          "name": "session-manager",
          "name_prefix": "",
          "path": "/",
          "permissions_boundary": "",
          "tags": {
            "Name": "session-manager"
          },
          "tags_all": {
            "Name": "session-manager"
          },
          "unique_id": "AROAZHELWI3CDJY7FFNSS"
        },
        "after": {
          "arn": "arn:aws:iam::633800640196:role/session-manager",
          "assume_role_policy": "{\"Statement\":[{\"Action\":\"sts:AssumeRole\",\"Effect\":\"Allow\",\"Principal\":{\"Service\":\"ec2.amazonaws.com\"}}],\"Version\":\"2012-10-17\"}",
          "create_date": "2024-08-30T17:12:39Z",
          "description": "",
          "force_detach_policies": false,
          "id": "session-manager",
          "inline_policy": [],
          "managed_policy_arns": [],
          "max_session_duration": 3600,
          "name": "session-manager",
          "name_prefix": "",
          "path": "/",
          "permissions_boundary": "",
          "tags": {
            "Name": "session-manager"
          },
          "tags_all": {
            "Name": "session-manager"
          },
          "unique_id": "AROAZHELWI3CDJY7FFNSS"
        },
        "after_unknown": {},
        "before_sensitive": {
          "inline_policy": [],
          "managed_policy_arns": [],
          "tags": {},
          "tags_all": {}
        },
        "after_sensitive": {
          "inline_policy": [],
          "managed_policy_arns": [],
          "tags": {},
          "tags_all": {}
        }
      }
    },
    {
      "address": "aws_instance.bastion",
      "mode": "managed",
      "type": "aws_instance",
      "name": "bastion",
      "provider_name": "registry.terraform.io/hashicorp/aws",
      "change": {
        "actions": [
          "delete",
          "create"
        ],
        "before": {
          "ami": "ami-0568773882d492fc8",
          "arn": "arn:aws:ec2:us-east-2:633800640196:instance/i-0f6f9436d2dde414e",
          "associate_public_ip_address": true,
          "availability_zone": "us-east-2a",
          "capacity_reservation_specification": [
            {
              "capacity_reservation_preference": "open",
              "capacity_reservation_target": []
            }
          ],
          "cpu_core_count": 1,
          "cpu_options": [
            {
              "amd_sev_snp": "",
              "core_count": 1,
              "threads_per_core": 1
            }
          ],
          "cpu_threads_per_core": 1,
          "credit_specification": [
            {
              "cpu_credits": "standard"
            }
          ],
          "disable_api_stop": false,
          "disable_api_termination": false,
          "ebs_block_device": [],
          "ebs_optimized": false,
          "enclave_options": [
            {
              "enabled": false
            }
          ],
          "ephemeral_block_device": [],
          "get_password_data": false,
          "hibernation": false,
          "host_id": "",
          "host_resource_group_arn": null,
          "iam_instance_profile": "session-manager",
          "id": "i-0f6f9436d2dde414e",
          "instance_initiated_shutdown_behavior": "stop",
          "instance_lifecycle": "",
          "instance_market_options": [],
          "instance_state": "running",
          "instance_type": "t2.micro",
          "ipv6_address_count": 0,
          "ipv6_addresses": [],
          "key_name": "terraform-lab_key_pair",
          "launch_template": [],
          "maintenance_options": [
            {
              "auto_recovery": "default"
            }
          ],
          "metadata_options": [
            {
              "http_endpoint": "enabled",
              "http_protocol_ipv6": "disabled",
              "http_put_response_hop_limit": 1,
              "http_tokens": "optional",
              "instance_metadata_tags": "disabled"
            }
          ],
          "monitoring": false,
          "network_interface": [],
          "outpost_arn": "",
          "password_data": "",
          "placement_group": "",
          "placement_partition_number": 0,
          "primary_network_interface_id": "eni-014f5fd04c8582c26",
          "private_dns": "ip-10-0-1-231.us-east-2.compute.internal",
          "private_dns_name_options": [
            {
              "enable_resource_name_dns_a_record": false,
              "enable_resource_name_dns_aaaa_record": false,
              "hostname_type": "ip-name"
            }
          ],
          "private_ip": "10.0.1.231",
          "public_dns": "ec2-3-12-36-150.us-east-2.compute.amazonaws.com",
          "public_ip": "3.12.36.150",
          "root_block_device": [
            {
              "delete_on_termination": true,
              "device_name": "/dev/xvda",
              "encrypted": false,
              "iops": 100,
              "kms_key_id": "",
              "tags": {},
              "tags_all": {},
              "throughput": 0,
              "volume_id": "vol-017e641867ac8facd",
              "volume_size": 8,
              "volume_type": "gp2"
            }
          ],
          "secondary_private_ips": [],
          "security_groups": [],
          "source_dest_check": true,
          "spot_instance_request_id": "",
          "subnet_id": "subnet-0bce2540ca339fea7",
          "tags": {
            "Name": "Bastion"
          },
          "tags_all": {
            "Name": "Bastion"
          },
          "tenancy": "default",
          "timeouts": null,
          "user_data": null,
          "user_data_base64": null,
          "user_data_replace_on_change": true,
          "volume_tags": null,
          "vpc_security_group_ids": [
            "sg-097c5e722c0dcf4b9"
          ]
        },
        "after": {
          "ami": "ami-0568773882d492fc8",
          "associate_public_ip_address": true,
          "credit_specification": [],
          "get_password_data": false,
          "hibernation": null,
          "iam_instance_profile": "session-manager",
          "instance_type": "t2.micro",
          "key_name": "terraform-lab_key_pair",
          "launch_template": [],
          "security_groups": [
            "sg-097c5e722c0dcf4b9"
          ],
          "source_dest_check": true,
          "subnet_id": "subnet-0bce2540ca339fea7",
          "tags": {
            "Name": "Bastion"
          },
          "tags_all": {
            "Name": "Bastion"
          },
          "timeouts": null,
          "user_data_replace_on_change": true,
          "volume_tags": null
        },
        "after_unknown": {
          "arn": true,
          "availability_zone": true,
          "capacity_reservation_specification": true,
          "cpu_core_count": true,
          "cpu_options": true,
          "cpu_threads_per_core": true,
          "credit_specification": [],
          "disable_api_stop": true,
          "disable_api_termination": true,
          "ebs_block_device": true,
          "ebs_optimized": true,
          "enclave_options": true,
          "ephemeral_block_device": true,
          "host_id": true,
          "host_resource_group_arn": true,
          "id": true,
          "instance_initiated_shutdown_behavior": true,
          "instance_lifecycle": true,
          "instance_market_options": true,
          "instance_state": true,
          "ipv6_address_count": true,
          "ipv6_addresses": true,
          "launch_template": [],
          "maintenance_options": true,
          "metadata_options": true,
          "monitoring": true,
          "network_interface": true,
          "outpost_arn": true,
          "password_data": true,
          "placement_group": true,
          "placement_partition_number": true,
          "primary_network_interface_id": true,
          "private_dns": true,
          "private_dns_name_options": true,
          "private_ip": true,
          "public_dns": true,
          "public_ip": true,
          "root_block_device": true,
          "secondary_private_ips": true,
          "security_groups": [
            false
          ],
          "spot_instance_request_id": true,
          "tags": {},
          "tags_all": {},
          "tenancy": true,
          "user_data": true,
          "user_data_base64": true,
          "vpc_security_group_ids": true
        },
        "before_sensitive": {
          "capacity_reservation_specification": [
            {
              "capacity_reservation_target": []
            }
          ],
          "cpu_options": [
            {}
          ],
          "credit_specification": [
            {}
          ],
          "ebs_block_device": [],
          "enclave_options": [
            {}
          ],
          "ephemeral_block_device": [],
          "instance_market_options": [],
          "ipv6_addresses": [],
          "launch_template": [],
          "maintenance_options": [
            {}
          ],
          "metadata_options": [
            {}
          ],
          "network_interface": [],
          "private_dns_name_options": [
            {}
          ],
          "root_block_device": [
            {
              "tags": {},
              "tags_all": {}
            }
          ],
          "secondary_private_ips": [],
          "security_groups": [],
          "tags": {},
          "tags_all": {},
          "vpc_security_group_ids": [
            false
          ]
        },
        "after_sensitive": {
          "capacity_reservation_specification": [],
          "cpu_options": [],
          "credit_specification": [],
          "ebs_block_device": [],
          "enclave_options": [],
          "ephemeral_block_device": [],
          "instance_market_options": [],
          "ipv6_addresses": [],
          "launch_template": [],
          "maintenance_options": [],
          "metadata_options": [],
          "network_interface": [],
          "private_dns_name_options": [],
          "root_block_device": [],
          "secondary_private_ips": [],
          "security_groups": [
            false
          ],
          "tags": {},
          "tags_all": {},
          "vpc_security_group_ids": []
        },
        "replace_paths": [
          [
            "security_groups"
          ]
        ]
      },
      "action_reason": "replace_because_cannot_update"
    },
    {
      "address": "aws_internet_gateway.terraform-lab-igw",
      "mode": "managed",
      "type": "aws_internet_gateway",
      "name": "terraform-lab-igw",
      "provider_name": "registry.terraform.io/hashicorp/aws",
      "change": {
        "actions": [
          "no-op"
        ],
        "before": {
          "arn": "arn:aws:ec2:us-east-2:633800640196:internet-gateway/igw-0e9d8fe39f08710d9",
          "id": "igw-0e9d8fe39f08710d9",
          "owner_id": "633800640196",
          "tags": {
            "Name": "terraform-lab-igw"
          },
          "tags_all": {
            "Name": "terraform-lab-igw"
          },
          "timeouts": null,
          "vpc_id": "vpc-071096b5a46adb53f"
        },
        "after": {
          "arn": "arn:aws:ec2:us-east-2:633800640196:internet-gateway/igw-0e9d8fe39f08710d9",
          "id": "igw-0e9d8fe39f08710d9",
          "owner_id": "633800640196",
          "tags": {
            "Name": "terraform-lab-igw"
          },
          "tags_all": {
            "Name": "terraform-lab-igw"
          },
          "timeouts": null,
          "vpc_id": "vpc-071096b5a46adb53f"
        },
        "after_unknown": {},
        "before_sensitive": {
          "tags": {},
          "tags_all": {}
        },
        "after_sensitive": {
          "tags": {},
          "tags_all": {}
        }
      }
    },
    {
      "address": "aws_key_pair.terraform-lab",
      "mode": "managed",
      "type": "aws_key_pair",
      "name": "terraform-lab",
      "provider_name": "registry.terraform.io/hashicorp/aws",
      "change": {
        "actions": [
          "no-op"
        ],
        "before": {
          "arn": "arn:aws:ec2:us-east-2:633800640196:key-pair/terraform-lab_key_pair",
          "fingerprint": "ba:04:4b:e9:a1:15:dd:c8:9e:f7:43:e4:19:73:0c:d3",
          "id": "terraform-lab_key_pair",
          "key_name": "terraform-lab_key_pair",
          "key_name_prefix": "",
          "key_pair_id": "key-028d897f2bd6c4b98",
          "key_type": "rsa",
          "public_key": "ssh-rsa AAAAB3NzaC1yc2EAAAADAQABAAACAQC0/xGzPohhw8khG8IvMMnSjMT5WnVEWs6GjU/heza1NyR2O8xYvztuHlZVEXzLie3jdgDHD8qKBIjpw4WsGIJyujW5AY2OXDHpgC0GWeeDz5M1jTl6w9rLNQrukr0v/lMCXTyeOE3xNkQRZOpr4nRF1nBG0VjCpQNl+PmhvjmXQ1JNfnXn4d3aJlKPqwhJVJOXgvxj6kMiVc7B5PyjrmdEt7ZT0KNmrYkKQ6bldrEe3sDQGlTdsUSXDk/8Xe30aYCJZm+SZHHUX+SKD4a0SYJd3zTkhlNncK8VJh20gUxWxCuMg6ySQGqfVqhE5KxbOwU7DSuFv3N7L1PodfcUbRbEAUWHhk1s9OZdgA4aF8MSfnhAcDshFrY/OnGeDX2F3O4YpDhb1x48b7jQNAtMEh53XapI3kVVrkhy0WDLzJcZAhXAgP4TF7OgdsswSNpdqudOQS/d6PABLhAJaSrmkwxhKTeJHp3yUNC9ZClElHMagQRcVzxHbDYqOjEU08hHvwIjzPhctiTayHtmDO+KH7ppHNfIfPagIlKQ0nTv8mdl1YUwOZ8a1i1jQcjhcJjKvlyNYYDyPwLE9JdiptUH/v1Z/S/RnRY+IdU2l7tsKZ45IbDs9D7RvtmBPMfA1wR/BJh6Jb6ra3PQ+7/Fp+Aj5QTcrg1Xp1f2y9sfqgqy3kakaw== your_email@example.com",
          "tags": {},
          "tags_all": {}
        },
        "after": {
          "arn": "arn:aws:ec2:us-east-2:633800640196:key-pair/terraform-lab_key_pair",
          "fingerprint": "ba:04:4b:e9:a1:15:dd:c8:9e:f7:43:e4:19:73:0c:d3",
          "id": "terraform-lab_key_pair",
          "key_name": "terraform-lab_key_pair",
          "key_name_prefix": "",
          "key_pair_id": "key-028d897f2bd6c4b98",
          "key_type": "rsa",
          "public_key": "ssh-rsa AAAAB3NzaC1yc2EAAAADAQABAAACAQC0/xGzPohhw8khG8IvMMnSjMT5WnVEWs6GjU/heza1NyR2O8xYvztuHlZVEXzLie3jdgDHD8qKBIjpw4WsGIJyujW5AY2OXDHpgC0GWeeDz5M1jTl6w9rLNQrukr0v/lMCXTyeOE3xNkQRZOpr4nRF1nBG0VjCpQNl+PmhvjmXQ1JNfnXn4d3aJlKPqwhJVJOXgvxj6kMiVc7B5PyjrmdEt7ZT0KNmrYkKQ6bldrEe3sDQGlTdsUSXDk/8Xe30aYCJZm+SZHHUX+SKD4a0SYJd3zTkhlNncK8VJh20gUxWxCuMg6ySQGqfVqhE5KxbOwU7DSuFv3N7L1PodfcUbRbEAUWHhk1s9OZdgA4aF8MSfnhAcDshFrY/OnGeDX2F3O4YpDhb1x48b7jQNAtMEh53XapI3kVVrkhy0WDLzJcZAhXAgP4TF7OgdsswSNpdqudOQS/d6PABLhAJaSrmkwxhKTeJHp3yUNC9ZClElHMagQRcVzxHbDYqOjEU08hHvwIjzPhctiTayHtmDO+KH7ppHNfIfPagIlKQ0nTv8mdl1YUwOZ8a1i1jQcjhcJjKvlyNYYDyPwLE9JdiptUH/v1Z/S/RnRY+IdU2l7tsKZ45IbDs9D7RvtmBPMfA1wR/BJh6Jb6ra3PQ+7/Fp+Aj5QTcrg1Xp1f2y9sfqgqy3kakaw== your_email@example.com",
          "tags": {},
          "tags_all": {}
        },
        "after_unknown": {},
        "before_sensitive": {
          "tags": {},
          "tags_all": {}
        },
        "after_sensitive": {
          "tags": {},
          "tags_all": {}
        }
      }
    },
    {
      "address": "aws_launch_configuration.ec2",
      "mode": "managed",
      "type": "aws_launch_configuration",
      "name": "ec2",
      "provider_name": "registry.terraform.io/hashicorp/aws",
      "change": {
        "actions": [
          "no-op"
        ],
        "before": {
          "arn": "arn:aws:autoscaling:us-east-2:633800640196:launchConfiguration:f8058930-6dc5-4034-8546-84b1fc843720:launchConfigurationName/terraform-lab-instances-lc20240830171438711700000005",
          "associate_public_ip_address": false,
          "ebs_block_device": [],
          "ebs_optimized": false,
          "enable_monitoring": true,
          "ephemeral_block_device": [],
          "iam_instance_profile": "session-manager",
          "id": "terraform-lab-instances-lc20240830171438711700000005",
          "image_id": "ami-0568773882d492fc8",
          "instance_type": "t2.micro",
          "key_name": "terraform-lab_key_pair",
          "metadata_options": [],
          "name": "terraform-lab-instances-lc20240830171438711700000005",
          "name_prefix": "terraform-lab-instances-lc",
          "placement_tenancy": "",
          "root_block_device": [],
          "security_groups": [
            "sg-097c5e722c0dcf4b9"
          ],
          "spot_price": "",
          "user_data": "aa3f04b53a0ffd5534ad3823bee027f463a55e91",
          "user_data_base64": null
        },
        "after": {
          "arn": "arn:aws:autoscaling:us-east-2:633800640196:launchConfiguration:f8058930-6dc5-4034-8546-84b1fc843720:launchConfigurationName/terraform-lab-instances-lc20240830171438711700000005",
          "associate_public_ip_address": false,
          "ebs_block_device": [],
          "ebs_optimized": false,
          "enable_monitoring": true,
          "ephemeral_block_device": [],
          "iam_instance_profile": "session-manager",
          "id": "terraform-lab-instances-lc20240830171438711700000005",
          "image_id": "ami-0568773882d492fc8",
          "instance_type": "t2.micro",
          "key_name": "terraform-lab_key_pair",
          "metadata_options": [],
          "name": "terraform-lab-instances-lc20240830171438711700000005",
          "name_prefix": "terraform-lab-instances-lc",
          "placement_tenancy": "",
          "root_block_device": [],
          "security_groups": [
            "sg-097c5e722c0dcf4b9"
          ],
          "spot_price": "",
          "user_data": "aa3f04b53a0ffd5534ad3823bee027f463a55e91",
          "user_data_base64": null
        },
        "after_unknown": {},
        "before_sensitive": {
          "ebs_block_device": [],
          "ephemeral_block_device": [],
          "metadata_options": [],
          "root_block_device": [],
          "security_groups": [
            false
          ]
        },
        "after_sensitive": {
          "ebs_block_device": [],
          "ephemeral_block_device": [],
          "metadata_options": [],
          "root_block_device": [],
          "security_groups": [
            false
          ]
        }
      }
    },
    {
      "address": "aws_lb.development",
      "mode": "managed",
      "type": "aws_lb",
      "name": "development",
      "provider_name": "registry.terraform.io/hashicorp/aws",
      "change": {
        "actions": [
          "no-op"
        ],
        "before": {
          "access_logs": [
            {
              "bucket": "",
              "enabled": false,
              "prefix": ""
            }
          ],
          "arn": "arn:aws:elasticloadbalancing:us-east-2:633800640196:loadbalancer/app/terraform-lab-alb/86a214b3282b67ad",
          "arn_suffix": "app/terraform-lab-alb/86a214b3282b67ad",
          "client_keep_alive": 3600,
          "connection_logs": [
            {
              "bucket": "",
              "enabled": false,
              "prefix": ""
            }
          ],
          "customer_owned_ipv4_pool": "",
          "desync_mitigation_mode": "defensive",
          "dns_name": "terraform-lab-alb-1965413173.us-east-2.elb.amazonaws.com",
          "dns_record_client_routing_policy": null,
          "drop_invalid_header_fields": false,
          "enable_cross_zone_load_balancing": true,
          "enable_deletion_protection": false,
          "enable_http2": true,
          "enable_tls_version_and_cipher_suite_headers": false,
          "enable_waf_fail_open": false,
          "enable_xff_client_port": false,
          "enforce_security_group_inbound_rules_on_private_link_traffic": "",
          "id": "arn:aws:elasticloadbalancing:us-east-2:633800640196:loadbalancer/app/terraform-lab-alb/86a214b3282b67ad",
          "idle_timeout": 60,
          "internal": false,
          "ip_address_type": "ipv4",
          "load_balancer_type": "application",
          "name": "terraform-lab-alb",
          "name_prefix": "",
          "preserve_host_header": false,
          "security_groups": [
            "sg-03d62a43eaf3b37fd"
          ],
          "subnet_mapping": [
            {
              "allocation_id": "",
              "ipv6_address": "",
              "outpost_id": "",
              "private_ipv4_address": "",
              "subnet_id": "subnet-0bce2540ca339fea7"
            },
            {
              "allocation_id": "",
              "ipv6_address": "",
              "outpost_id": "",
              "private_ipv4_address": "",
              "subnet_id": "subnet-0bfec90ba3a7a3238"
            }
          ],
          "subnets": [
            "subnet-0bce2540ca339fea7",
            "subnet-0bfec90ba3a7a3238"
          ],
          "tags": {},
          "tags_all": {},
          "timeouts": null,
          "vpc_id": "vpc-071096b5a46adb53f",
          "xff_header_processing_mode": "append",
          "zone_id": "Z3AADJGX6KTTL2"
        },
        "after": {
          "access_logs": [
            {
              "bucket": "",
              "enabled": false,
              "prefix": ""
            }
          ],
          "arn": "arn:aws:elasticloadbalancing:us-east-2:633800640196:loadbalancer/app/terraform-lab-alb/86a214b3282b67ad",
          "arn_suffix": "app/terraform-lab-alb/86a214b3282b67ad",
          "client_keep_alive": 3600,
          "connection_logs": [
            {
              "bucket": "",
              "enabled": false,
              "prefix": ""
            }
          ],
          "customer_owned_ipv4_pool": "",
          "desync_mitigation_mode": "defensive",
          "dns_name": "terraform-lab-alb-1965413173.us-east-2.elb.amazonaws.com",
          "dns_record_client_routing_policy": null,
          "drop_invalid_header_fields": false,
          "enable_cross_zone_load_balancing": true,
          "enable_deletion_protection": false,
          "enable_http2": true,
          "enable_tls_version_and_cipher_suite_headers": false,
          "enable_waf_fail_open": false,
          "enable_xff_client_port": false,
          "enforce_security_group_inbound_rules_on_private_link_traffic": "",
          "id": "arn:aws:elasticloadbalancing:us-east-2:633800640196:loadbalancer/app/terraform-lab-alb/86a214b3282b67ad",
          "idle_timeout": 60,
          "internal": false,
          "ip_address_type": "ipv4",
          "load_balancer_type": "application",
          "name": "terraform-lab-alb",
          "name_prefix": "",
          "preserve_host_header": false,
          "security_groups": [
            "sg-03d62a43eaf3b37fd"
          ],
          "subnet_mapping": [
            {
              "allocation_id": "",
              "ipv6_address": "",
              "outpost_id": "",
              "private_ipv4_address": "",
              "subnet_id": "subnet-0bce2540ca339fea7"
            },
            {
              "allocation_id": "",
              "ipv6_address": "",
              "outpost_id": "",
              "private_ipv4_address": "",
              "subnet_id": "subnet-0bfec90ba3a7a3238"
            }
          ],
          "subnets": [
            "subnet-0bce2540ca339fea7",
            "subnet-0bfec90ba3a7a3238"
          ],
          "tags": {},
          "tags_all": {},
          "timeouts": null,
          "vpc_id": "vpc-071096b5a46adb53f",
          "xff_header_processing_mode": "append",
          "zone_id": "Z3AADJGX6KTTL2"
        },
        "after_unknown": {},
        "before_sensitive": {
          "access_logs": [
            {}
          ],
          "connection_logs": [
            {}
          ],
          "security_groups": [
            false
          ],
          "subnet_mapping": [
            {},
            {}
          ],
          "subnets": [
            false,
            false
          ],
          "tags": {},
          "tags_all": {}
        },
        "after_sensitive": {
          "access_logs": [
            {}
          ],
          "connection_logs": [
            {}
          ],
          "security_groups": [
            false
          ],
          "subnet_mapping": [
            {},
            {}
          ],
          "subnets": [
            false,
            false
          ],
          "tags": {},
          "tags_all": {}
        }
      }
    },
    {
      "address": "aws_nat_gateway.terraform-lab-ngw",
      "mode": "managed",
      "type": "aws_nat_gateway",
      "name": "terraform-lab-ngw",
      "provider_name": "registry.terraform.io/hashicorp/aws",
      "change": {
        "actions": [
          "no-op"
        ],
        "before": {
          "allocation_id": "eipalloc-0833d4bdd2559f58b",
          "association_id": "eipassoc-0d5e737f3ec27322f",
          "connectivity_type": "public",
          "id": "nat-02e2abdc891635153",
          "network_interface_id": "eni-0421ca05945b1e7ca",
          "private_ip": "10.0.1.80",
          "public_ip": "52.14.190.247",
          "secondary_allocation_ids": [],
          "secondary_private_ip_address_count": 0,
          "secondary_private_ip_addresses": [],
          "subnet_id": "subnet-0bce2540ca339fea7",
          "tags": {
            "Name": "terraform-lab-ngw"
          },
          "tags_all": {
            "Name": "terraform-lab-ngw"
          },
          "timeouts": null
        },
        "after": {
          "allocation_id": "eipalloc-0833d4bdd2559f58b",
          "association_id": "eipassoc-0d5e737f3ec27322f",
          "connectivity_type": "public",
          "id": "nat-02e2abdc891635153",
          "network_interface_id": "eni-0421ca05945b1e7ca",
          "private_ip": "10.0.1.80",
          "public_ip": "52.14.190.247",
          "secondary_allocation_ids": [],
          "secondary_private_ip_address_count": 0,
          "secondary_private_ip_addresses": [],
          "subnet_id": "subnet-0bce2540ca339fea7",
          "tags": {
            "Name": "terraform-lab-ngw"
          },
          "tags_all": {
            "Name": "terraform-lab-ngw"
          },
          "timeouts": null
        },
        "after_unknown": {},
        "before_sensitive": {
          "secondary_allocation_ids": [],
          "secondary_private_ip_addresses": [],
          "tags": {},
          "tags_all": {}
        },
        "after_sensitive": {
          "secondary_allocation_ids": [],
          "secondary_private_ip_addresses": [],
          "tags": {},
          "tags_all": {}
        }
      }
    },
    {
      "address": "aws_route.nat-ngw-route",
      "mode": "managed",
      "type": "aws_route",
      "name": "nat-ngw-route",
      "provider_name": "registry.terraform.io/hashicorp/aws",
      "change": {
        "actions": [
          "no-op"
        ],
        "before": {
          "carrier_gateway_id": "",
          "core_network_arn": "",
          "destination_cidr_block": "0.0.0.0/0",
          "destination_ipv6_cidr_block": "",
          "destination_prefix_list_id": "",
          "egress_only_gateway_id": "",
          "gateway_id": "",
          "id": "r-rtb-099486e39ad92985c1080289494",
          "instance_id": "",
          "instance_owner_id": "",
          "local_gateway_id": "",
          "nat_gateway_id": "nat-02e2abdc891635153",
          "network_interface_id": "",
          "origin": "CreateRoute",
          "route_table_id": "rtb-099486e39ad92985c",
          "state": "active",
          "timeouts": null,
          "transit_gateway_id": "",
          "vpc_endpoint_id": "",
          "vpc_peering_connection_id": ""
        },
        "after": {
          "carrier_gateway_id": "",
          "core_network_arn": "",
          "destination_cidr_block": "0.0.0.0/0",
          "destination_ipv6_cidr_block": "",
          "destination_prefix_list_id": "",
          "egress_only_gateway_id": "",
          "gateway_id": "",
          "id": "r-rtb-099486e39ad92985c1080289494",
          "instance_id": "",
          "instance_owner_id": "",
          "local_gateway_id": "",
          "nat_gateway_id": "nat-02e2abdc891635153",
          "network_interface_id": "",
          "origin": "CreateRoute",
          "route_table_id": "rtb-099486e39ad92985c",
          "state": "active",
          "timeouts": null,
          "transit_gateway_id": "",
          "vpc_endpoint_id": "",
          "vpc_peering_connection_id": ""
        },
        "after_unknown": {},
        "before_sensitive": {},
        "after_sensitive": {}
      }
    },
    {
      "address": "aws_route.public-internet-igw-route",
      "mode": "managed",
      "type": "aws_route",
      "name": "public-internet-igw-route",
      "provider_name": "registry.terraform.io/hashicorp/aws",
      "change": {
        "actions": [
          "no-op"
        ],
        "before": {
          "carrier_gateway_id": "",
          "core_network_arn": "",
          "destination_cidr_block": "0.0.0.0/0",
          "destination_ipv6_cidr_block": "",
          "destination_prefix_list_id": "",
          "egress_only_gateway_id": "",
          "gateway_id": "igw-0e9d8fe39f08710d9",
          "id": "r-rtb-0ccdb315c1d0b20331080289494",
          "instance_id": "",
          "instance_owner_id": "",
          "local_gateway_id": "",
          "nat_gateway_id": "",
          "network_interface_id": "",
          "origin": "CreateRoute",
          "route_table_id": "rtb-0ccdb315c1d0b2033",
          "state": "active",
          "timeouts": null,
          "transit_gateway_id": "",
          "vpc_endpoint_id": "",
          "vpc_peering_connection_id": ""
        },
        "after": {
          "carrier_gateway_id": "",
          "core_network_arn": "",
          "destination_cidr_block": "0.0.0.0/0",
          "destination_ipv6_cidr_block": "",
          "destination_prefix_list_id": "",
          "egress_only_gateway_id": "",
          "gateway_id": "igw-0e9d8fe39f08710d9",
          "id": "r-rtb-0ccdb315c1d0b20331080289494",
          "instance_id": "",
          "instance_owner_id": "",
          "local_gateway_id": "",
          "nat_gateway_id": "",
          "network_interface_id": "",
          "origin": "CreateRoute",
          "route_table_id": "rtb-0ccdb315c1d0b2033",
          "state": "active",
          "timeouts": null,
          "transit_gateway_id": "",
          "vpc_endpoint_id": "",
          "vpc_peering_connection_id": ""
        },
        "after_unknown": {},
        "before_sensitive": {},
        "after_sensitive": {}
      }
    },
    {
      "address": "aws_route_table.private-route-table",
      "mode": "managed",
      "type": "aws_route_table",
      "name": "private-route-table",
      "provider_name": "registry.terraform.io/hashicorp/aws",
      "change": {
        "actions": [
          "no-op"
        ],
        "before": {
          "arn": "arn:aws:ec2:us-east-2:633800640196:route-table/rtb-099486e39ad92985c",
          "id": "rtb-099486e39ad92985c",
          "owner_id": "633800640196",
          "propagating_vgws": [],
          "route": [
            {
              "carrier_gateway_id": "",
              "cidr_block": "0.0.0.0/0",
              "core_network_arn": "",
              "destination_prefix_list_id": "",
              "egress_only_gateway_id": "",
              "gateway_id": "",
              "ipv6_cidr_block": "",
              "local_gateway_id": "",
              "nat_gateway_id": "nat-02e2abdc891635153",
              "network_interface_id": "",
              "transit_gateway_id": "",
              "vpc_endpoint_id": "",
              "vpc_peering_connection_id": ""
            }
          ],
          "tags": {
            "Name": "private-terraform-lab-route-table"
          },
          "tags_all": {
            "Name": "private-terraform-lab-route-table"
          },
          "timeouts": null,
          "vpc_id": "vpc-071096b5a46adb53f"
        },
        "after": {
          "arn": "arn:aws:ec2:us-east-2:633800640196:route-table/rtb-099486e39ad92985c",
          "id": "rtb-099486e39ad92985c",
          "owner_id": "633800640196",
          "propagating_vgws": [],
          "route": [
            {
              "carrier_gateway_id": "",
              "cidr_block": "0.0.0.0/0",
              "core_network_arn": "",
              "destination_prefix_list_id": "",
              "egress_only_gateway_id": "",
              "gateway_id": "",
              "ipv6_cidr_block": "",
              "local_gateway_id": "",
              "nat_gateway_id": "nat-02e2abdc891635153",
              "network_interface_id": "",
              "transit_gateway_id": "",
              "vpc_endpoint_id": "",
              "vpc_peering_connection_id": ""
            }
          ],
          "tags": {
            "Name": "private-terraform-lab-route-table"
          },
          "tags_all": {
            "Name": "private-terraform-lab-route-table"
          },
          "timeouts": null,
          "vpc_id": "vpc-071096b5a46adb53f"
        },
        "after_unknown": {},
        "before_sensitive": {
          "propagating_vgws": [],
          "route": [
            {}
          ],
          "tags": {},
          "tags_all": {}
        },
        "after_sensitive": {
          "propagating_vgws": [],
          "route": [
            {}
          ],
          "tags": {},
          "tags_all": {}
        }
      }
    },
    {
      "address": "aws_route_table.public-route-table",
      "mode": "managed",
      "type": "aws_route_table",
      "name": "public-route-table",
      "provider_name": "registry.terraform.io/hashicorp/aws",
      "change": {
        "actions": [
          "no-op"
        ],
        "before": {
          "arn": "arn:aws:ec2:us-east-2:633800640196:route-table/rtb-0ccdb315c1d0b2033",
          "id": "rtb-0ccdb315c1d0b2033",
          "owner_id": "633800640196",
          "propagating_vgws": [],
          "route": [
            {
              "carrier_gateway_id": "",
              "cidr_block": "0.0.0.0/0",
              "core_network_arn": "",
              "destination_prefix_list_id": "",
              "egress_only_gateway_id": "",
              "gateway_id": "igw-0e9d8fe39f08710d9",
              "ipv6_cidr_block": "",
              "local_gateway_id": "",
              "nat_gateway_id": "",
              "network_interface_id": "",
              "transit_gateway_id": "",
              "vpc_endpoint_id": "",
              "vpc_peering_connection_id": ""
            }
          ],
          "tags": {
            "Name": "public-terraform-lab-route-table"
          },
          "tags_all": {
            "Name": "public-terraform-lab-route-table"
          },
          "timeouts": null,
          "vpc_id": "vpc-071096b5a46adb53f"
        },
        "after": {
          "arn": "arn:aws:ec2:us-east-2:633800640196:route-table/rtb-0ccdb315c1d0b2033",
          "id": "rtb-0ccdb315c1d0b2033",
          "owner_id": "633800640196",
          "propagating_vgws": [],
          "route": [
            {
              "carrier_gateway_id": "",
              "cidr_block": "0.0.0.0/0",
              "core_network_arn": "",
              "destination_prefix_list_id": "",
              "egress_only_gateway_id": "",
              "gateway_id": "igw-0e9d8fe39f08710d9",
              "ipv6_cidr_block": "",
              "local_gateway_id": "",
              "nat_gateway_id": "",
              "network_interface_id": "",
              "transit_gateway_id": "",
              "vpc_endpoint_id": "",
              "vpc_peering_connection_id": ""
            }
          ],
          "tags": {
            "Name": "public-terraform-lab-route-table"
          },
          "tags_all": {
            "Name": "public-terraform-lab-route-table"
          },
          "timeouts": null,
          "vpc_id": "vpc-071096b5a46adb53f"
        },
        "after_unknown": {},
        "before_sensitive": {
          "propagating_vgws": [],
          "route": [
            {}
          ],
          "tags": {},
          "tags_all": {}
        },
        "after_sensitive": {
          "propagating_vgws": [],
          "route": [
            {}
          ],
          "tags": {},
          "tags_all": {}
        }
      }
    },
    {
      "address": "aws_route_table_association.private-route-1-association",
      "mode": "managed",
      "type": "aws_route_table_association",
      "name": "private-route-1-association",
      "provider_name": "registry.terraform.io/hashicorp/aws",
      "change": {
        "actions": [
          "no-op"
        ],
        "before": {
          "gateway_id": "",
          "id": "rtbassoc-0fe81a1ad4d69a3b7",
          "route_table_id": "rtb-099486e39ad92985c",
          "subnet_id": "subnet-04f9bb269fd864edf",
          "timeouts": null
        },
        "after": {
          "gateway_id": "",
          "id": "rtbassoc-0fe81a1ad4d69a3b7",
          "route_table_id": "rtb-099486e39ad92985c",
          "subnet_id": "subnet-04f9bb269fd864edf",
          "timeouts": null
        },
        "after_unknown": {},
        "before_sensitive": {},
        "after_sensitive": {}
      }
    },
    {
      "address": "aws_route_table_association.private-route-2-association",
      "mode": "managed",
      "type": "aws_route_table_association",
      "name": "private-route-2-association",
      "provider_name": "registry.terraform.io/hashicorp/aws",
      "change": {
        "actions": [
          "no-op"
        ],
        "before": {
          "gateway_id": "",
          "id": "rtbassoc-06d187d83ebc0f248",
          "route_table_id": "rtb-099486e39ad92985c",
          "subnet_id": "subnet-0d9a930cf90f4e3b8",
          "timeouts": null
        },
        "after": {
          "gateway_id": "",
          "id": "rtbassoc-06d187d83ebc0f248",
          "route_table_id": "rtb-099486e39ad92985c",
          "subnet_id": "subnet-0d9a930cf90f4e3b8",
          "timeouts": null
        },
        "after_unknown": {},
        "before_sensitive": {},
        "after_sensitive": {}
      }
    },
    {
      "address": "aws_route_table_association.public-route-1-association",
      "mode": "managed",
      "type": "aws_route_table_association",
      "name": "public-route-1-association",
      "provider_name": "registry.terraform.io/hashicorp/aws",
      "change": {
        "actions": [
          "no-op"
        ],
        "before": {
          "gateway_id": "",
          "id": "rtbassoc-02f724bd9f36690ee",
          "route_table_id": "rtb-0ccdb315c1d0b2033",
          "subnet_id": "subnet-0bce2540ca339fea7",
          "timeouts": null
        },
        "after": {
          "gateway_id": "",
          "id": "rtbassoc-02f724bd9f36690ee",
          "route_table_id": "rtb-0ccdb315c1d0b2033",
          "subnet_id": "subnet-0bce2540ca339fea7",
          "timeouts": null
        },
        "after_unknown": {},
        "before_sensitive": {},
        "after_sensitive": {}
      }
    },
    {
      "address": "aws_route_table_association.public-route-2-association",
      "mode": "managed",
      "type": "aws_route_table_association",
      "name": "public-route-2-association",
      "provider_name": "registry.terraform.io/hashicorp/aws",
      "change": {
        "actions": [
          "no-op"
        ],
        "before": {
          "gateway_id": "",
          "id": "rtbassoc-0c4f359d9d2dd7aab",
          "route_table_id": "rtb-0ccdb315c1d0b2033",
          "subnet_id": "subnet-0bfec90ba3a7a3238",
          "timeouts": null
        },
        "after": {
          "gateway_id": "",
          "id": "rtbassoc-0c4f359d9d2dd7aab",
          "route_table_id": "rtb-0ccdb315c1d0b2033",
          "subnet_id": "subnet-0bfec90ba3a7a3238",
          "timeouts": null
        },
        "after_unknown": {},
        "before_sensitive": {},
        "after_sensitive": {}
      }
    },
    {
      "address": "aws_security_group.ec2",
      "mode": "managed",
      "type": "aws_security_group",
      "name": "ec2",
      "provider_name": "registry.terraform.io/hashicorp/aws",
      "change": {
        "actions": [
          "no-op"
        ],
        "before": {
          "arn": "arn:aws:ec2:us-east-2:633800640196:security-group/sg-097c5e722c0dcf4b9",
          "description": "Allows inbound access from the ALB only",
          "egress": [
            {
              "cidr_blocks": [
                "0.0.0.0/0"
              ],
              "description": "",
              "from_port": 0,
              "ipv6_cidr_blocks": [],
              "prefix_list_ids": [],
              "protocol": "-1",
              "security_groups": [],
              "self": false,
              "to_port": 0
            }
          ],
          "id": "sg-097c5e722c0dcf4b9",
          "ingress": [
            {
              "cidr_blocks": [
                "0.0.0.0/0"
              ],
              "description": "",
              "from_port": 22,
              "ipv6_cidr_blocks": [],
              "prefix_list_ids": [],
              "protocol": "tcp",
              "security_groups": [],
              "self": false,
              "to_port": 22
            },
            {
              "cidr_blocks": [],
              "description": "",
              "from_port": 0,
              "ipv6_cidr_blocks": [],
              "prefix_list_ids": [],
              "protocol": "-1",
              "security_groups": [
                "sg-03d62a43eaf3b37fd"
              ],
              "self": false,
              "to_port": 0
            }
          ],
          "name": "ec2_security_group",
          "name_prefix": "",
          "owner_id": "633800640196",
          "revoke_rules_on_delete": false,
          "tags": {},
          "tags_all": {},
          "timeouts": null,
          "vpc_id": "vpc-071096b5a46adb53f"
        },
        "after": {
          "arn": "arn:aws:ec2:us-east-2:633800640196:security-group/sg-097c5e722c0dcf4b9",
          "description": "Allows inbound access from the ALB only",
          "egress": [
            {
              "cidr_blocks": [
                "0.0.0.0/0"
              ],
              "description": "",
              "from_port": 0,
              "ipv6_cidr_blocks": [],
              "prefix_list_ids": [],
              "protocol": "-1",
              "security_groups": [],
              "self": false,
              "to_port": 0
            }
          ],
          "id": "sg-097c5e722c0dcf4b9",
          "ingress": [
            {
              "cidr_blocks": [
                "0.0.0.0/0"
              ],
              "description": "",
              "from_port": 22,
              "ipv6_cidr_blocks": [],
              "prefix_list_ids": [],
              "protocol": "tcp",
              "security_groups": [],
              "self": false,
              "to_port": 22
            },
            {
              "cidr_blocks": [],
              "description": "",
              "from_port": 0,
              "ipv6_cidr_blocks": [],
              "prefix_list_ids": [],
              "protocol": "-1",
              "security_groups": [
                "sg-03d62a43eaf3b37fd"
              ],
              "self": false,
              "to_port": 0
            }
          ],
          "name": "ec2_security_group",
          "name_prefix": "",
          "owner_id": "633800640196",
          "revoke_rules_on_delete": false,
          "tags": {},
          "tags_all": {},
          "timeouts": null,
          "vpc_id": "vpc-071096b5a46adb53f"
        },
        "after_unknown": {},
        "before_sensitive": {
          "egress": [
            {
              "cidr_blocks": [
                false
              ],
              "ipv6_cidr_blocks": [],
              "prefix_list_ids": [],
              "security_groups": []
            }
          ],
          "ingress": [
            {
              "cidr_blocks": [
                false
              ],
              "ipv6_cidr_blocks": [],
              "prefix_list_ids": [],
              "security_groups": []
            },
            {
              "cidr_blocks": [],
              "ipv6_cidr_blocks": [],
              "prefix_list_ids": [],
              "security_groups": [
                false
              ]
            }
          ],
          "tags": {},
          "tags_all": {}
        },
        "after_sensitive": {
          "egress": [
            {
              "cidr_blocks": [
                false
              ],
              "ipv6_cidr_blocks": [],
              "prefix_list_ids": [],
              "security_groups": []
            }
          ],
          "ingress": [
            {
              "cidr_blocks": [
                false
              ],
              "ipv6_cidr_blocks": [],
              "prefix_list_ids": [],
              "security_groups": []
            },
            {
              "cidr_blocks": [],
              "ipv6_cidr_blocks": [],
              "prefix_list_ids": [],
              "security_groups": [
                false
              ]
            }
          ],
          "tags": {},
          "tags_all": {}
        }
      }
    },
    {
      "address": "aws_security_group.load-balancer",
      "mode": "managed",
      "type": "aws_security_group",
      "name": "load-balancer",
      "provider_name": "registry.terraform.io/hashicorp/aws",
      "change": {
        "actions": [
          "no-op"
        ],
        "before": {
          "arn": "arn:aws:ec2:us-east-2:633800640196:security-group/sg-03d62a43eaf3b37fd",
          "description": "Controls access to the ALB",
          "egress": [
            {
              "cidr_blocks": [
                "0.0.0.0/0"
              ],
              "description": "",
              "from_port": 0,
              "ipv6_cidr_blocks": [],
              "prefix_list_ids": [],
              "protocol": "-1",
              "security_groups": [],
              "self": false,
              "to_port": 0
            }
          ],
          "id": "sg-03d62a43eaf3b37fd",
          "ingress": [
            {
              "cidr_blocks": [
                "0.0.0.0/0"
              ],
              "description": "",
              "from_port": 80,
              "ipv6_cidr_blocks": [],
              "prefix_list_ids": [],
              "protocol": "tcp",
              "security_groups": [],
              "self": false,
              "to_port": 80
            }
          ],
          "name": "load_balancer_security_group",
          "name_prefix": "",
          "owner_id": "633800640196",
          "revoke_rules_on_delete": false,
          "tags": {},
          "tags_all": {},
          "timeouts": null,
          "vpc_id": "vpc-071096b5a46adb53f"
        },
        "after": {
          "arn": "arn:aws:ec2:us-east-2:633800640196:security-group/sg-03d62a43eaf3b37fd",
          "description": "Controls access to the ALB",
          "egress": [
            {
              "cidr_blocks": [
                "0.0.0.0/0"
              ],
              "description": "",
              "from_port": 0,
              "ipv6_cidr_blocks": [],
              "prefix_list_ids": [],
              "protocol": "-1",
              "security_groups": [],
              "self": false,
              "to_port": 0
            }
          ],
          "id": "sg-03d62a43eaf3b37fd",
          "ingress": [
            {
              "cidr_blocks": [
                "0.0.0.0/0"
              ],
              "description": "",
              "from_port": 80,
              "ipv6_cidr_blocks": [],
              "prefix_list_ids": [],
              "protocol": "tcp",
              "security_groups": [],
              "self": false,
              "to_port": 80
            }
          ],
          "name": "load_balancer_security_group",
          "name_prefix": "",
          "owner_id": "633800640196",
          "revoke_rules_on_delete": false,
          "tags": {},
          "tags_all": {},
          "timeouts": null,
          "vpc_id": "vpc-071096b5a46adb53f"
        },
        "after_unknown": {},
        "before_sensitive": {
          "egress": [
            {
              "cidr_blocks": [
                false
              ],
              "ipv6_cidr_blocks": [],
              "prefix_list_ids": [],
              "security_groups": []
            }
          ],
          "ingress": [
            {
              "cidr_blocks": [
                false
              ],
              "ipv6_cidr_blocks": [],
              "prefix_list_ids": [],
              "security_groups": []
            }
          ],
          "tags": {},
          "tags_all": {}
        },
        "after_sensitive": {
          "egress": [
            {
              "cidr_blocks": [
                false
              ],
              "ipv6_cidr_blocks": [],
              "prefix_list_ids": [],
              "security_groups": []
            }
          ],
          "ingress": [
            {
              "cidr_blocks": [
                false
              ],
              "ipv6_cidr_blocks": [],
              "prefix_list_ids": [],
              "security_groups": []
            }
          ],
          "tags": {},
          "tags_all": {}
        }
      }
    },
    {
      "address": "aws_subnet.private-subnet-1",
      "mode": "managed",
      "type": "aws_subnet",
      "name": "private-subnet-1",
      "provider_name": "registry.terraform.io/hashicorp/aws",
      "change": {
        "actions": [
          "no-op"
        ],
        "before": {
          "arn": "arn:aws:ec2:us-east-2:633800640196:subnet/subnet-04f9bb269fd864edf",
          "assign_ipv6_address_on_creation": false,
          "availability_zone": "us-east-2a",
          "availability_zone_id": "use2-az1",
          "cidr_block": "10.0.3.0/24",
          "customer_owned_ipv4_pool": "",
          "enable_dns64": false,
          "enable_lni_at_device_index": 0,
          "enable_resource_name_dns_a_record_on_launch": false,
          "enable_resource_name_dns_aaaa_record_on_launch": false,
          "id": "subnet-04f9bb269fd864edf",
          "ipv6_cidr_block": "",
          "ipv6_cidr_block_association_id": "",
          "ipv6_native": false,
          "map_customer_owned_ip_on_launch": false,
          "map_public_ip_on_launch": false,
          "outpost_arn": "",
          "owner_id": "633800640196",
          "private_dns_hostname_type_on_launch": "ip-name",
          "tags": {
            "Name": "private-terraform-lab-subnet-1"
          },
          "tags_all": {
            "Name": "private-terraform-lab-subnet-1"
          },
          "timeouts": null,
          "vpc_id": "vpc-071096b5a46adb53f"
        },
        "after": {
          "arn": "arn:aws:ec2:us-east-2:633800640196:subnet/subnet-04f9bb269fd864edf",
          "assign_ipv6_address_on_creation": false,
          "availability_zone": "us-east-2a",
          "availability_zone_id": "use2-az1",
          "cidr_block": "10.0.3.0/24",
          "customer_owned_ipv4_pool": "",
          "enable_dns64": false,
          "enable_lni_at_device_index": 0,
          "enable_resource_name_dns_a_record_on_launch": false,
          "enable_resource_name_dns_aaaa_record_on_launch": false,
          "id": "subnet-04f9bb269fd864edf",
          "ipv6_cidr_block": "",
          "ipv6_cidr_block_association_id": "",
          "ipv6_native": false,
          "map_customer_owned_ip_on_launch": false,
          "map_public_ip_on_launch": false,
          "outpost_arn": "",
          "owner_id": "633800640196",
          "private_dns_hostname_type_on_launch": "ip-name",
          "tags": {
            "Name": "private-terraform-lab-subnet-1"
          },
          "tags_all": {
            "Name": "private-terraform-lab-subnet-1"
          },
          "timeouts": null,
          "vpc_id": "vpc-071096b5a46adb53f"
        },
        "after_unknown": {},
        "before_sensitive": {
          "tags": {},
          "tags_all": {}
        },
        "after_sensitive": {
          "tags": {},
          "tags_all": {}
        }
      }
    },
    {
      "address": "aws_subnet.private-subnet-2",
      "mode": "managed",
      "type": "aws_subnet",
      "name": "private-subnet-2",
      "provider_name": "registry.terraform.io/hashicorp/aws",
      "change": {
        "actions": [
          "no-op"
        ],
        "before": {
          "arn": "arn:aws:ec2:us-east-2:633800640196:subnet/subnet-0d9a930cf90f4e3b8",
          "assign_ipv6_address_on_creation": false,
          "availability_zone": "us-east-2b",
          "availability_zone_id": "use2-az2",
          "cidr_block": "10.0.4.0/24",
          "customer_owned_ipv4_pool": "",
          "enable_dns64": false,
          "enable_lni_at_device_index": 0,
          "enable_resource_name_dns_a_record_on_launch": false,
          "enable_resource_name_dns_aaaa_record_on_launch": false,
          "id": "subnet-0d9a930cf90f4e3b8",
          "ipv6_cidr_block": "",
          "ipv6_cidr_block_association_id": "",
          "ipv6_native": false,
          "map_customer_owned_ip_on_launch": false,
          "map_public_ip_on_launch": false,
          "outpost_arn": "",
          "owner_id": "633800640196",
          "private_dns_hostname_type_on_launch": "ip-name",
          "tags": {
            "Name": "private-terraform-lab-subnet-2"
          },
          "tags_all": {
            "Name": "private-terraform-lab-subnet-2"
          },
          "timeouts": null,
          "vpc_id": "vpc-071096b5a46adb53f"
        },
        "after": {
          "arn": "arn:aws:ec2:us-east-2:633800640196:subnet/subnet-0d9a930cf90f4e3b8",
          "assign_ipv6_address_on_creation": false,
          "availability_zone": "us-east-2b",
          "availability_zone_id": "use2-az2",
          "cidr_block": "10.0.4.0/24",
          "customer_owned_ipv4_pool": "",
          "enable_dns64": false,
          "enable_lni_at_device_index": 0,
          "enable_resource_name_dns_a_record_on_launch": false,
          "enable_resource_name_dns_aaaa_record_on_launch": false,
          "id": "subnet-0d9a930cf90f4e3b8",
          "ipv6_cidr_block": "",
          "ipv6_cidr_block_association_id": "",
          "ipv6_native": false,
          "map_customer_owned_ip_on_launch": false,
          "map_public_ip_on_launch": false,
          "outpost_arn": "",
          "owner_id": "633800640196",
          "private_dns_hostname_type_on_launch": "ip-name",
          "tags": {
            "Name": "private-terraform-lab-subnet-2"
          },
          "tags_all": {
            "Name": "private-terraform-lab-subnet-2"
          },
          "timeouts": null,
          "vpc_id": "vpc-071096b5a46adb53f"
        },
        "after_unknown": {},
        "before_sensitive": {
          "tags": {},
          "tags_all": {}
        },
        "after_sensitive": {
          "tags": {},
          "tags_all": {}
        }
      }
    },
    {
      "address": "aws_subnet.public-subnet-1",
      "mode": "managed",
      "type": "aws_subnet",
      "name": "public-subnet-1",
      "provider_name": "registry.terraform.io/hashicorp/aws",
      "change": {
        "actions": [
          "no-op"
        ],
        "before": {
          "arn": "arn:aws:ec2:us-east-2:633800640196:subnet/subnet-0bce2540ca339fea7",
          "assign_ipv6_address_on_creation": false,
          "availability_zone": "us-east-2a",
          "availability_zone_id": "use2-az1",
          "cidr_block": "10.0.1.0/24",
          "customer_owned_ipv4_pool": "",
          "enable_dns64": false,
          "enable_lni_at_device_index": 0,
          "enable_resource_name_dns_a_record_on_launch": false,
          "enable_resource_name_dns_aaaa_record_on_launch": false,
          "id": "subnet-0bce2540ca339fea7",
          "ipv6_cidr_block": "",
          "ipv6_cidr_block_association_id": "",
          "ipv6_native": false,
          "map_customer_owned_ip_on_launch": false,
          "map_public_ip_on_launch": false,
          "outpost_arn": "",
          "owner_id": "633800640196",
          "private_dns_hostname_type_on_launch": "ip-name",
          "tags": {
            "Name": "public-terraform-lab-subnet-1"
          },
          "tags_all": {
            "Name": "public-terraform-lab-subnet-1"
          },
          "timeouts": null,
          "vpc_id": "vpc-071096b5a46adb53f"
        },
        "after": {
          "arn": "arn:aws:ec2:us-east-2:633800640196:subnet/subnet-0bce2540ca339fea7",
          "assign_ipv6_address_on_creation": false,
          "availability_zone": "us-east-2a",
          "availability_zone_id": "use2-az1",
          "cidr_block": "10.0.1.0/24",
          "customer_owned_ipv4_pool": "",
          "enable_dns64": false,
          "enable_lni_at_device_index": 0,
          "enable_resource_name_dns_a_record_on_launch": false,
          "enable_resource_name_dns_aaaa_record_on_launch": false,
          "id": "subnet-0bce2540ca339fea7",
          "ipv6_cidr_block": "",
          "ipv6_cidr_block_association_id": "",
          "ipv6_native": false,
          "map_customer_owned_ip_on_launch": false,
          "map_public_ip_on_launch": false,
          "outpost_arn": "",
          "owner_id": "633800640196",
          "private_dns_hostname_type_on_launch": "ip-name",
          "tags": {
            "Name": "public-terraform-lab-subnet-1"
          },
          "tags_all": {
            "Name": "public-terraform-lab-subnet-1"
          },
          "timeouts": null,
          "vpc_id": "vpc-071096b5a46adb53f"
        },
        "after_unknown": {},
        "before_sensitive": {
          "tags": {},
          "tags_all": {}
        },
        "after_sensitive": {
          "tags": {},
          "tags_all": {}
        }
      }
    },
    {
      "address": "aws_subnet.public-subnet-2",
      "mode": "managed",
      "type": "aws_subnet",
      "name": "public-subnet-2",
      "provider_name": "registry.terraform.io/hashicorp/aws",
      "change": {
        "actions": [
          "no-op"
        ],
        "before": {
          "arn": "arn:aws:ec2:us-east-2:633800640196:subnet/subnet-0bfec90ba3a7a3238",
          "assign_ipv6_address_on_creation": false,
          "availability_zone": "us-east-2b",
          "availability_zone_id": "use2-az2",
          "cidr_block": "10.0.2.0/24",
          "customer_owned_ipv4_pool": "",
          "enable_dns64": false,
          "enable_lni_at_device_index": 0,
          "enable_resource_name_dns_a_record_on_launch": false,
          "enable_resource_name_dns_aaaa_record_on_launch": false,
          "id": "subnet-0bfec90ba3a7a3238",
          "ipv6_cidr_block": "",
          "ipv6_cidr_block_association_id": "",
          "ipv6_native": false,
          "map_customer_owned_ip_on_launch": false,
          "map_public_ip_on_launch": false,
          "outpost_arn": "",
          "owner_id": "633800640196",
          "private_dns_hostname_type_on_launch": "ip-name",
          "tags": {
            "Name": "public-terraform-lab-subnet-2"
          },
          "tags_all": {
            "Name": "public-terraform-lab-subnet-2"
          },
          "timeouts": null,
          "vpc_id": "vpc-071096b5a46adb53f"
        },
        "after": {
          "arn": "arn:aws:ec2:us-east-2:633800640196:subnet/subnet-0bfec90ba3a7a3238",
          "assign_ipv6_address_on_creation": false,
          "availability_zone": "us-east-2b",
          "availability_zone_id": "use2-az2",
          "cidr_block": "10.0.2.0/24",
          "customer_owned_ipv4_pool": "",
          "enable_dns64": false,
          "enable_lni_at_device_index": 0,
          "enable_resource_name_dns_a_record_on_launch": false,
          "enable_resource_name_dns_aaaa_record_on_launch": false,
          "id": "subnet-0bfec90ba3a7a3238",
          "ipv6_cidr_block": "",
          "ipv6_cidr_block_association_id": "",
          "ipv6_native": false,
          "map_customer_owned_ip_on_launch": false,
          "map_public_ip_on_launch": false,
          "outpost_arn": "",
          "owner_id": "633800640196",
          "private_dns_hostname_type_on_launch": "ip-name",
          "tags": {
            "Name": "public-terraform-lab-subnet-2"
          },
          "tags_all": {
            "Name": "public-terraform-lab-subnet-2"
          },
          "timeouts": null,
          "vpc_id": "vpc-071096b5a46adb53f"
        },
        "after_unknown": {},
        "before_sensitive": {
          "tags": {},
          "tags_all": {}
        },
        "after_sensitive": {
          "tags": {},
          "tags_all": {}
        }
      }
    },
    {
      "address": "aws_vpc.terraform-lab-vpc",
      "mode": "managed",
      "type": "aws_vpc",
      "name": "terraform-lab-vpc",
      "provider_name": "registry.terraform.io/hashicorp/aws",
      "change": {
        "actions": [
          "no-op"
        ],
        "before": {
          "arn": "arn:aws:ec2:us-east-2:633800640196:vpc/vpc-071096b5a46adb53f",
          "assign_generated_ipv6_cidr_block": false,
          "cidr_block": "10.0.0.0/16",
          "default_network_acl_id": "acl-0cf034a071db23f3f",
          "default_route_table_id": "rtb-03bd4132e0b40be89",
          "default_security_group_id": "sg-0df22232c18efc12a",
          "dhcp_options_id": "dopt-0ceb8b66f947a9a79",
          "enable_dns_hostnames": true,
          "enable_dns_support": true,
          "enable_network_address_usage_metrics": false,
          "id": "vpc-071096b5a46adb53f",
          "instance_tenancy": "default",
          "ipv4_ipam_pool_id": null,
          "ipv4_netmask_length": null,
          "ipv6_association_id": "",
          "ipv6_cidr_block": "",
          "ipv6_cidr_block_network_border_group": "",
          "ipv6_ipam_pool_id": "",
          "ipv6_netmask_length": 0,
          "main_route_table_id": "rtb-03bd4132e0b40be89",
          "owner_id": "633800640196",
          "tags": {
            "Name": "terraform-lab-vpc"
          },
          "tags_all": {
            "Name": "terraform-lab-vpc"
          }
        },
        "after": {
          "arn": "arn:aws:ec2:us-east-2:633800640196:vpc/vpc-071096b5a46adb53f",
          "assign_generated_ipv6_cidr_block": false,
          "cidr_block": "10.0.0.0/16",
          "default_network_acl_id": "acl-0cf034a071db23f3f",
          "default_route_table_id": "rtb-03bd4132e0b40be89",
          "default_security_group_id": "sg-0df22232c18efc12a",
          "dhcp_options_id": "dopt-0ceb8b66f947a9a79",
          "enable_dns_hostnames": true,
          "enable_dns_support": true,
          "enable_network_address_usage_metrics": false,
          "id": "vpc-071096b5a46adb53f",
          "instance_tenancy": "default",
          "ipv4_ipam_pool_id": null,
          "ipv4_netmask_length": null,
          "ipv6_association_id": "",
          "ipv6_cidr_block": "",
          "ipv6_cidr_block_network_border_group": "",
          "ipv6_ipam_pool_id": "",
          "ipv6_netmask_length": 0,
          "main_route_table_id": "rtb-03bd4132e0b40be89",
          "owner_id": "633800640196",
          "tags": {
            "Name": "terraform-lab-vpc"
          },
          "tags_all": {
            "Name": "terraform-lab-vpc"
          }
        },
        "after_unknown": {},
        "before_sensitive": {
          "tags": {},
          "tags_all": {}
        },
        "after_sensitive": {
          "tags": {},
          "tags_all": {}
        }
      }
    }
  ],
  "output_changes": {
    "alb_dns": {
      "actions": [
        "no-op"
      ],
      "before": "terraform-lab-alb-1965413173.us-east-2.elb.amazonaws.com",
      "after": "terraform-lab-alb-1965413173.us-east-2.elb.amazonaws.com",
      "after_unknown": false,
      "before_sensitive": false,
      "after_sensitive": false
    },
    "alb_zone": {
      "actions": [
        "no-op"
      ],
      "before": "Z3AADJGX6KTTL2",
      "after": "Z3AADJGX6KTTL2",
      "after_unknown": false,
      "before_sensitive": false,
      "after_sensitive": false
    }
  },
  "prior_state": {
    "format_version": "1.0",
    "terraform_version": "1.5.7",
    "values": {
      "outputs": {
        "alb_dns": {
          "sensitive": false,
          "value": "terraform-lab-alb-1965413173.us-east-2.elb.amazonaws.com",
          "type": "string"
        },
        "alb_zone": {
          "sensitive": false,
          "value": "Z3AADJGX6KTTL2",
          "type": "string"
        }
      },
      "root_module": {
        "resources": [
          {
            "address": "data.aws_iam_policy_document.ec2",
            "mode": "data",
            "type": "aws_iam_policy_document",
            "name": "ec2",
            "provider_name": "registry.terraform.io/hashicorp/aws",
            "schema_version": 0,
            "values": {
              "id": "2851119427",
              "json": "{\n  \"Version\": \"2012-10-17\",\n  \"Statement\": [\n    {\n      \"Effect\": \"Allow\",\n      \"Action\": \"sts:AssumeRole\",\n      \"Principal\": {\n        \"Service\": \"ec2.amazonaws.com\"\n      }\n    }\n  ]\n}",
              "minified_json": "{\"Version\":\"2012-10-17\",\"Statement\":[{\"Effect\":\"Allow\",\"Action\":\"sts:AssumeRole\",\"Principal\":{\"Service\":\"ec2.amazonaws.com\"}}]}",
              "override_json": null,
              "override_policy_documents": null,
              "policy_id": null,
              "source_json": null,
              "source_policy_documents": null,
              "statement": [
                {
                  "actions": [
                    "sts:AssumeRole"
                  ],
                  "condition": [],
                  "effect": "Allow",
                  "not_actions": [],
                  "not_principals": [],
                  "not_resources": [],
                  "principals": [
                    {
                      "identifiers": [
                        "ec2.amazonaws.com"
                      ],
                      "type": "Service"
                    }
                  ],
                  "resources": [],
                  "sid": ""
                }
              ],
              "version": "2012-10-17"
            },
            "sensitive_values": {
              "statement": [
                {
                  "actions": [
                    false
                  ],
                  "condition": [],
                  "not_actions": [],
                  "not_principals": [],
                  "not_resources": [],
                  "principals": [
                    {
                      "identifiers": [
                        false
                      ]
                    }
                  ],
                  "resources": []
                }
              ]
            }
          },
          {
            "address": "aws_alb_listener.ec2-alb-http-listener",
            "mode": "managed",
            "type": "aws_alb_listener",
            "name": "ec2-alb-http-listener",
            "provider_name": "registry.terraform.io/hashicorp/aws",
            "schema_version": 0,
            "values": {
              "alpn_policy": null,
              "arn": "arn:aws:elasticloadbalancing:us-east-2:633800640196:listener/app/terraform-lab-alb/86a214b3282b67ad/818e3791927a93a5",
              "certificate_arn": null,
              "default_action": [
                {
                  "authenticate_cognito": [],
                  "authenticate_oidc": [],
                  "fixed_response": [],
                  "forward": [],
                  "order": 1,
                  "redirect": [],
                  "target_group_arn": "arn:aws:elasticloadbalancing:us-east-2:633800640196:targetgroup/terraform-lab-tg/ffb60b001fc40c10",
                  "type": "forward"
                }
              ],
              "id": "arn:aws:elasticloadbalancing:us-east-2:633800640196:listener/app/terraform-lab-alb/86a214b3282b67ad/818e3791927a93a5",
              "load_balancer_arn": "arn:aws:elasticloadbalancing:us-east-2:633800640196:loadbalancer/app/terraform-lab-alb/86a214b3282b67ad",
              "mutual_authentication": [],
              "port": 80,
              "protocol": "HTTP",
              "ssl_policy": "",
              "tags": {},
              "tags_all": {},
              "timeouts": null
            },
            "sensitive_values": {
              "default_action": [
                {
                  "authenticate_cognito": [],
                  "authenticate_oidc": [],
                  "fixed_response": [],
                  "forward": [],
                  "redirect": []
                }
              ],
              "mutual_authentication": [],
              "tags": {},
              "tags_all": {}
            },
            "depends_on": [
              "aws_alb_target_group.default-target-group",
              "aws_lb.development",
              "aws_security_group.load-balancer",
              "aws_subnet.public-subnet-1",
              "aws_subnet.public-subnet-2",
              "aws_vpc.terraform-lab-vpc"
            ]
          },
          {
            "address": "aws_alb_target_group.default-target-group",
            "mode": "managed",
            "type": "aws_alb_target_group",
            "name": "default-target-group",
            "provider_name": "registry.terraform.io/hashicorp/aws",
            "schema_version": 0,
            "values": {
              "arn": "arn:aws:elasticloadbalancing:us-east-2:633800640196:targetgroup/terraform-lab-tg/ffb60b001fc40c10",
              "arn_suffix": "targetgroup/terraform-lab-tg/ffb60b001fc40c10",
              "connection_termination": null,
              "deregistration_delay": "300",
              "health_check": [
                {
                  "enabled": true,
                  "healthy_threshold": 5,
                  "interval": 60,
                  "matcher": "200",
                  "path": "/",
                  "port": "traffic-port",
                  "protocol": "HTTP",
                  "timeout": 2,
                  "unhealthy_threshold": 2
                }
              ],
              "id": "arn:aws:elasticloadbalancing:us-east-2:633800640196:targetgroup/terraform-lab-tg/ffb60b001fc40c10",
              "ip_address_type": "ipv4",
              "lambda_multi_value_headers_enabled": false,
              "load_balancer_arns": [
                "arn:aws:elasticloadbalancing:us-east-2:633800640196:loadbalancer/app/terraform-lab-alb/86a214b3282b67ad"
              ],
              "load_balancing_algorithm_type": "round_robin",
              "load_balancing_anomaly_mitigation": "off",
              "load_balancing_cross_zone_enabled": "use_load_balancer_configuration",
              "name": "terraform-lab-tg",
              "name_prefix": "",
              "port": 80,
              "preserve_client_ip": null,
              "protocol": "HTTP",
              "protocol_version": "HTTP1",
              "proxy_protocol_v2": false,
              "slow_start": 0,
              "stickiness": [
                {
                  "cookie_duration": 86400,
                  "cookie_name": "",
                  "enabled": false,
                  "type": "lb_cookie"
                }
              ],
              "tags": {},
              "tags_all": {},
              "target_failover": [
                {
                  "on_deregistration": null,
                  "on_unhealthy": null
                }
              ],
              "target_group_health": [
                {
                  "dns_failover": [
                    {
                      "minimum_healthy_targets_count": "1",
                      "minimum_healthy_targets_percentage": "off"
                    }
                  ],
                  "unhealthy_state_routing": [
                    {
                      "minimum_healthy_targets_count": 1,
                      "minimum_healthy_targets_percentage": "off"
                    }
                  ]
                }
              ],
              "target_health_state": [
                {
                  "enable_unhealthy_connection_termination": null,
                  "unhealthy_draining_interval": null
                }
              ],
              "target_type": "instance",
              "vpc_id": "vpc-071096b5a46adb53f"
            },
            "sensitive_values": {
              "health_check": [
                {}
              ],
              "load_balancer_arns": [
                false
              ],
              "stickiness": [
                {}
              ],
              "tags": {},
              "tags_all": {},
              "target_failover": [
                {}
              ],
              "target_group_health": [
                {
                  "dns_failover": [
                    {}
                  ],
                  "unhealthy_state_routing": [
                    {}
                  ]
                }
              ],
              "target_health_state": [
                {}
              ]
            },
            "depends_on": [
              "aws_vpc.terraform-lab-vpc"
            ]
          },
          {
            "address": "aws_autoscaling_attachment.asg_attachment_bar",
            "mode": "managed",
            "type": "aws_autoscaling_attachment",
            "name": "asg_attachment_bar",
            "provider_name": "registry.terraform.io/hashicorp/aws",
            "schema_version": 0,
            "values": {
              "autoscaling_group_name": "terraform-lab_auto_scaling_group",
              "elb": null,
              "id": "terraform-lab_auto_scaling_group-20240830171521511800000006",
              "lb_target_group_arn": "arn:aws:elasticloadbalancing:us-east-2:633800640196:targetgroup/terraform-lab-tg/ffb60b001fc40c10"
            },
            "sensitive_values": {},
            "depends_on": [
              "aws_alb_target_group.default-target-group",
              "aws_autoscaling_group.ec2-cluster",
              "aws_eip.nat_gateway",
              "aws_iam_instance_profile.session-manager",
              "aws_iam_role.session-manager",
              "aws_internet_gateway.terraform-lab-igw",
              "aws_key_pair.terraform-lab",
              "aws_launch_configuration.ec2",
              "aws_nat_gateway.terraform-lab-ngw",
              "aws_security_group.ec2",
              "aws_security_group.load-balancer",
              "aws_subnet.private-subnet-1",
              "aws_subnet.private-subnet-2",
              "aws_subnet.public-subnet-1",
              "aws_vpc.terraform-lab-vpc",
              "data.aws_iam_policy_document.ec2"
            ]
          },
          {
            "address": "aws_autoscaling_group.ec2-cluster",
            "mode": "managed",
            "type": "aws_autoscaling_group",
            "name": "ec2-cluster",
            "provider_name": "registry.terraform.io/hashicorp/aws",
            "schema_version": 1,
            "values": {
              "arn": "arn:aws:autoscaling:us-east-2:633800640196:autoScalingGroup:4c57be5d-b057-4907-bf44-7d6321d052fb:autoScalingGroupName/terraform-lab_auto_scaling_group",
              "availability_zones": [
                "us-east-2a",
                "us-east-2b"
              ],
              "capacity_rebalance": false,
              "context": "",
              "default_cooldown": 300,
              "default_instance_warmup": 0,
              "desired_capacity": 2,
              "desired_capacity_type": "",
              "enabled_metrics": [],
              "force_delete": false,
              "force_delete_warm_pool": false,
              "health_check_grace_period": 300,
              "health_check_type": "EC2",
              "id": "terraform-lab_auto_scaling_group",
              "ignore_failed_scaling_activities": false,
              "initial_lifecycle_hook": [],
              "instance_maintenance_policy": [],
              "instance_refresh": [],
              "launch_configuration": "terraform-lab-instances-lc20240830171438711700000005",
              "launch_template": [],
              "load_balancers": [],
              "max_instance_lifetime": 0,
              "max_size": 2,
              "metrics_granularity": "1Minute",
              "min_elb_capacity": null,
              "min_size": 2,
              "mixed_instances_policy": [],
              "name": "terraform-lab_auto_scaling_group",
              "name_prefix": "",
              "placement_group": "",
              "predicted_capacity": 0,
              "protect_from_scale_in": false,
              "service_linked_role_arn": "arn:aws:iam::633800640196:role/aws-service-role/autoscaling.amazonaws.com/AWSServiceRoleForAutoScaling",
              "suspended_processes": [],
              "tag": [],
              "target_group_arns": [
                "arn:aws:elasticloadbalancing:us-east-2:633800640196:targetgroup/terraform-lab-tg/ffb60b001fc40c10"
              ],
              "termination_policies": [],
              "timeouts": null,
              "traffic_source": [
                {
                  "identifier": "arn:aws:elasticloadbalancing:us-east-2:633800640196:targetgroup/terraform-lab-tg/ffb60b001fc40c10",
                  "type": "elbv2"
                }
              ],
              "vpc_zone_identifier": [
                "subnet-04f9bb269fd864edf",
                "subnet-0d9a930cf90f4e3b8"
              ],
              "wait_for_capacity_timeout": "10m",
              "wait_for_elb_capacity": null,
              "warm_pool": [],
              "warm_pool_size": 0
            },
            "sensitive_values": {
              "availability_zones": [
                false,
                false
              ],
              "enabled_metrics": [],
              "initial_lifecycle_hook": [],
              "instance_maintenance_policy": [],
              "instance_refresh": [],
              "launch_template": [],
              "load_balancers": [],
              "mixed_instances_policy": [],
              "suspended_processes": [],
              "tag": [],
              "target_group_arns": [
                false
              ],
              "termination_policies": [],
              "traffic_source": [
                {}
              ],
              "vpc_zone_identifier": [
                false,
                false
              ],
              "warm_pool": []
            },
            "depends_on": [
              "aws_alb_target_group.default-target-group",
              "aws_eip.nat_gateway",
              "aws_iam_instance_profile.session-manager",
              "aws_iam_role.session-manager",
              "aws_internet_gateway.terraform-lab-igw",
              "aws_key_pair.terraform-lab",
              "aws_launch_configuration.ec2",
              "aws_nat_gateway.terraform-lab-ngw",
              "aws_security_group.ec2",
              "aws_security_group.load-balancer",
              "aws_subnet.private-subnet-1",
              "aws_subnet.private-subnet-2",
              "aws_subnet.public-subnet-1",
              "aws_vpc.terraform-lab-vpc",
              "data.aws_iam_policy_document.ec2"
            ]
          },
          {
            "address": "aws_eip.nat_gateway",
            "mode": "managed",
            "type": "aws_eip",
            "name": "nat_gateway",
            "provider_name": "registry.terraform.io/hashicorp/aws",
            "schema_version": 0,
            "values": {
              "address": null,
              "allocation_id": "eipalloc-0833d4bdd2559f58b",
              "arn": "arn:aws:ec2:us-east-2:633800640196:elastic-ip/eipalloc-0833d4bdd2559f58b",
              "associate_with_private_ip": "10.0.0.5",
              "association_id": "eipassoc-0d5e737f3ec27322f",
              "carrier_ip": "",
              "customer_owned_ip": "",
              "customer_owned_ipv4_pool": "",
              "domain": "vpc",
              "id": "eipalloc-0833d4bdd2559f58b",
              "instance": "",
              "network_border_group": "us-east-2",
              "network_interface": "eni-0421ca05945b1e7ca",
              "private_dns": "ip-10-0-1-80.us-east-2.compute.internal",
              "private_ip": "10.0.1.80",
              "ptr_record": "",
              "public_dns": "ec2-52-14-190-247.us-east-2.compute.amazonaws.com",
              "public_ip": "52.14.190.247",
              "public_ipv4_pool": "amazon",
              "tags": {},
              "tags_all": {},
              "timeouts": null,
              "vpc": true
            },
            "sensitive_values": {
              "tags": {},
              "tags_all": {}
            },
            "depends_on": [
              "aws_internet_gateway.terraform-lab-igw",
              "aws_vpc.terraform-lab-vpc"
            ]
          },
          {
            "address": "aws_iam_instance_profile.session-manager",
            "mode": "managed",
            "type": "aws_iam_instance_profile",
            "name": "session-manager",
            "provider_name": "registry.terraform.io/hashicorp/aws",
            "schema_version": 0,
            "values": {
              "arn": "arn:aws:iam::633800640196:instance-profile/session-manager",
              "create_date": "2024-08-30T17:12:40Z",
              "id": "session-manager",
              "name": "session-manager",
              "name_prefix": "",
              "path": "/",
              "role": "session-manager",
              "tags": {},
              "tags_all": {},
              "unique_id": "AIPAZHELWI3CKR25QTCMA"
            },
            "sensitive_values": {
              "tags": {},
              "tags_all": {}
            },
            "depends_on": [
              "aws_iam_role.session-manager",
              "data.aws_iam_policy_document.ec2"
            ]
          },
          {
            "address": "aws_iam_policy.session-manager",
            "mode": "managed",
            "type": "aws_iam_policy",
            "name": "session-manager",
            "provider_name": "registry.terraform.io/hashicorp/aws",
            "schema_version": 0,
            "values": {
              "arn": "arn:aws:iam::633800640196:policy/session-manager",
              "attachment_count": 0,
              "description": "session-manager",
              "id": "arn:aws:iam::633800640196:policy/session-manager",
              "name": "session-manager",
              "name_prefix": "",
              "path": "/",
              "policy": "{\"Statement\":[{\"Action\":\"ec2:*\",\"Effect\":\"Allow\",\"Resource\":\"*\"},{\"Action\":\"elasticloadbalancing:*\",\"Effect\":\"Allow\",\"Resource\":\"*\"},{\"Action\":\"cloudwatch:*\",\"Effect\":\"Allow\",\"Resource\":\"*\"},{\"Action\":\"autoscaling:*\",\"Effect\":\"Allow\",\"Resource\":\"*\"},{\"Action\":\"iam:CreateServiceLinkedRole\",\"Condition\":{\"StringEquals\":{\"iam:AWSServiceName\":[\"autoscaling.amazonaws.com\",\"ec2scheduled.amazonaws.com\",\"elasticloadbalancing.amazonaws.com\",\"spot.amazonaws.com\",\"spotfleet.amazonaws.com\",\"transitgateway.amazonaws.com\"]}},\"Effect\":\"Allow\",\"Resource\":\"*\"}],\"Version\":\"2012-10-17\"}",
              "policy_id": "ANPAZHELWI3CH2HGFGXWS",
              "tags": {},
              "tags_all": {}
            },
            "sensitive_values": {
              "tags": {},
              "tags_all": {}
            }
          },
          {
            "address": "aws_iam_role.session-manager",
            "mode": "managed",
            "type": "aws_iam_role",
            "name": "session-manager",
            "provider_name": "registry.terraform.io/hashicorp/aws",
            "schema_version": 0,
            "values": {
              "arn": "arn:aws:iam::633800640196:role/session-manager",
              "assume_role_policy": "{\"Statement\":[{\"Action\":\"sts:AssumeRole\",\"Effect\":\"Allow\",\"Principal\":{\"Service\":\"ec2.amazonaws.com\"}}],\"Version\":\"2012-10-17\"}",
              "create_date": "2024-08-30T17:12:39Z",
              "description": "",
              "force_detach_policies": false,
              "id": "session-manager",
              "inline_policy": [],
              "managed_policy_arns": [],
              "max_session_duration": 3600,
              "name": "session-manager",
              "name_prefix": "",
              "path": "/",
              "permissions_boundary": "",
              "tags": {
                "Name": "session-manager"
              },
              "tags_all": {
                "Name": "session-manager"
              },
              "unique_id": "AROAZHELWI3CDJY7FFNSS"
            },
            "sensitive_values": {
              "inline_policy": [],
              "managed_policy_arns": [],
              "tags": {},
              "tags_all": {}
            },
            "depends_on": [
              "data.aws_iam_policy_document.ec2"
            ]
          },
          {
            "address": "aws_instance.bastion",
            "mode": "managed",
            "type": "aws_instance",
            "name": "bastion",
            "provider_name": "registry.terraform.io/hashicorp/aws",
            "schema_version": 1,
            "values": {
              "ami": "ami-0568773882d492fc8",
              "arn": "arn:aws:ec2:us-east-2:633800640196:instance/i-0f6f9436d2dde414e",
              "associate_public_ip_address": true,
              "availability_zone": "us-east-2a",
              "capacity_reservation_specification": [
                {
                  "capacity_reservation_preference": "open",
                  "capacity_reservation_target": []
                }
              ],
              "cpu_core_count": 1,
              "cpu_options": [
                {
                  "amd_sev_snp": "",
                  "core_count": 1,
                  "threads_per_core": 1
                }
              ],
              "cpu_threads_per_core": 1,
              "credit_specification": [
                {
                  "cpu_credits": "standard"
                }
              ],
              "disable_api_stop": false,
              "disable_api_termination": false,
              "ebs_block_device": [],
              "ebs_optimized": false,
              "enclave_options": [
                {
                  "enabled": false
                }
              ],
              "ephemeral_block_device": [],
              "get_password_data": false,
              "hibernation": false,
              "host_id": "",
              "host_resource_group_arn": null,
              "iam_instance_profile": "session-manager",
              "id": "i-0f6f9436d2dde414e",
              "instance_initiated_shutdown_behavior": "stop",
              "instance_lifecycle": "",
              "instance_market_options": [],
              "instance_state": "running",
              "instance_type": "t2.micro",
              "ipv6_address_count": 0,
              "ipv6_addresses": [],
              "key_name": "terraform-lab_key_pair",
              "launch_template": [],
              "maintenance_options": [
                {
                  "auto_recovery": "default"
                }
              ],
              "metadata_options": [
                {
                  "http_endpoint": "enabled",
                  "http_protocol_ipv6": "disabled",
                  "http_put_response_hop_limit": 1,
                  "http_tokens": "optional",
                  "instance_metadata_tags": "disabled"
                }
              ],
              "monitoring": false,
              "network_interface": [],
              "outpost_arn": "",
              "password_data": "",
              "placement_group": "",
              "placement_partition_number": 0,
              "primary_network_interface_id": "eni-014f5fd04c8582c26",
              "private_dns": "ip-10-0-1-231.us-east-2.compute.internal",
              "private_dns_name_options": [
                {
                  "enable_resource_name_dns_a_record": false,
                  "enable_resource_name_dns_aaaa_record": false,
                  "hostname_type": "ip-name"
                }
              ],
              "private_ip": "10.0.1.231",
              "public_dns": "ec2-3-12-36-150.us-east-2.compute.amazonaws.com",
              "public_ip": "3.12.36.150",
              "root_block_device": [
                {
                  "delete_on_termination": true,
                  "device_name": "/dev/xvda",
                  "encrypted": false,
                  "iops": 100,
                  "kms_key_id": "",
                  "tags": {},
                  "tags_all": {},
                  "throughput": 0,
                  "volume_id": "vol-017e641867ac8facd",
                  "volume_size": 8,
                  "volume_type": "gp2"
                }
              ],
              "secondary_private_ips": [],
              "security_groups": [],
              "source_dest_check": true,
              "spot_instance_request_id": "",
              "subnet_id": "subnet-0bce2540ca339fea7",
              "tags": {
                "Name": "Bastion"
              },
              "tags_all": {
                "Name": "Bastion"
              },
              "tenancy": "default",
              "timeouts": null,
              "user_data": null,
              "user_data_base64": null,
              "user_data_replace_on_change": true,
              "volume_tags": null,
              "vpc_security_group_ids": [
                "sg-097c5e722c0dcf4b9"
              ]
            },
            "sensitive_values": {
              "capacity_reservation_specification": [
                {
                  "capacity_reservation_target": []
                }
              ],
              "cpu_options": [
                {}
              ],
              "credit_specification": [
                {}
              ],
              "ebs_block_device": [],
              "enclave_options": [
                {}
              ],
              "ephemeral_block_device": [],
              "instance_market_options": [],
              "ipv6_addresses": [],
              "launch_template": [],
              "maintenance_options": [
                {}
              ],
              "metadata_options": [
                {}
              ],
              "network_interface": [],
              "private_dns_name_options": [
                {}
              ],
              "root_block_device": [
                {
                  "tags": {},
                  "tags_all": {}
                }
              ],
              "secondary_private_ips": [],
              "security_groups": [],
              "tags": {},
              "tags_all": {},
              "vpc_security_group_ids": [
                false
              ]
            },
            "depends_on": [
              "aws_iam_instance_profile.session-manager",
              "aws_iam_role.session-manager",
              "aws_key_pair.terraform-lab",
              "aws_security_group.ec2",
              "aws_security_group.load-balancer",
              "aws_subnet.public-subnet-1",
              "aws_vpc.terraform-lab-vpc",
              "data.aws_iam_policy_document.ec2"
            ]
          },
          {
            "address": "aws_internet_gateway.terraform-lab-igw",
            "mode": "managed",
            "type": "aws_internet_gateway",
            "name": "terraform-lab-igw",
            "provider_name": "registry.terraform.io/hashicorp/aws",
            "schema_version": 0,
            "values": {
              "arn": "arn:aws:ec2:us-east-2:633800640196:internet-gateway/igw-0e9d8fe39f08710d9",
              "id": "igw-0e9d8fe39f08710d9",
              "owner_id": "633800640196",
              "tags": {
                "Name": "terraform-lab-igw"
              },
              "tags_all": {
                "Name": "terraform-lab-igw"
              },
              "timeouts": null,
              "vpc_id": "vpc-071096b5a46adb53f"
            },
            "sensitive_values": {
              "tags": {},
              "tags_all": {}
            },
            "depends_on": [
              "aws_vpc.terraform-lab-vpc"
            ]
          },
          {
            "address": "aws_key_pair.terraform-lab",
            "mode": "managed",
            "type": "aws_key_pair",
            "name": "terraform-lab",
            "provider_name": "registry.terraform.io/hashicorp/aws",
            "schema_version": 1,
            "values": {
              "arn": "arn:aws:ec2:us-east-2:633800640196:key-pair/terraform-lab_key_pair",
              "fingerprint": "ba:04:4b:e9:a1:15:dd:c8:9e:f7:43:e4:19:73:0c:d3",
              "id": "terraform-lab_key_pair",
              "key_name": "terraform-lab_key_pair",
              "key_name_prefix": "",
              "key_pair_id": "key-028d897f2bd6c4b98",
              "key_type": "rsa",
              "public_key": "ssh-rsa AAAAB3NzaC1yc2EAAAADAQABAAACAQC0/xGzPohhw8khG8IvMMnSjMT5WnVEWs6GjU/heza1NyR2O8xYvztuHlZVEXzLie3jdgDHD8qKBIjpw4WsGIJyujW5AY2OXDHpgC0GWeeDz5M1jTl6w9rLNQrukr0v/lMCXTyeOE3xNkQRZOpr4nRF1nBG0VjCpQNl+PmhvjmXQ1JNfnXn4d3aJlKPqwhJVJOXgvxj6kMiVc7B5PyjrmdEt7ZT0KNmrYkKQ6bldrEe3sDQGlTdsUSXDk/8Xe30aYCJZm+SZHHUX+SKD4a0SYJd3zTkhlNncK8VJh20gUxWxCuMg6ySQGqfVqhE5KxbOwU7DSuFv3N7L1PodfcUbRbEAUWHhk1s9OZdgA4aF8MSfnhAcDshFrY/OnGeDX2F3O4YpDhb1x48b7jQNAtMEh53XapI3kVVrkhy0WDLzJcZAhXAgP4TF7OgdsswSNpdqudOQS/d6PABLhAJaSrmkwxhKTeJHp3yUNC9ZClElHMagQRcVzxHbDYqOjEU08hHvwIjzPhctiTayHtmDO+KH7ppHNfIfPagIlKQ0nTv8mdl1YUwOZ8a1i1jQcjhcJjKvlyNYYDyPwLE9JdiptUH/v1Z/S/RnRY+IdU2l7tsKZ45IbDs9D7RvtmBPMfA1wR/BJh6Jb6ra3PQ+7/Fp+Aj5QTcrg1Xp1f2y9sfqgqy3kakaw== your_email@example.com",
              "tags": {},
              "tags_all": {}
            },
            "sensitive_values": {
              "tags": {},
              "tags_all": {}
            }
          },
          {
            "address": "aws_launch_configuration.ec2",
            "mode": "managed",
            "type": "aws_launch_configuration",
            "name": "ec2",
            "provider_name": "registry.terraform.io/hashicorp/aws",
            "schema_version": 0,
            "values": {
              "arn": "arn:aws:autoscaling:us-east-2:633800640196:launchConfiguration:f8058930-6dc5-4034-8546-84b1fc843720:launchConfigurationName/terraform-lab-instances-lc20240830171438711700000005",
              "associate_public_ip_address": false,
              "ebs_block_device": [],
              "ebs_optimized": false,
              "enable_monitoring": true,
              "ephemeral_block_device": [],
              "iam_instance_profile": "session-manager",
              "id": "terraform-lab-instances-lc20240830171438711700000005",
              "image_id": "ami-0568773882d492fc8",
              "instance_type": "t2.micro",
              "key_name": "terraform-lab_key_pair",
              "metadata_options": [],
              "name": "terraform-lab-instances-lc20240830171438711700000005",
              "name_prefix": "terraform-lab-instances-lc",
              "placement_tenancy": "",
              "root_block_device": [],
              "security_groups": [
                "sg-097c5e722c0dcf4b9"
              ],
              "spot_price": "",
              "user_data": "aa3f04b53a0ffd5534ad3823bee027f463a55e91",
              "user_data_base64": null
            },
            "sensitive_values": {
              "ebs_block_device": [],
              "ephemeral_block_device": [],
              "metadata_options": [],
              "root_block_device": [],
              "security_groups": [
                false
              ]
            },
            "depends_on": [
              "aws_eip.nat_gateway",
              "aws_iam_instance_profile.session-manager",
              "aws_iam_role.session-manager",
              "aws_internet_gateway.terraform-lab-igw",
              "aws_key_pair.terraform-lab",
              "aws_nat_gateway.terraform-lab-ngw",
              "aws_security_group.ec2",
              "aws_security_group.load-balancer",
              "aws_subnet.public-subnet-1",
              "aws_vpc.terraform-lab-vpc",
              "data.aws_iam_policy_document.ec2"
            ]
          },
          {
            "address": "aws_lb.development",
            "mode": "managed",
            "type": "aws_lb",
            "name": "development",
            "provider_name": "registry.terraform.io/hashicorp/aws",
            "schema_version": 0,
            "values": {
              "access_logs": [
                {
                  "bucket": "",
                  "enabled": false,
                  "prefix": ""
                }
              ],
              "arn": "arn:aws:elasticloadbalancing:us-east-2:633800640196:loadbalancer/app/terraform-lab-alb/86a214b3282b67ad",
              "arn_suffix": "app/terraform-lab-alb/86a214b3282b67ad",
              "client_keep_alive": 3600,
              "connection_logs": [
                {
                  "bucket": "",
                  "enabled": false,
                  "prefix": ""
                }
              ],
              "customer_owned_ipv4_pool": "",
              "desync_mitigation_mode": "defensive",
              "dns_name": "terraform-lab-alb-1965413173.us-east-2.elb.amazonaws.com",
              "dns_record_client_routing_policy": null,
              "drop_invalid_header_fields": false,
              "enable_cross_zone_load_balancing": true,
              "enable_deletion_protection": false,
              "enable_http2": true,
              "enable_tls_version_and_cipher_suite_headers": false,
              "enable_waf_fail_open": false,
              "enable_xff_client_port": false,
              "enforce_security_group_inbound_rules_on_private_link_traffic": "",
              "id": "arn:aws:elasticloadbalancing:us-east-2:633800640196:loadbalancer/app/terraform-lab-alb/86a214b3282b67ad",
              "idle_timeout": 60,
              "internal": false,
              "ip_address_type": "ipv4",
              "load_balancer_type": "application",
              "name": "terraform-lab-alb",
              "name_prefix": "",
              "preserve_host_header": false,
              "security_groups": [
                "sg-03d62a43eaf3b37fd"
              ],
              "subnet_mapping": [
                {
                  "allocation_id": "",
                  "ipv6_address": "",
                  "outpost_id": "",
                  "private_ipv4_address": "",
                  "subnet_id": "subnet-0bce2540ca339fea7"
                },
                {
                  "allocation_id": "",
                  "ipv6_address": "",
                  "outpost_id": "",
                  "private_ipv4_address": "",
                  "subnet_id": "subnet-0bfec90ba3a7a3238"
                }
              ],
              "subnets": [
                "subnet-0bce2540ca339fea7",
                "subnet-0bfec90ba3a7a3238"
              ],
              "tags": {},
              "tags_all": {},
              "timeouts": null,
              "vpc_id": "vpc-071096b5a46adb53f",
              "xff_header_processing_mode": "append",
              "zone_id": "Z3AADJGX6KTTL2"
            },
            "sensitive_values": {
              "access_logs": [
                {}
              ],
              "connection_logs": [
                {}
              ],
              "security_groups": [
                false
              ],
              "subnet_mapping": [
                {},
                {}
              ],
              "subnets": [
                false,
                false
              ],
              "tags": {},
              "tags_all": {}
            },
            "depends_on": [
              "aws_security_group.load-balancer",
              "aws_subnet.public-subnet-1",
              "aws_subnet.public-subnet-2",
              "aws_vpc.terraform-lab-vpc"
            ]
          },
          {
            "address": "aws_nat_gateway.terraform-lab-ngw",
            "mode": "managed",
            "type": "aws_nat_gateway",
            "name": "terraform-lab-ngw",
            "provider_name": "registry.terraform.io/hashicorp/aws",
            "schema_version": 0,
            "values": {
              "allocation_id": "eipalloc-0833d4bdd2559f58b",
              "association_id": "eipassoc-0d5e737f3ec27322f",
              "connectivity_type": "public",
              "id": "nat-02e2abdc891635153",
              "network_interface_id": "eni-0421ca05945b1e7ca",
              "private_ip": "10.0.1.80",
              "public_ip": "52.14.190.247",
              "secondary_allocation_ids": [],
              "secondary_private_ip_address_count": 0,
              "secondary_private_ip_addresses": [],
              "subnet_id": "subnet-0bce2540ca339fea7",
              "tags": {
                "Name": "terraform-lab-ngw"
              },
              "tags_all": {
                "Name": "terraform-lab-ngw"
              },
              "timeouts": null
            },
            "sensitive_values": {
              "secondary_allocation_ids": [],
              "secondary_private_ip_addresses": [],
              "tags": {},
              "tags_all": {}
            },
            "depends_on": [
              "aws_eip.nat_gateway",
              "aws_internet_gateway.terraform-lab-igw",
              "aws_subnet.public-subnet-1",
              "aws_vpc.terraform-lab-vpc"
            ]
          },
          {
            "address": "aws_route.nat-ngw-route",
            "mode": "managed",
            "type": "aws_route",
            "name": "nat-ngw-route",
            "provider_name": "registry.terraform.io/hashicorp/aws",
            "schema_version": 0,
            "values": {
              "carrier_gateway_id": "",
              "core_network_arn": "",
              "destination_cidr_block": "0.0.0.0/0",
              "destination_ipv6_cidr_block": "",
              "destination_prefix_list_id": "",
              "egress_only_gateway_id": "",
              "gateway_id": "",
              "id": "r-rtb-099486e39ad92985c1080289494",
              "instance_id": "",
              "instance_owner_id": "",
              "local_gateway_id": "",
              "nat_gateway_id": "nat-02e2abdc891635153",
              "network_interface_id": "",
              "origin": "CreateRoute",
              "route_table_id": "rtb-099486e39ad92985c",
              "state": "active",
              "timeouts": null,
              "transit_gateway_id": "",
              "vpc_endpoint_id": "",
              "vpc_peering_connection_id": ""
            },
            "sensitive_values": {},
            "depends_on": [
              "aws_eip.nat_gateway",
              "aws_internet_gateway.terraform-lab-igw",
              "aws_nat_gateway.terraform-lab-ngw",
              "aws_route_table.private-route-table",
              "aws_subnet.public-subnet-1",
              "aws_vpc.terraform-lab-vpc"
            ]
          },
          {
            "address": "aws_route.public-internet-igw-route",
            "mode": "managed",
            "type": "aws_route",
            "name": "public-internet-igw-route",
            "provider_name": "registry.terraform.io/hashicorp/aws",
            "schema_version": 0,
            "values": {
              "carrier_gateway_id": "",
              "core_network_arn": "",
              "destination_cidr_block": "0.0.0.0/0",
              "destination_ipv6_cidr_block": "",
              "destination_prefix_list_id": "",
              "egress_only_gateway_id": "",
              "gateway_id": "igw-0e9d8fe39f08710d9",
              "id": "r-rtb-0ccdb315c1d0b20331080289494",
              "instance_id": "",
              "instance_owner_id": "",
              "local_gateway_id": "",
              "nat_gateway_id": "",
              "network_interface_id": "",
              "origin": "CreateRoute",
              "route_table_id": "rtb-0ccdb315c1d0b2033",
              "state": "active",
              "timeouts": null,
              "transit_gateway_id": "",
              "vpc_endpoint_id": "",
              "vpc_peering_connection_id": ""
            },
            "sensitive_values": {},
            "depends_on": [
              "aws_internet_gateway.terraform-lab-igw",
              "aws_route_table.public-route-table",
              "aws_vpc.terraform-lab-vpc"
            ]
          },
          {
            "address": "aws_route_table.private-route-table",
            "mode": "managed",
            "type": "aws_route_table",
            "name": "private-route-table",
            "provider_name": "registry.terraform.io/hashicorp/aws",
            "schema_version": 0,
            "values": {
              "arn": "arn:aws:ec2:us-east-2:633800640196:route-table/rtb-099486e39ad92985c",
              "id": "rtb-099486e39ad92985c",
              "owner_id": "633800640196",
              "propagating_vgws": [],
              "route": [
                {
                  "carrier_gateway_id": "",
                  "cidr_block": "0.0.0.0/0",
                  "core_network_arn": "",
                  "destination_prefix_list_id": "",
                  "egress_only_gateway_id": "",
                  "gateway_id": "",
                  "ipv6_cidr_block": "",
                  "local_gateway_id": "",
                  "nat_gateway_id": "nat-02e2abdc891635153",
                  "network_interface_id": "",
                  "transit_gateway_id": "",
                  "vpc_endpoint_id": "",
                  "vpc_peering_connection_id": ""
                }
              ],
              "tags": {
                "Name": "private-terraform-lab-route-table"
              },
              "tags_all": {
                "Name": "private-terraform-lab-route-table"
              },
              "timeouts": null,
              "vpc_id": "vpc-071096b5a46adb53f"
            },
            "sensitive_values": {
              "propagating_vgws": [],
              "route": [
                {}
              ],
              "tags": {},
              "tags_all": {}
            },
            "depends_on": [
              "aws_vpc.terraform-lab-vpc"
            ]
          },
          {
            "address": "aws_route_table.public-route-table",
            "mode": "managed",
            "type": "aws_route_table",
            "name": "public-route-table",
            "provider_name": "registry.terraform.io/hashicorp/aws",
            "schema_version": 0,
            "values": {
              "arn": "arn:aws:ec2:us-east-2:633800640196:route-table/rtb-0ccdb315c1d0b2033",
              "id": "rtb-0ccdb315c1d0b2033",
              "owner_id": "633800640196",
              "propagating_vgws": [],
              "route": [
                {
                  "carrier_gateway_id": "",
                  "cidr_block": "0.0.0.0/0",
                  "core_network_arn": "",
                  "destination_prefix_list_id": "",
                  "egress_only_gateway_id": "",
                  "gateway_id": "igw-0e9d8fe39f08710d9",
                  "ipv6_cidr_block": "",
                  "local_gateway_id": "",
                  "nat_gateway_id": "",
                  "network_interface_id": "",
                  "transit_gateway_id": "",
                  "vpc_endpoint_id": "",
                  "vpc_peering_connection_id": ""
                }
              ],
              "tags": {
                "Name": "public-terraform-lab-route-table"
              },
              "tags_all": {
                "Name": "public-terraform-lab-route-table"
              },
              "timeouts": null,
              "vpc_id": "vpc-071096b5a46adb53f"
            },
            "sensitive_values": {
              "propagating_vgws": [],
              "route": [
                {}
              ],
              "tags": {},
              "tags_all": {}
            },
            "depends_on": [
              "aws_vpc.terraform-lab-vpc"
            ]
          },
          {
            "address": "aws_route_table_association.private-route-1-association",
            "mode": "managed",
            "type": "aws_route_table_association",
            "name": "private-route-1-association",
            "provider_name": "registry.terraform.io/hashicorp/aws",
            "schema_version": 0,
            "values": {
              "gateway_id": "",
              "id": "rtbassoc-0fe81a1ad4d69a3b7",
              "route_table_id": "rtb-099486e39ad92985c",
              "subnet_id": "subnet-04f9bb269fd864edf",
              "timeouts": null
            },
            "sensitive_values": {},
            "depends_on": [
              "aws_route_table.private-route-table",
              "aws_subnet.private-subnet-1",
              "aws_vpc.terraform-lab-vpc"
            ]
          },
          {
            "address": "aws_route_table_association.private-route-2-association",
            "mode": "managed",
            "type": "aws_route_table_association",
            "name": "private-route-2-association",
            "provider_name": "registry.terraform.io/hashicorp/aws",
            "schema_version": 0,
            "values": {
              "gateway_id": "",
              "id": "rtbassoc-06d187d83ebc0f248",
              "route_table_id": "rtb-099486e39ad92985c",
              "subnet_id": "subnet-0d9a930cf90f4e3b8",
              "timeouts": null
            },
            "sensitive_values": {},
            "depends_on": [
              "aws_route_table.private-route-table",
              "aws_subnet.private-subnet-2",
              "aws_vpc.terraform-lab-vpc"
            ]
          },
          {
            "address": "aws_route_table_association.public-route-1-association",
            "mode": "managed",
            "type": "aws_route_table_association",
            "name": "public-route-1-association",
            "provider_name": "registry.terraform.io/hashicorp/aws",
            "schema_version": 0,
            "values": {
              "gateway_id": "",
              "id": "rtbassoc-02f724bd9f36690ee",
              "route_table_id": "rtb-0ccdb315c1d0b2033",
              "subnet_id": "subnet-0bce2540ca339fea7",
              "timeouts": null
            },
            "sensitive_values": {},
            "depends_on": [
              "aws_route_table.public-route-table",
              "aws_subnet.public-subnet-1",
              "aws_vpc.terraform-lab-vpc"
            ]
          },
          {
            "address": "aws_route_table_association.public-route-2-association",
            "mode": "managed",
            "type": "aws_route_table_association",
            "name": "public-route-2-association",
            "provider_name": "registry.terraform.io/hashicorp/aws",
            "schema_version": 0,
            "values": {
              "gateway_id": "",
              "id": "rtbassoc-0c4f359d9d2dd7aab",
              "route_table_id": "rtb-0ccdb315c1d0b2033",
              "subnet_id": "subnet-0bfec90ba3a7a3238",
              "timeouts": null
            },
            "sensitive_values": {},
            "depends_on": [
              "aws_route_table.public-route-table",
              "aws_subnet.public-subnet-2",
              "aws_vpc.terraform-lab-vpc"
            ]
          },
          {
            "address": "aws_security_group.ec2",
            "mode": "managed",
            "type": "aws_security_group",
            "name": "ec2",
            "provider_name": "registry.terraform.io/hashicorp/aws",
            "schema_version": 1,
            "values": {
              "arn": "arn:aws:ec2:us-east-2:633800640196:security-group/sg-097c5e722c0dcf4b9",
              "description": "Allows inbound access from the ALB only",
              "egress": [
                {
                  "cidr_blocks": [
                    "0.0.0.0/0"
                  ],
                  "description": "",
                  "from_port": 0,
                  "ipv6_cidr_blocks": [],
                  "prefix_list_ids": [],
                  "protocol": "-1",
                  "security_groups": [],
                  "self": false,
                  "to_port": 0
                }
              ],
              "id": "sg-097c5e722c0dcf4b9",
              "ingress": [
                {
                  "cidr_blocks": [
                    "0.0.0.0/0"
                  ],
                  "description": "",
                  "from_port": 22,
                  "ipv6_cidr_blocks": [],
                  "prefix_list_ids": [],
                  "protocol": "tcp",
                  "security_groups": [],
                  "self": false,
                  "to_port": 22
                },
                {
                  "cidr_blocks": [],
                  "description": "",
                  "from_port": 0,
                  "ipv6_cidr_blocks": [],
                  "prefix_list_ids": [],
                  "protocol": "-1",
                  "security_groups": [
                    "sg-03d62a43eaf3b37fd"
                  ],
                  "self": false,
                  "to_port": 0
                }
              ],
              "name": "ec2_security_group",
              "name_prefix": "",
              "owner_id": "633800640196",
              "revoke_rules_on_delete": false,
              "tags": {},
              "tags_all": {},
              "timeouts": null,
              "vpc_id": "vpc-071096b5a46adb53f"
            },
            "sensitive_values": {
              "egress": [
                {
                  "cidr_blocks": [
                    false
                  ],
                  "ipv6_cidr_blocks": [],
                  "prefix_list_ids": [],
                  "security_groups": []
                }
              ],
              "ingress": [
                {
                  "cidr_blocks": [
                    false
                  ],
                  "ipv6_cidr_blocks": [],
                  "prefix_list_ids": [],
                  "security_groups": []
                },
                {
                  "cidr_blocks": [],
                  "ipv6_cidr_blocks": [],
                  "prefix_list_ids": [],
                  "security_groups": [
                    false
                  ]
                }
              ],
              "tags": {},
              "tags_all": {}
            },
            "depends_on": [
              "aws_security_group.load-balancer",
              "aws_vpc.terraform-lab-vpc"
            ]
          },
          {
            "address": "aws_security_group.load-balancer",
            "mode": "managed",
            "type": "aws_security_group",
            "name": "load-balancer",
            "provider_name": "registry.terraform.io/hashicorp/aws",
            "schema_version": 1,
            "values": {
              "arn": "arn:aws:ec2:us-east-2:633800640196:security-group/sg-03d62a43eaf3b37fd",
              "description": "Controls access to the ALB",
              "egress": [
                {
                  "cidr_blocks": [
                    "0.0.0.0/0"
                  ],
                  "description": "",
                  "from_port": 0,
                  "ipv6_cidr_blocks": [],
                  "prefix_list_ids": [],
                  "protocol": "-1",
                  "security_groups": [],
                  "self": false,
                  "to_port": 0
                }
              ],
              "id": "sg-03d62a43eaf3b37fd",
              "ingress": [
                {
                  "cidr_blocks": [
                    "0.0.0.0/0"
                  ],
                  "description": "",
                  "from_port": 80,
                  "ipv6_cidr_blocks": [],
                  "prefix_list_ids": [],
                  "protocol": "tcp",
                  "security_groups": [],
                  "self": false,
                  "to_port": 80
                }
              ],
              "name": "load_balancer_security_group",
              "name_prefix": "",
              "owner_id": "633800640196",
              "revoke_rules_on_delete": false,
              "tags": {},
              "tags_all": {},
              "timeouts": null,
              "vpc_id": "vpc-071096b5a46adb53f"
            },
            "sensitive_values": {
              "egress": [
                {
                  "cidr_blocks": [
                    false
                  ],
                  "ipv6_cidr_blocks": [],
                  "prefix_list_ids": [],
                  "security_groups": []
                }
              ],
              "ingress": [
                {
                  "cidr_blocks": [
                    false
                  ],
                  "ipv6_cidr_blocks": [],
                  "prefix_list_ids": [],
                  "security_groups": []
                }
              ],
              "tags": {},
              "tags_all": {}
            },
            "depends_on": [
              "aws_vpc.terraform-lab-vpc"
            ]
          },
          {
            "address": "aws_subnet.private-subnet-1",
            "mode": "managed",
            "type": "aws_subnet",
            "name": "private-subnet-1",
            "provider_name": "registry.terraform.io/hashicorp/aws",
            "schema_version": 1,
            "values": {
              "arn": "arn:aws:ec2:us-east-2:633800640196:subnet/subnet-04f9bb269fd864edf",
              "assign_ipv6_address_on_creation": false,
              "availability_zone": "us-east-2a",
              "availability_zone_id": "use2-az1",
              "cidr_block": "10.0.3.0/24",
              "customer_owned_ipv4_pool": "",
              "enable_dns64": false,
              "enable_lni_at_device_index": 0,
              "enable_resource_name_dns_a_record_on_launch": false,
              "enable_resource_name_dns_aaaa_record_on_launch": false,
              "id": "subnet-04f9bb269fd864edf",
              "ipv6_cidr_block": "",
              "ipv6_cidr_block_association_id": "",
              "ipv6_native": false,
              "map_customer_owned_ip_on_launch": false,
              "map_public_ip_on_launch": false,
              "outpost_arn": "",
              "owner_id": "633800640196",
              "private_dns_hostname_type_on_launch": "ip-name",
              "tags": {
                "Name": "private-terraform-lab-subnet-1"
              },
              "tags_all": {
                "Name": "private-terraform-lab-subnet-1"
              },
              "timeouts": null,
              "vpc_id": "vpc-071096b5a46adb53f"
            },
            "sensitive_values": {
              "tags": {},
              "tags_all": {}
            },
            "depends_on": [
              "aws_vpc.terraform-lab-vpc"
            ]
          },
          {
            "address": "aws_subnet.private-subnet-2",
            "mode": "managed",
            "type": "aws_subnet",
            "name": "private-subnet-2",
            "provider_name": "registry.terraform.io/hashicorp/aws",
            "schema_version": 1,
            "values": {
              "arn": "arn:aws:ec2:us-east-2:633800640196:subnet/subnet-0d9a930cf90f4e3b8",
              "assign_ipv6_address_on_creation": false,
              "availability_zone": "us-east-2b",
              "availability_zone_id": "use2-az2",
              "cidr_block": "10.0.4.0/24",
              "customer_owned_ipv4_pool": "",
              "enable_dns64": false,
              "enable_lni_at_device_index": 0,
              "enable_resource_name_dns_a_record_on_launch": false,
              "enable_resource_name_dns_aaaa_record_on_launch": false,
              "id": "subnet-0d9a930cf90f4e3b8",
              "ipv6_cidr_block": "",
              "ipv6_cidr_block_association_id": "",
              "ipv6_native": false,
              "map_customer_owned_ip_on_launch": false,
              "map_public_ip_on_launch": false,
              "outpost_arn": "",
              "owner_id": "633800640196",
              "private_dns_hostname_type_on_launch": "ip-name",
              "tags": {
                "Name": "private-terraform-lab-subnet-2"
              },
              "tags_all": {
                "Name": "private-terraform-lab-subnet-2"
              },
              "timeouts": null,
              "vpc_id": "vpc-071096b5a46adb53f"
            },
            "sensitive_values": {
              "tags": {},
              "tags_all": {}
            },
            "depends_on": [
              "aws_vpc.terraform-lab-vpc"
            ]
          },
          {
            "address": "aws_subnet.public-subnet-1",
            "mode": "managed",
            "type": "aws_subnet",
            "name": "public-subnet-1",
            "provider_name": "registry.terraform.io/hashicorp/aws",
            "schema_version": 1,
            "values": {
              "arn": "arn:aws:ec2:us-east-2:633800640196:subnet/subnet-0bce2540ca339fea7",
              "assign_ipv6_address_on_creation": false,
              "availability_zone": "us-east-2a",
              "availability_zone_id": "use2-az1",
              "cidr_block": "10.0.1.0/24",
              "customer_owned_ipv4_pool": "",
              "enable_dns64": false,
              "enable_lni_at_device_index": 0,
              "enable_resource_name_dns_a_record_on_launch": false,
              "enable_resource_name_dns_aaaa_record_on_launch": false,
              "id": "subnet-0bce2540ca339fea7",
              "ipv6_cidr_block": "",
              "ipv6_cidr_block_association_id": "",
              "ipv6_native": false,
              "map_customer_owned_ip_on_launch": false,
              "map_public_ip_on_launch": false,
              "outpost_arn": "",
              "owner_id": "633800640196",
              "private_dns_hostname_type_on_launch": "ip-name",
              "tags": {
                "Name": "public-terraform-lab-subnet-1"
              },
              "tags_all": {
                "Name": "public-terraform-lab-subnet-1"
              },
              "timeouts": null,
              "vpc_id": "vpc-071096b5a46adb53f"
            },
            "sensitive_values": {
              "tags": {},
              "tags_all": {}
            },
            "depends_on": [
              "aws_vpc.terraform-lab-vpc"
            ]
          },
          {
            "address": "aws_subnet.public-subnet-2",
            "mode": "managed",
            "type": "aws_subnet",
            "name": "public-subnet-2",
            "provider_name": "registry.terraform.io/hashicorp/aws",
            "schema_version": 1,
            "values": {
              "arn": "arn:aws:ec2:us-east-2:633800640196:subnet/subnet-0bfec90ba3a7a3238",
              "assign_ipv6_address_on_creation": false,
              "availability_zone": "us-east-2b",
              "availability_zone_id": "use2-az2",
              "cidr_block": "10.0.2.0/24",
              "customer_owned_ipv4_pool": "",
              "enable_dns64": false,
              "enable_lni_at_device_index": 0,
              "enable_resource_name_dns_a_record_on_launch": false,
              "enable_resource_name_dns_aaaa_record_on_launch": false,
              "id": "subnet-0bfec90ba3a7a3238",
              "ipv6_cidr_block": "",
              "ipv6_cidr_block_association_id": "",
              "ipv6_native": false,
              "map_customer_owned_ip_on_launch": false,
              "map_public_ip_on_launch": false,
              "outpost_arn": "",
              "owner_id": "633800640196",
              "private_dns_hostname_type_on_launch": "ip-name",
              "tags": {
                "Name": "public-terraform-lab-subnet-2"
              },
              "tags_all": {
                "Name": "public-terraform-lab-subnet-2"
              },
              "timeouts": null,
              "vpc_id": "vpc-071096b5a46adb53f"
            },
            "sensitive_values": {
              "tags": {},
              "tags_all": {}
            },
            "depends_on": [
              "aws_vpc.terraform-lab-vpc"
            ]
          },
          {
            "address": "aws_vpc.terraform-lab-vpc",
            "mode": "managed",
            "type": "aws_vpc",
            "name": "terraform-lab-vpc",
            "provider_name": "registry.terraform.io/hashicorp/aws",
            "schema_version": 1,
            "values": {
              "arn": "arn:aws:ec2:us-east-2:633800640196:vpc/vpc-071096b5a46adb53f",
              "assign_generated_ipv6_cidr_block": false,
              "cidr_block": "10.0.0.0/16",
              "default_network_acl_id": "acl-0cf034a071db23f3f",
              "default_route_table_id": "rtb-03bd4132e0b40be89",
              "default_security_group_id": "sg-0df22232c18efc12a",
              "dhcp_options_id": "dopt-0ceb8b66f947a9a79",
              "enable_dns_hostnames": true,
              "enable_dns_support": true,
              "enable_network_address_usage_metrics": false,
              "id": "vpc-071096b5a46adb53f",
              "instance_tenancy": "default",
              "ipv4_ipam_pool_id": null,
              "ipv4_netmask_length": null,
              "ipv6_association_id": "",
              "ipv6_cidr_block": "",
              "ipv6_cidr_block_network_border_group": "",
              "ipv6_ipam_pool_id": "",
              "ipv6_netmask_length": 0,
              "main_route_table_id": "rtb-03bd4132e0b40be89",
              "owner_id": "633800640196",
              "tags": {
                "Name": "terraform-lab-vpc"
              },
              "tags_all": {
                "Name": "terraform-lab-vpc"
              }
            },
            "sensitive_values": {
              "tags": {},
              "tags_all": {}
            }
          }
        ]
      }
    }
  },
  "configuration": {
    "provider_config": {
      "aws": {
        "name": "aws",
        "full_name": "registry.terraform.io/hashicorp/aws",
        "version_constraint": "5.65.0",
        "expressions": {
          "region": {
            "references": [
              "var.region"
            ]
          },
          "shared_credentials_files": {
            "constant_value": [
              "$HOME/.aws/credentials"
            ]
          }
        }
      }
    },
    "root_module": {
      "outputs": {
        "alb_dns": {
          "expression": {
            "references": [
              "aws_lb.development.dns_name",
              "aws_lb.development"
            ]
          }
        },
        "alb_zone": {
          "expression": {
            "references": [
              "aws_lb.development.zone_id",
              "aws_lb.development"
            ]
          }
        }
      },
      "resources": [
        {
          "address": "aws_alb_listener.ec2-alb-http-listener",
          "mode": "managed",
          "type": "aws_alb_listener",
          "name": "ec2-alb-http-listener",
          "provider_config_key": "aws",
          "expressions": {
            "default_action": [
              {
                "target_group_arn": {
                  "references": [
                    "aws_alb_target_group.default-target-group.arn",
                    "aws_alb_target_group.default-target-group"
                  ]
                },
                "type": {
                  "constant_value": "forward"
                }
              }
            ],
            "load_balancer_arn": {
              "references": [
                "aws_lb.development.id",
                "aws_lb.development"
              ]
            },
            "port": {
              "constant_value": "80"
            },
            "protocol": {
              "constant_value": "HTTP"
            }
          },
          "schema_version": 0,
          "depends_on": [
            "aws_alb_target_group.default-target-group"
          ]
        },
        {
          "address": "aws_alb_target_group.default-target-group",
          "mode": "managed",
          "type": "aws_alb_target_group",
          "name": "default-target-group",
          "provider_config_key": "aws",
          "expressions": {
            "health_check": [
              {
                "healthy_threshold": {
                  "constant_value": 5
                },
                "interval": {
                  "constant_value": 60
                },
                "matcher": {
                  "constant_value": "200"
                },
                "path": {
                  "references": [
                    "var.health_check_path"
                  ]
                },
                "port": {
                  "constant_value": "traffic-port"
                },
                "timeout": {
                  "constant_value": 2
                },
                "unhealthy_threshold": {
                  "constant_value": 2
                }
              }
            ],
            "name": {
              "references": [
                "var.ec2_instance_name"
              ]
            },
            "port": {
              "constant_value": 80
            },
            "protocol": {
              "constant_value": "HTTP"
            },
            "vpc_id": {
              "references": [
                "aws_vpc.terraform-lab-vpc.id",
                "aws_vpc.terraform-lab-vpc"
              ]
            }
          },
          "schema_version": 0
        },
        {
          "address": "aws_autoscaling_attachment.asg_attachment_bar",
          "mode": "managed",
          "type": "aws_autoscaling_attachment",
          "name": "asg_attachment_bar",
          "provider_config_key": "aws",
          "expressions": {
            "autoscaling_group_name": {
              "references": [
                "aws_autoscaling_group.ec2-cluster.id",
                "aws_autoscaling_group.ec2-cluster"
              ]
            },
            "lb_target_group_arn": {
              "references": [
                "aws_alb_target_group.default-target-group.arn",
                "aws_alb_target_group.default-target-group"
              ]
            }
          },
          "schema_version": 0
        },
        {
          "address": "aws_autoscaling_group.ec2-cluster",
          "mode": "managed",
          "type": "aws_autoscaling_group",
          "name": "ec2-cluster",
          "provider_config_key": "aws",
          "expressions": {
            "desired_capacity": {
              "references": [
                "var.autoscale_desired"
              ]
            },
            "health_check_type": {
              "constant_value": "EC2"
            },
            "launch_configuration": {
              "references": [
                "aws_launch_configuration.ec2.name",
                "aws_launch_configuration.ec2"
              ]
            },
            "max_size": {
              "references": [
                "var.autoscale_max"
              ]
            },
            "min_size": {
              "references": [
                "var.autoscale_min"
              ]
            },
            "name": {
              "references": [
                "var.ec2_instance_name"
              ]
            },
            "target_group_arns": {
              "references": [
                "aws_alb_target_group.default-target-group.arn",
                "aws_alb_target_group.default-target-group"
              ]
            },
            "vpc_zone_identifier": {
              "references": [
                "aws_subnet.private-subnet-1.id",
                "aws_subnet.private-subnet-1",
                "aws_subnet.private-subnet-2.id",
                "aws_subnet.private-subnet-2"
              ]
            }
          },
          "schema_version": 1
        },
        {
          "address": "aws_eip.nat_gateway",
          "mode": "managed",
          "type": "aws_eip",
          "name": "nat_gateway",
          "provider_config_key": "aws",
          "expressions": {
            "associate_with_private_ip": {
              "constant_value": "10.0.0.5"
            },
            "domain": {
              "constant_value": "vpc"
            }
          },
          "schema_version": 0,
          "depends_on": [
            "aws_internet_gateway.terraform-lab-igw"
          ]
        },
        {
          "address": "aws_iam_instance_profile.session-manager",
          "mode": "managed",
          "type": "aws_iam_instance_profile",
          "name": "session-manager",
          "provider_config_key": "aws",
          "expressions": {
            "name": {
              "constant_value": "session-manager"
            },
            "role": {
              "references": [
                "aws_iam_role.session-manager.name",
                "aws_iam_role.session-manager"
              ]
            }
          },
          "schema_version": 0
        },
        {
          "address": "aws_iam_policy.session-manager",
          "mode": "managed",
          "type": "aws_iam_policy",
          "name": "session-manager",
          "provider_config_key": "aws",
          "expressions": {
            "description": {
              "constant_value": "session-manager"
            },
            "name": {
              "constant_value": "session-manager"
            },
            "policy": {}
          },
          "schema_version": 0
        },
        {
          "address": "aws_iam_role.session-manager",
          "mode": "managed",
          "type": "aws_iam_role",
          "name": "session-manager",
          "provider_config_key": "aws",
          "expressions": {
            "assume_role_policy": {
              "references": [
                "data.aws_iam_policy_document.ec2.json",
                "data.aws_iam_policy_document.ec2"
              ]
            },
            "name": {
              "constant_value": "session-manager"
            },
            "tags": {
              "constant_value": {
                "Name": "session-manager"
              }
            }
          },
          "schema_version": 0
        },
        {
          "address": "aws_instance.bastion",
          "mode": "managed",
          "type": "aws_instance",
          "name": "bastion",
          "provider_config_key": "aws",
          "expressions": {
            "ami": {
              "references": [
                "var.amis",
                "var.region"
              ]
            },
            "associate_public_ip_address": {
              "constant_value": true
            },
            "iam_instance_profile": {
              "references": [
                "aws_iam_instance_profile.session-manager.id",
                "aws_iam_instance_profile.session-manager"
              ]
            },
            "instance_type": {
              "references": [
                "var.instance_type"
              ]
            },
            "key_name": {
              "references": [
                "aws_key_pair.terraform-lab.key_name",
                "aws_key_pair.terraform-lab"
              ]
            },
            "security_groups": {
              "references": [
                "aws_security_group.ec2.id",
                "aws_security_group.ec2"
              ]
            },
            "subnet_id": {
              "references": [
                "aws_subnet.public-subnet-1.id",
                "aws_subnet.public-subnet-1"
              ]
            },
            "tags": {
              "constant_value": {
                "Name": "Bastion"
              }
            },
            "user_data_replace_on_change": {
              "constant_value": true
            }
          },
          "schema_version": 1
        },
        {
          "address": "aws_internet_gateway.terraform-lab-igw",
          "mode": "managed",
          "type": "aws_internet_gateway",
          "name": "terraform-lab-igw",
          "provider_config_key": "aws",
          "expressions": {
            "tags": {
              "constant_value": {
                "Name": "terraform-lab-igw"
              }
            },
            "vpc_id": {
              "references": [
                "aws_vpc.terraform-lab-vpc.id",
                "aws_vpc.terraform-lab-vpc"
              ]
            }
          },
          "schema_version": 0
        },
        {
          "address": "aws_key_pair.terraform-lab",
          "mode": "managed",
          "type": "aws_key_pair",
          "name": "terraform-lab",
          "provider_config_key": "aws",
          "expressions": {
            "key_name": {
              "references": [
                "var.ec2_instance_name"
              ]
            },
            "public_key": {
              "references": [
                "var.ssh_pubkey_file"
              ]
            }
          },
          "schema_version": 1
        },
        {
          "address": "aws_launch_configuration.ec2",
          "mode": "managed",
          "type": "aws_launch_configuration",
          "name": "ec2",
          "provider_config_key": "aws",
          "expressions": {
            "associate_public_ip_address": {
              "constant_value": false
            },
            "iam_instance_profile": {
              "references": [
                "aws_iam_instance_profile.session-manager.id",
                "aws_iam_instance_profile.session-manager"
              ]
            },
            "image_id": {
              "references": [
                "var.amis",
                "var.region"
              ]
            },
            "instance_type": {
              "references": [
                "var.instance_type"
              ]
            },
            "key_name": {
              "references": [
                "aws_key_pair.terraform-lab.key_name",
                "aws_key_pair.terraform-lab"
              ]
            },
            "name_prefix": {
              "references": [
                "var.ec2_instance_name"
              ]
            },
            "security_groups": {
              "references": [
                "aws_security_group.ec2.id",
                "aws_security_group.ec2"
              ]
            },
            "user_data": {
              "references": [
                "path.module"
              ]
            }
          },
          "schema_version": 0,
          "depends_on": [
            "aws_nat_gateway.terraform-lab-ngw"
          ]
        },
        {
          "address": "aws_lb.development",
          "mode": "managed",
          "type": "aws_lb",
          "name": "development",
          "provider_config_key": "aws",
          "expressions": {
            "internal": {
              "constant_value": false
            },
            "load_balancer_type": {
              "constant_value": "application"
            },
            "name": {
              "references": [
                "var.ec2_instance_name"
              ]
            },
            "security_groups": {
              "references": [
                "aws_security_group.load-balancer.id",
                "aws_security_group.load-balancer"
              ]
            },
            "subnets": {
              "references": [
                "aws_subnet.public-subnet-1.id",
                "aws_subnet.public-subnet-1",
                "aws_subnet.public-subnet-2.id",
                "aws_subnet.public-subnet-2"
              ]
            }
          },
          "schema_version": 0
        },
        {
          "address": "aws_nat_gateway.terraform-lab-ngw",
          "mode": "managed",
          "type": "aws_nat_gateway",
          "name": "terraform-lab-ngw",
          "provider_config_key": "aws",
          "expressions": {
            "allocation_id": {
              "references": [
                "aws_eip.nat_gateway.id",
                "aws_eip.nat_gateway"
              ]
            },
            "subnet_id": {
              "references": [
                "aws_subnet.public-subnet-1.id",
                "aws_subnet.public-subnet-1"
              ]
            },
            "tags": {
              "constant_value": {
                "Name": "terraform-lab-ngw"
              }
            }
          },
          "schema_version": 0,
          "depends_on": [
            "aws_eip.nat_gateway"
          ]
        },
        {
          "address": "aws_route.nat-ngw-route",
          "mode": "managed",
          "type": "aws_route",
          "name": "nat-ngw-route",
          "provider_config_key": "aws",
          "expressions": {
            "destination_cidr_block": {
              "constant_value": "0.0.0.0/0"
            },
            "nat_gateway_id": {
              "references": [
                "aws_nat_gateway.terraform-lab-ngw.id",
                "aws_nat_gateway.terraform-lab-ngw"
              ]
            },
            "route_table_id": {
              "references": [
                "aws_route_table.private-route-table.id",
                "aws_route_table.private-route-table"
              ]
            }
          },
          "schema_version": 0
        },
        {
          "address": "aws_route.public-internet-igw-route",
          "mode": "managed",
          "type": "aws_route",
          "name": "public-internet-igw-route",
          "provider_config_key": "aws",
          "expressions": {
            "destination_cidr_block": {
              "constant_value": "0.0.0.0/0"
            },
            "gateway_id": {
              "references": [
                "aws_internet_gateway.terraform-lab-igw.id",
                "aws_internet_gateway.terraform-lab-igw"
              ]
            },
            "route_table_id": {
              "references": [
                "aws_route_table.public-route-table.id",
                "aws_route_table.public-route-table"
              ]
            }
          },
          "schema_version": 0
        },
        {
          "address": "aws_route_table.private-route-table",
          "mode": "managed",
          "type": "aws_route_table",
          "name": "private-route-table",
          "provider_config_key": "aws",
          "expressions": {
            "tags": {
              "constant_value": {
                "Name": "private-terraform-lab-route-table"
              }
            },
            "vpc_id": {
              "references": [
                "aws_vpc.terraform-lab-vpc.id",
                "aws_vpc.terraform-lab-vpc"
              ]
            }
          },
          "schema_version": 0
        },
        {
          "address": "aws_route_table.public-route-table",
          "mode": "managed",
          "type": "aws_route_table",
          "name": "public-route-table",
          "provider_config_key": "aws",
          "expressions": {
            "tags": {
              "constant_value": {
                "Name": "public-terraform-lab-route-table"
              }
            },
            "vpc_id": {
              "references": [
                "aws_vpc.terraform-lab-vpc.id",
                "aws_vpc.terraform-lab-vpc"
              ]
            }
          },
          "schema_version": 0
        },
        {
          "address": "aws_route_table_association.private-route-1-association",
          "mode": "managed",
          "type": "aws_route_table_association",
          "name": "private-route-1-association",
          "provider_config_key": "aws",
          "expressions": {
            "route_table_id": {
              "references": [
                "aws_route_table.private-route-table.id",
                "aws_route_table.private-route-table"
              ]
            },
            "subnet_id": {
              "references": [
                "aws_subnet.private-subnet-1.id",
                "aws_subnet.private-subnet-1"
              ]
            }
          },
          "schema_version": 0
        },
        {
          "address": "aws_route_table_association.private-route-2-association",
          "mode": "managed",
          "type": "aws_route_table_association",
          "name": "private-route-2-association",
          "provider_config_key": "aws",
          "expressions": {
            "route_table_id": {
              "references": [
                "aws_route_table.private-route-table.id",
                "aws_route_table.private-route-table"
              ]
            },
            "subnet_id": {
              "references": [
                "aws_subnet.private-subnet-2.id",
                "aws_subnet.private-subnet-2"
              ]
            }
          },
          "schema_version": 0
        },
        {
          "address": "aws_route_table_association.public-route-1-association",
          "mode": "managed",
          "type": "aws_route_table_association",
          "name": "public-route-1-association",
          "provider_config_key": "aws",
          "expressions": {
            "route_table_id": {
              "references": [
                "aws_route_table.public-route-table.id",
                "aws_route_table.public-route-table"
              ]
            },
            "subnet_id": {
              "references": [
                "aws_subnet.public-subnet-1.id",
                "aws_subnet.public-subnet-1"
              ]
            }
          },
          "schema_version": 0
        },
        {
          "address": "aws_route_table_association.public-route-2-association",
          "mode": "managed",
          "type": "aws_route_table_association",
          "name": "public-route-2-association",
          "provider_config_key": "aws",
          "expressions": {
            "route_table_id": {
              "references": [
                "aws_route_table.public-route-table.id",
                "aws_route_table.public-route-table"
              ]
            },
            "subnet_id": {
              "references": [
                "aws_subnet.public-subnet-2.id",
                "aws_subnet.public-subnet-2"
              ]
            }
          },
          "schema_version": 0
        },
        {
          "address": "aws_security_group.ec2",
          "mode": "managed",
          "type": "aws_security_group",
          "name": "ec2",
          "provider_config_key": "aws",
          "expressions": {
            "description": {
              "constant_value": "Allows inbound access from the ALB only"
            },
            "egress": {
              "constant_value": [
                {
                  "cidr_blocks": [
                    "0.0.0.0/0"
                  ],
                  "description": null,
                  "from_port": 0,
                  "ipv6_cidr_blocks": null,
                  "prefix_list_ids": null,
                  "protocol": "-1",
                  "security_groups": null,
                  "self": null,
                  "to_port": 0
                }
              ]
            },
            "ingress": {
              "references": [
                "aws_security_group.load-balancer.id",
                "aws_security_group.load-balancer"
              ]
            },
            "name": {
              "constant_value": "ec2_security_group"
            },
            "vpc_id": {
              "references": [
                "aws_vpc.terraform-lab-vpc.id",
                "aws_vpc.terraform-lab-vpc"
              ]
            }
          },
          "schema_version": 1
        },
        {
          "address": "aws_security_group.load-balancer",
          "mode": "managed",
          "type": "aws_security_group",
          "name": "load-balancer",
          "provider_config_key": "aws",
          "expressions": {
            "description": {
              "constant_value": "Controls access to the ALB"
            },
            "egress": {
              "constant_value": [
                {
                  "cidr_blocks": [
                    "0.0.0.0/0"
                  ],
                  "description": null,
                  "from_port": 0,
                  "ipv6_cidr_blocks": null,
                  "prefix_list_ids": null,
                  "protocol": "-1",
                  "security_groups": null,
                  "self": null,
                  "to_port": 0
                }
              ]
            },
            "ingress": {
              "constant_value": [
                {
                  "cidr_blocks": [
                    "0.0.0.0/0"
                  ],
                  "description": null,
                  "from_port": 80,
                  "ipv6_cidr_blocks": null,
                  "prefix_list_ids": null,
                  "protocol": "tcp",
                  "security_groups": null,
                  "self": null,
                  "to_port": 80
                }
              ]
            },
            "name": {
              "constant_value": "load_balancer_security_group"
            },
            "vpc_id": {
              "references": [
                "aws_vpc.terraform-lab-vpc.id",
                "aws_vpc.terraform-lab-vpc"
              ]
            }
          },
          "schema_version": 1
        },
        {
          "address": "aws_subnet.private-subnet-1",
          "mode": "managed",
          "type": "aws_subnet",
          "name": "private-subnet-1",
          "provider_config_key": "aws",
          "expressions": {
            "availability_zone": {
              "references": [
                "var.availability_zones[0]",
                "var.availability_zones"
              ]
            },
            "cidr_block": {
              "references": [
                "var.private_subnet_1_cidr"
              ]
            },
            "tags": {
              "constant_value": {
                "Name": "private-terraform-lab-subnet-1"
              }
            },
            "vpc_id": {
              "references": [
                "aws_vpc.terraform-lab-vpc.id",
                "aws_vpc.terraform-lab-vpc"
              ]
            }
          },
          "schema_version": 1
        },
        {
          "address": "aws_subnet.private-subnet-2",
          "mode": "managed",
          "type": "aws_subnet",
          "name": "private-subnet-2",
          "provider_config_key": "aws",
          "expressions": {
            "availability_zone": {
              "references": [
                "var.availability_zones[1]",
                "var.availability_zones"
              ]
            },
            "cidr_block": {
              "references": [
                "var.private_subnet_2_cidr"
              ]
            },
            "tags": {
              "constant_value": {
                "Name": "private-terraform-lab-subnet-2"
              }
            },
            "vpc_id": {
              "references": [
                "aws_vpc.terraform-lab-vpc.id",
                "aws_vpc.terraform-lab-vpc"
              ]
            }
          },
          "schema_version": 1
        },
        {
          "address": "aws_subnet.public-subnet-1",
          "mode": "managed",
          "type": "aws_subnet",
          "name": "public-subnet-1",
          "provider_config_key": "aws",
          "expressions": {
            "availability_zone": {
              "references": [
                "var.availability_zones[0]",
                "var.availability_zones"
              ]
            },
            "cidr_block": {
              "references": [
                "var.public_subnet_1_cidr"
              ]
            },
            "tags": {
              "constant_value": {
                "Name": "public-terraform-lab-subnet-1"
              }
            },
            "vpc_id": {
              "references": [
                "aws_vpc.terraform-lab-vpc.id",
                "aws_vpc.terraform-lab-vpc"
              ]
            }
          },
          "schema_version": 1
        },
        {
          "address": "aws_subnet.public-subnet-2",
          "mode": "managed",
          "type": "aws_subnet",
          "name": "public-subnet-2",
          "provider_config_key": "aws",
          "expressions": {
            "availability_zone": {
              "references": [
                "var.availability_zones[1]",
                "var.availability_zones"
              ]
            },
            "cidr_block": {
              "references": [
                "var.public_subnet_2_cidr"
              ]
            },
            "tags": {
              "constant_value": {
                "Name": "public-terraform-lab-subnet-2"
              }
            },
            "vpc_id": {
              "references": [
                "aws_vpc.terraform-lab-vpc.id",
                "aws_vpc.terraform-lab-vpc"
              ]
            }
          },
          "schema_version": 1
        },
        {
          "address": "aws_vpc.terraform-lab-vpc",
          "mode": "managed",
          "type": "aws_vpc",
          "name": "terraform-lab-vpc",
          "provider_config_key": "aws",
          "expressions": {
            "cidr_block": {
              "references": [
                "var.vpc_cidr"
              ]
            },
            "enable_dns_hostnames": {
              "constant_value": true
            },
            "enable_dns_support": {
              "constant_value": true
            },
            "tags": {
              "constant_value": {
                "Name": "terraform-lab-vpc"
              }
            }
          },
          "schema_version": 1
        },
        {
          "address": "data.aws_iam_policy_document.ec2",
          "mode": "data",
          "type": "aws_iam_policy_document",
          "name": "ec2",
          "provider_config_key": "aws",
          "expressions": {
            "statement": [
              {
                "actions": {
                  "constant_value": [
                    "sts:AssumeRole"
                  ]
                },
                "principals": [
                  {
                    "identifiers": {
                      "constant_value": [
                        "ec2.amazonaws.com"
                      ]
                    },
                    "type": {
                      "constant_value": "Service"
                    }
                  }
                ]
              }
            ]
          },
          "schema_version": 0
        }
      ],
      "variables": {
        "account": {
          "default": "633800640196",
          "description": "The AWS Account Number (10 digit) to create resources in."
        },
        "amis": {
          "default": {
            "us-east-1": "ami-05fa00d4c63e32376",
            "us-east-2": "ami-0568773882d492fc8"
          },
          "description": "Which AMI to spawn."
        },
        "autoscale_desired": {
          "default": "2",
          "description": "Desired autoscale (number of EC2)"
        },
        "autoscale_max": {
          "default": "2",
          "description": "Maximum autoscale (number of EC2)"
        },
        "autoscale_min": {
          "default": "2",
          "description": "Minimum autoscale (number of EC2)"
        },
        "availability_zones": {
          "default": [
            "us-east-2a",
            "us-east-2b",
            "us-east-2c"
          ],
          "description": "Availability zones"
        },
        "aws_key": {},
        "aws_secret": {},
        "ec2_instance_name": {
          "default": "terraform-lab",
          "description": "Name of the EC2 instance"
        },
        "health_check_path": {
          "default": "/",
          "description": "Health check path for the default target group"
        },
        "instance_type": {
          "default": "t2.micro"
        },
        "private_subnet_1_cidr": {
          "default": "10.0.3.0/24",
          "description": "CIDR Block for Private Subnet 1"
        },
        "private_subnet_2_cidr": {
          "default": "10.0.4.0/24",
          "description": "CIDR Block for Public Subnet 2"
        },
        "public_subnet_1_cidr": {
          "default": "10.0.1.0/24",
          "description": "CIDR Block for Public Subnet 1"
        },
        "public_subnet_2_cidr": {
          "default": "10.0.2.0/24",
          "description": "CIDR Block for Public Subnet 2"
        },
        "region": {
          "default": "us-east-2",
          "description": "The AWS region to create resources in."
        },
        "ssh_pubkey_file": {
          "default": "~/.ssh/aws/aws_key.pub",
          "description": "Path to an SSH public key"
        },
        "vpc_cidr": {
          "default": "10.0.0.0/16",
          "description": "CIDR Block for VPC"
        }
      }
    }
  },
  "relevant_attributes": [
    {
      "resource": "aws_key_pair.terraform-lab",
      "attribute": [
        "key_name"
      ]
    },
    {
      "resource": "aws_iam_instance_profile.session-manager",
      "attribute": [
        "id"
      ]
    },
    {
      "resource": "aws_security_group.ec2",
      "attribute": [
        "id"
      ]
    },
    {
      "resource": "aws_subnet.public-subnet-1",
      "attribute": [
        "id"
      ]
    }
  ],
  "timestamp": "2024-08-30T17:54:58Z"
}
